lockfileVersion: '9.0'

settings:
  autoInstallPeers: true
  excludeLinksFromLockfile: false

importers:

  .:
    dependencies:
      '@types/node':
        specifier: ^20.12.12
        version: 20.17.12

packages:

  '@types/node@20.17.12':
    resolution: {integrity: sha512-vo/wmBgMIiEA23A/knMfn/cf37VnuF52nZh5ZoW0GWt4e4sxNquibrMRJ7UQsA06+MBx9r/H1jsI9grYjQCQlw==}

  undici-types@6.19.8:
    resolution: {integrity: sha512-ve2KP6f/JnbPBFyobGHuerC9g1FYGn/F8n1LWTwNxCEzd6IfqTwUQcNXgEtmmQ6DlRrC1hrSrBnCZPokRrDHjw==}

snapshots:

  '@types/node@20.17.12':
    dependencies:
      undici-types: 6.19.8

  undici-types@6.19.8: {}
