lockfileVersion: '9.0'

settings:
  autoInstallPeers: true
  excludeLinksFromLockfile: false

importers:

  .:
    dependencies:
      '@tanstack/react-query':
        specifier: 5.39.0
        version: 5.39.0(react@19.0.0-rc-f994737d14-20240522)
      react:
        specifier: '>=19.0.0-rc'
        version: 19.0.0-rc-f994737d14-20240522
      react-dom:
        specifier: '>=19.0.0-rc'
        version: 19.0.0-rc-f994737d14-20240522(react@19.0.0-rc-f994737d14-20240522)

packages:

  '@tanstack/query-core@5.38.0':
    resolution: {integrity: sha512-QtkoxvFcu52mNpp3+qOo9H265m3rt83Dgbw5WnNyJvr83cegrQ7zT8haHhL4Rul6ZQkeovxyWbXVW9zI0WYx6g==}

  '@tanstack/react-query@5.39.0':
    resolution: {integrity: sha512-zc0WnyEffyTgG+myLv8cY2tJOUT6jOprCiprpbMqylCaCFipSDUPCYCt2AC+qxgk2CFuqiI/fjb1u5/HhLkrPg==}
    peerDependencies:
      react: ^18.0.0

  react-dom@19.0.0-rc-f994737d14-20240522:
    resolution: {integrity: sha512-J4CsfTSptPKkhaPbaR6n/KohQiHZTrRZ8GL4H8rbAqN/Qpy69g2MIoLBr5/PUX21ye6JxC1ZRWJFna7Xdg1pdA==}
    peerDependencies:
      react: 19.0.0-rc-f994737d14-20240522

  react@19.0.0-rc-f994737d14-20240522:
    resolution: {integrity: sha512-SeU2v5Xy6FotVhKz0pMS2gvYP7HlkF0qgTskj3JzA1vlxcb3dQjxlm9t0ZlJqcgoyI3VFAw7bomuDMdgy1nBuw==}
    engines: {node: '>=0.10.0'}

  scheduler@0.25.0-rc-f994737d14-20240522:
    resolution: {integrity: sha512-qS+xGFF7AljP2APO2iJe8zESNsK20k25MACz+WGOXPybUsRdi1ssvaoF93im2nSX2q/XT3wKkjdz6RQfbmaxdw==}

snapshots:

  '@tanstack/query-core@5.38.0': {}

  '@tanstack/react-query@5.39.0(react@19.0.0-rc-f994737d14-20240522)':
    dependencies:
      '@tanstack/query-core': 5.38.0
      react: 19.0.0-rc-f994737d14-20240522

  react-dom@19.0.0-rc-f994737d14-20240522(react@19.0.0-rc-f994737d14-20240522):
    dependencies:
      react: 19.0.0-rc-f994737d14-20240522
      scheduler: 0.25.0-rc-f994737d14-20240522

  react@19.0.0-rc-f994737d14-20240522: {}

  scheduler@0.25.0-rc-f994737d14-20240522: {}
