lockfileVersion: '9.0'

settings:
  autoInstallPeers: true
  excludeLinksFromLockfile: false

importers:

  .:
    dependencies:
      '@sanity/vision':
        specifier: 3.68.3
        version: 3.68.3(@babel/runtime@7.26.0)(@codemirror/lint@6.8.4)(@codemirror/theme-one-dark@6.1.2)(@emotion/is-prop-valid@1.2.2)(codemirror@6.0.1)(react-dom@19.0.0(react@19.0.0))(react-is@19.0.0)(react@19.0.0)(styled-components@6.1.14(react-dom@19.0.0(react@19.0.0))(react@19.0.0))
      '@types/react':
        specifier: ^19.0.0
        version: 19.0.8
      '@types/react-dom':
        specifier: ^19.0.0
        version: 19.0.3(@types/react@19.0.8)
      '@types/react-is':
        specifier: ^19.0.0
        version: 19.0.0
      react:
        specifier: ^19.0.0
        version: 19.0.0
      react-dom:
        specifier: ^19.0.0
        version: 19.0.0(react@19.0.0)
      react-is:
        specifier: ^19.0.0
        version: 19.0.0

packages:

  '@babel/runtime@7.26.0':
    resolution: {integrity: sha512-FDSOghenHTiToteC/QRlv2q3DhPZ/oOXTBoirfWNx1Cx3TMVcGWQtMMmQcSvb/JjpNeGzx8Pq/b4fKEJuWm1sw==}
    engines: {node: '>=6.9.0'}

  '@codemirror/autocomplete@6.18.4':
    resolution: {integrity: sha512-sFAphGQIqyQZfP2ZBsSHV7xQvo9Py0rV0dW7W3IMRdS+zDuNb2l3no78CvUaWKGfzFjI4FTrLdUSj86IGb2hRA==}

  '@codemirror/commands@6.8.0':
    resolution: {integrity: sha512-q8VPEFaEP4ikSlt6ZxjB3zW72+7osfAYW9i8Zu943uqbKuz6utc1+F170hyLUCUltXORjQXRyYQNfkckzA/bPQ==}

  '@codemirror/lang-javascript@6.2.2':
    resolution: {integrity: sha512-VGQfY+FCc285AhWuwjYxQyUQcYurWlxdKYT4bqwr3Twnd5wP5WSeu52t4tvvuWmljT4EmgEgZCqSieokhtY8hg==}

  '@codemirror/language@6.10.8':
    resolution: {integrity: sha512-wcP8XPPhDH2vTqf181U8MbZnW+tDyPYy0UzVOa+oHORjyT+mhhom9vBd7dApJwoDz9Nb/a8kHjJIsuA/t8vNFw==}

  '@codemirror/lint@6.8.4':
    resolution: {integrity: sha512-u4q7PnZlJUojeRe8FJa/njJcMctISGgPQ4PnWsd9268R4ZTtU+tfFYmwkBvgcrK2+QQ8tYFVALVb5fVJykKc5A==}

  '@codemirror/search@6.5.8':
    resolution: {integrity: sha512-PoWtZvo7c1XFeZWmmyaOp2G0XVbOnm+fJzvghqGAktBW3cufwJUWvSCcNG0ppXiBEM05mZu6RhMtXPv2hpllig==}

  '@codemirror/state@6.5.1':
    resolution: {integrity: sha512-3rA9lcwciEB47ZevqvD8qgbzhM9qMb8vCcQCNmDfVRPQG4JT9mSb0Jg8H7YjKGGQcFnLN323fj9jdnG59Kx6bg==}

  '@codemirror/theme-one-dark@6.1.2':
    resolution: {integrity: sha512-F+sH0X16j/qFLMAfbciKTxVOwkdAS336b7AXTKOZhy8BR3eH/RelsnLgLFINrpST63mmN2OuwUt0W2ndUgYwUA==}

  '@codemirror/view@6.36.2':
    resolution: {integrity: sha512-DZ6ONbs8qdJK0fdN7AB82CgI6tYXf4HWk1wSVa0+9bhVznCuuvhQtX8bFBoy3dv8rZSQqUd8GvhVAcielcidrA==}

  '@emotion/is-prop-valid@1.2.2':
    resolution: {integrity: sha512-uNsoYd37AFmaCdXlg6EYD1KaPOaRWRByMCYzbKUX4+hhMfrxdVSelShywL4JVaAeM/eHUOSprYBQls+/neX3pw==}

  '@emotion/memoize@0.8.1':
    resolution: {integrity: sha512-W2P2c/VRW1/1tLox0mVUalvnWXxavmv/Oum2aPsRcoDJuob75FC3Y8FbpfLwUegRcxINtGUMPq0tFCvYNTBXNA==}

  '@emotion/unitless@0.8.1':
    resolution: {integrity: sha512-KOEGMu6dmJZtpadb476IsZBclKvILjopjUii3V+7MnXIQCYh8W3NgNcgwo21n9LXZX6EDIKvqfjYxXebDwxKmQ==}

  '@floating-ui/core@1.6.9':
    resolution: {integrity: sha512-uMXCuQ3BItDUbAMhIXw7UPXRfAlOAvZzdK9BWpE60MCn+Svt3aLn9jsPTi/WNGlRUu2uI0v5S7JiIUsbsvh3fw==}

  '@floating-ui/dom@1.6.13':
    resolution: {integrity: sha512-umqzocjDgNRGTuO7Q8CU32dkHkECqI8ZdMZ5Swb6QAM0t5rnlrN3lGo1hdpscRd3WS8T6DKYK4ephgIH9iRh3w==}

  '@floating-ui/react-dom@2.1.2':
    resolution: {integrity: sha512-06okr5cgPzMNBy+Ycse2A6udMi4bqwW/zgBF/rwjcNqWkyr82Mcg8b0vjX8OJpZFy/FKjJmw6wV7t44kK6kW7A==}
    peerDependencies:
      react: '>=16.8.0'
      react-dom: '>=16.8.0'

  '@floating-ui/utils@0.2.9':
    resolution: {integrity: sha512-MDWhGtE+eHw5JW7lq4qhc5yRLS11ERl1c7Z6Xd0a58DozHES6EnNNwUWbMiG4J9Cgj053Bhk8zvlhFYKVhULwg==}

  '@juggle/resize-observer@3.4.0':
    resolution: {integrity: sha512-dfLbk+PwWvFzSxwk3n5ySL0hfBog779o8h68wK/7/APo/7cgyWp5jcXockbxdk5kFRkbeXWm4Fbi9FrdN381sA==}

  '@lezer/common@1.2.3':
    resolution: {integrity: sha512-w7ojc8ejBqr2REPsWxJjrMFsA/ysDCFICn8zEOR9mrqzOu2amhITYuLD8ag6XZf0CFXDrhKqw7+tW8cX66NaDA==}

  '@lezer/highlight@1.2.1':
    resolution: {integrity: sha512-Z5duk4RN/3zuVO7Jq0pGLJ3qynpxUVsh7IbUbGj88+uV2ApSAn6kWg2au3iJb+0Zi7kKtqffIESgNcRXWZWmSA==}

  '@lezer/javascript@1.4.21':
    resolution: {integrity: sha512-lL+1fcuxWYPURMM/oFZLEDm0XuLN128QPV+VuGtKpeaOGdcl9F2LYC3nh1S9LkPqx9M0mndZFdXCipNAZpzIkQ==}

  '@lezer/lr@1.4.2':
    resolution: {integrity: sha512-pu0K1jCIdnQ12aWNaAVU5bzi7Bd1w54J3ECgANPmYLtQKP0HBj2cE/5coBD66MT10xbtIuUr7tg0Shbsvk0mDA==}

  '@marijn/find-cluster-break@1.0.2':
    resolution: {integrity: sha512-l0h88YhZFyKdXIFNfSWpyjStDjGHwZ/U7iobcK1cQQD8sejsONdQtTVU+1wVN1PBw40PiiHB1vA5S7VTfQiP9g==}

  '@rexxars/react-json-inspector@9.0.1':
    resolution: {integrity: sha512-4uZ4RnrVoOGOShIKKcPoF+qhwDCZJsPPqyoEoW/8HRdzNknN9Q2yhlbEgTX1lMZunF1fv7iHzAs+n1vgIgfg/g==}
    peerDependencies:
      react: ^18 || ^19

  '@rexxars/react-split-pane@1.0.0':
    resolution: {integrity: sha512-Ewl8ugA2VQd+idzcg65WFbYh/oCLPOFjeDKpebexPgFDDX8ZwsHZWy5jNwiIWI8txDidVmRP98lsnmBHlIywWA==}
    peerDependencies:
      react: ^18 || ^19
      react-dom: ^18 || ^19

  '@sanity/color@3.0.6':
    resolution: {integrity: sha512-2TjYEvOftD0v7ukx3Csdh9QIu44P2z7NDJtlC3qITJRYV36J7R6Vfd3trVhFnN77/7CZrGjqngrtohv8VqO5nw==}
    engines: {node: '>=18.0.0'}

  '@sanity/icons@3.5.7':
    resolution: {integrity: sha512-Gdqh1Cst/GL2RF23Ztx14hFEOBltK7PYMDHTi83TQ4Vq2/W0rhhMTVlaAopb4MgnUBwzISHRLD85SuvDMi9SuA==}
    engines: {node: '>=14.0.0'}
    peerDependencies:
      react: ^18.3 || ^19.0.0-0

  '@sanity/ui@2.11.1':
    resolution: {integrity: sha512-aO9+dIlwua6QuQfE5O8WF5gb4BUUyunzK2jmT1g/EVovxhkdBOHbmx2bNfw/xNOcSoL0X7ETnKUW4qdR+Hn2TQ==}
    engines: {node: '>=14.0.0'}
    peerDependencies:
      react: ^18 || >=19.0.0-0
      react-dom: ^18 || >=19.0.0-0
      react-is: ^18 || >=19.0.0-0
      styled-components: ^5.2 || ^6

  '@sanity/vision@3.68.3':
    resolution: {integrity: sha512-qBn5w0ALAU5MbKbYigJmU6pJ6UC2GnVlc96E1GkDEsRrFmS0AXdDo4QjA+gE+GlnunqbX7DbcpumoVFpJvCFpQ==}
    peerDependencies:
      react: ^18 || ^19.0.0
      styled-components: ^6.1

  '@types/hast@2.3.10':
    resolution: {integrity: sha512-McWspRw8xx8J9HurkVBfYj0xKoE25tOFlHGdx4MJ5xORQrMGZNqJhVQWaIbm6Oyla5kYOXtDiopzKRJzEOkwJw==}

  '@types/react-dom@19.0.3':
    resolution: {integrity: sha512-0Knk+HJiMP/qOZgMyNFamlIjw9OFCsyC2ZbigmEEyXXixgre6IQpm/4V+r3qH4GC1JPvRJKInw+on2rV6YZLeA==}
    peerDependencies:
      '@types/react': ^19.0.0

  '@types/react-is@19.0.0':
    resolution: {integrity: sha512-71dSZeeJ0t3aoPyY9x6i+JNSvg5m9EF2i2OlSZI5QoJuI8Ocgor610i+4A10TQmURR+0vLwcVCEYFpXdzM1Biw==}

  '@types/react@19.0.8':
    resolution: {integrity: sha512-9P/o1IGdfmQxrujGbIMDyYaaCykhLKc0NGCtYcECNUr9UAaDe4gwvV9bR6tvd5Br1SG0j+PBpbKr2UYY8CwqSw==}

  '@types/stylis@4.2.5':
    resolution: {integrity: sha512-1Xve+NMN7FWjY14vLoY5tL3BVEQ/n42YLwaqJIPYhotZ9uBHt87VceMwWQpzmdEt2TNXIorIFG+YeCUUW7RInw==}

  '@types/unist@2.0.11':
    resolution: {integrity: sha512-CmBKiL6NNo/OqgmMn95Fk9Whlp2mtvIv+KNpQKN2F4SjvrEesubTRWGYSg+BnWZOnlCaSTU1sMpsBOzgbYhnsA==}

  '@uiw/codemirror-extensions-basic-setup@4.23.7':
    resolution: {integrity: sha512-9/2EUa1Lck4kFKkR2BkxlZPpgD/EWuKHnOlysf1yHKZGraaZmZEaUw+utDK4QcuJc8Iz097vsLz4f4th5EU27g==}
    peerDependencies:
      '@codemirror/autocomplete': '>=6.0.0'
      '@codemirror/commands': '>=6.0.0'
      '@codemirror/language': '>=6.0.0'
      '@codemirror/lint': '>=6.0.0'
      '@codemirror/search': '>=6.0.0'
      '@codemirror/state': '>=6.0.0'
      '@codemirror/view': '>=6.0.0'

  '@uiw/react-codemirror@4.23.7':
    resolution: {integrity: sha512-Nh/0P6W+kWta+ARp9YpnKPD9ick5teEnwmtNoPQnyd6NPv0EQP3Ui4YmRVNj1nkUEo+QjrAUaEfcejJ2up/HZA==}
    peerDependencies:
      '@babel/runtime': '>=7.11.0'
      '@codemirror/state': '>=6.0.0'
      '@codemirror/theme-one-dark': '>=6.0.0'
      '@codemirror/view': '>=6.0.0'
      codemirror: '>=6.0.0'
      react: '>=16.8.0'
      react-dom: '>=16.8.0'

  camelize@1.0.1:
    resolution: {integrity: sha512-dU+Tx2fsypxTgtLoE36npi3UqcjSSMNYfkqgmoEhtZrraP5VWq0K7FkWVTYa8eMPtnU/G2txVsfdCJTn9uzpuQ==}

  character-entities-legacy@1.1.4:
    resolution: {integrity: sha512-3Xnr+7ZFS1uxeiUDvV02wQ+QDbc55o97tIV5zHScSPJpcLm/r0DFPcoY3tYRp+VZukxuMeKgXYmsXQHO05zQeA==}

  character-entities@1.2.4:
    resolution: {integrity: sha512-iBMyeEHxfVnIakwOuDXpVkc54HijNgCyQB2w0VfGQThle6NXn50zU6V/u+LDhxHcDUPojn6Kpga3PTAD8W1bQw==}

  character-reference-invalid@1.1.4:
    resolution: {integrity: sha512-mKKUkUbhPpQlCOfIuZkvSEgktjPFIsZKRRbC6KWVEMvlzblj3i3asQv5ODsrwt0N3pHAEvjP8KTQPHkp0+6jOg==}

  codemirror@6.0.1:
    resolution: {integrity: sha512-J8j+nZ+CdWmIeFIGXEFbFPtpiYacFMDR8GlHK3IyHQJMCaVRfGx9NT+Hxivv1ckLWPvNdZqndbr/7lVhrf/Svg==}

  comma-separated-tokens@1.0.8:
    resolution: {integrity: sha512-GHuDRO12Sypu2cV70d1dkA2EUmXHgntrzbpvOB+Qy+49ypNfGgFQIC2fhhXbnyrJRynDCAARsT7Ou0M6hirpfw==}

  crelt@1.0.6:
    resolution: {integrity: sha512-VQ2MBenTq1fWZUH9DJNGti7kKv6EeAuYr3cLwxUWhIu1baTaXh4Ib5W2CqHVqib4/MqbYGJqiL3Zb8GJZr3l4g==}

  css-color-keywords@1.0.0:
    resolution: {integrity: sha512-FyyrDHZKEjXDpNJYvVsV960FiqQyXc/LlYmsxl2BcdMb2WPx0OGRVgTg55rPSyLSNMqP52R9r8geSp7apN3Ofg==}
    engines: {node: '>=4'}

  css-to-react-native@3.2.0:
    resolution: {integrity: sha512-e8RKaLXMOFii+02mOlqwjbD00KSEKqblnpO9e++1aXS1fPQOpS1YoqdVHBqPjHNoxeF2mimzVqawm2KCbEdtHQ==}

  csstype@3.1.3:
    resolution: {integrity: sha512-M1uQkMl8rQK/szD0LNhtqxIPLpimGm8sOBwU7lLnCpSbTyY3yeU1Vc7l4KT5zT4s/yOxHH5O7tIuuLOCnLADRw==}

  debounce@1.2.1:
    resolution: {integrity: sha512-XRRe6Glud4rd/ZGQfiV1ruXSfbvfJedlV9Y6zOlP+2K04vBYiJEte6stfFkCP03aMnY5tsipamumUjL14fofug==}

  deeks@3.1.0:
    resolution: {integrity: sha512-e7oWH1LzIdv/prMQ7pmlDlaVoL64glqzvNgkgQNgyec9ORPHrT2jaOqMtRyqJuwWjtfb6v+2rk9pmaHj+F137A==}
    engines: {node: '>= 16'}

  doc-path@4.1.1:
    resolution: {integrity: sha512-h1ErTglQAVv2gCnOpD3sFS6uolDbOKHDU1BZq+Kl3npPqroU3dYL42lUgMfd5UimlwtRgp7C9dLGwqQ5D2HYgQ==}
    engines: {node: '>=16'}

  framer-motion@11.16.0:
    resolution: {integrity: sha512-oL2AWqLQuw0+CNEUa0sz3mWC/n3i147CckvpQn8bLRs30b+HxTxlRi0YR2FpHHhAbWV7DKjNdHU42KHLfBWh/g==}
    peerDependencies:
      '@emotion/is-prop-valid': '*'
      react: ^18.0.0 || ^19.0.0
      react-dom: ^18.0.0 || ^19.0.0
    peerDependenciesMeta:
      '@emotion/is-prop-valid':
        optional: true
      react:
        optional: true
      react-dom:
        optional: true

  hast-util-parse-selector@2.2.5:
    resolution: {integrity: sha512-7j6mrk/qqkSehsM92wQjdIgWM2/BW61u/53G6xmC8i1OmEdKLHbk419QKQUjz6LglWsfqoiHmyMRkP1BGjecNQ==}

  hastscript@6.0.0:
    resolution: {integrity: sha512-nDM6bvd7lIqDUiYEiu5Sl/+6ReP0BMk/2f4U/Rooccxkj0P5nm+acM5PrGJ/t5I8qPGiqZSE6hVAwZEdZIvP4w==}

  is-alphabetical@1.0.4:
    resolution: {integrity: sha512-DwzsA04LQ10FHTZuL0/grVDk4rFoVH1pjAToYwBrHSxcrBIGQuXrQMtD5U1b0U2XVgKZCTLLP8u2Qxqhy3l2Vg==}

  is-alphanumerical@1.0.4:
    resolution: {integrity: sha512-UzoZUr+XfVz3t3v4KyGEniVL9BDRoQtY7tOyrRybkVNjDFWyo1yhXNGrrBTQxp3ib9BLAWs7k2YKBQsFRkZG9A==}

  is-decimal@1.0.4:
    resolution: {integrity: sha512-RGdriMmQQvZ2aqaQq3awNA6dCGtKpiDFcOzrTWrDAT2MiWrKQVPmxLGHl7Y2nNu6led0kEyoX0enY0qXYsv9zw==}

  is-hexadecimal@1.0.4:
    resolution: {integrity: sha512-gyPJuv83bHMpocVYoqof5VDiZveEoGoFL8m3BXNb2VW8Xs+rz9kqO8LOQ5DH6EsuvilT1ApazU0pyl+ytbPtlw==}

  is-hotkey-esm@1.0.0:
    resolution: {integrity: sha512-eTXNmLCPXpKEZUERK6rmFsqmL66+5iNB998JMO+/61fSxBZFuUR1qHyFyx7ocBl5Vs8qjFzRAJLACpYfhS5g5w==}

  json-2-csv@5.5.7:
    resolution: {integrity: sha512-aZ0EOadeNnO4ifF60oXXTH8P177WeHhFLbRLqILW1Kk1gNHlgAOuvddMwEIaxbLpCzx+vXo49whK6AILdg8qLg==}
    engines: {node: '>= 16'}

  json5@2.2.3:
    resolution: {integrity: sha512-XmOWe7eyHYH14cLdVPoyg+GOH3rYX++KpzrylJwSW98t3Nk+U8XOl8FWKOgwtzdb8lXGf6zYwDUzeHMWfxasyg==}
    engines: {node: '>=6'}
    hasBin: true

  lodash@4.17.21:
    resolution: {integrity: sha512-v2kDEe57lecTulaDIuNTPy3Ry4gLGJ6Z1O3vE1krgXZNrsQ+LFTGHVxVjcXPs17LhbZVGedAJv8XZ1tvj5FvSg==}

  md5-o-matic@0.1.1:
    resolution: {integrity: sha512-QBJSFpsedXUl/Lgs4ySdB2XCzUEcJ3ujpbagdZCkRaYIaC0kFnID8jhc84KEiVv6dNFtIrmW7bqow0lDxgJi6A==}

  motion-dom@11.16.0:
    resolution: {integrity: sha512-4bmEwajSdrljzDAYpu6ceEdtI4J5PH25fmN8YSx7Qxk6OMrC10CXM0D5y+VO/pFZjhmCvm2bGf7Rus482kwhzA==}

  motion-utils@11.16.0:
    resolution: {integrity: sha512-ngdWPjg31rD4WGXFi0eZ00DQQqKKu04QExyv/ymlC+3k+WIgYVFbt6gS5JsFPbJODTF/r8XiE/X+SsoT9c0ocw==}

  nanoid@3.3.8:
    resolution: {integrity: sha512-WNLf5Sd8oZxOm+TzppcYk8gVOgP+l58xNy58D0nbUnOxOWRWvlcCV4kUF7ltmI6PsrLl/BgKEyS4mqsGChFN0w==}
    engines: {node: ^10 || ^12 || ^13.7 || ^14 || >=15.0.1}
    hasBin: true

  parse-entities@2.0.0:
    resolution: {integrity: sha512-kkywGpCcRYhqQIchaWqZ875wzpS/bMKhz5HnN3p7wveJTkTtyAB/AlnS0f8DFSqYW1T82t6yEAkEcB+A1I3MbQ==}

  picocolors@1.1.1:
    resolution: {integrity: sha512-xceH2snhtb5M9liqDsmEw56le376mTZkEX/jEb/RxNFyegNul7eNslCXP9FDj/Lcu0X8KEyMceP2ntpaHrDEVA==}

  postcss-value-parser@4.2.0:
    resolution: {integrity: sha512-1NNCs6uurfkVbeXG4S8JFT9t19m45ICnif8zWLd5oPSZ50QnwMfK+H3jv408d4jw/7Bttv5axS5IiHoLaVNHeQ==}

  postcss@8.4.38:
    resolution: {integrity: sha512-Wglpdk03BSfXkHoQa3b/oulrotAkwrlLDRSOb9D0bN86FdRyE9lppSp33aHNPgBa0JKCoB+drFLZkQoRRYae5A==}
    engines: {node: ^10 || ^12 || >=14}

  prismjs@1.27.0:
    resolution: {integrity: sha512-t13BGPUlFDR7wRB5kQDG4jjl7XeuH6jbJGt11JHPL96qwsEHNX2+68tFXqc1/k+/jALsbSWJKUOT/hcYAZ5LkA==}
    engines: {node: '>=6'}

  property-information@5.6.0:
    resolution: {integrity: sha512-YUHSPk+A30YPv+0Qf8i9Mbfe/C0hdPXk1s1jPVToV8pk8BQtpw10ct89Eo7OWkutrwqvT0eicAxlOg3dOAu8JA==}

  quick-lru@5.1.1:
    resolution: {integrity: sha512-WuyALRjWPDGtt/wzJiadO5AXY+8hZ80hVpe6MyivgraREW751X3SbhRvG3eLKOYN+8VEvqLcf3wdnt44Z4S4SA==}
    engines: {node: '>=10'}

  react-compiler-runtime@19.0.0-beta-201e55d-20241215:
    resolution: {integrity: sha512-jBEo/UqVgiz6veJjhQMoNaGQLKUQwzMQpiYrA4XsGVOC2sElDF0oMjic5107LitP988yHrqDDZwZirS4OAEqyA==}
    peerDependencies:
      react: ^17.0.0 || ^18.0.0 || ^19.0.0

  react-compiler-runtime@19.0.0-beta-55955c9-20241229:
    resolution: {integrity: sha512-I8niUyydqnPVMjqsOEfFwiRlWbndSjgwGhbm5GZuKev3b0HAcUAqAoHNIpp0XSHInlwfn4Zvtbva5TLupEOw+Q==}
    peerDependencies:
      react: ^17.0.0 || ^18.0.0 || ^19.0.0 || ^0.0.0-experimental

  react-dom@19.0.0:
    resolution: {integrity: sha512-4GV5sHFG0e/0AD4X+ySy6UJd3jVl1iNsNHdpad0qhABJ11twS3TTBnseqsKurKcsNqCEFeGL3uLpVChpIO3QfQ==}
    peerDependencies:
      react: ^19.0.0

  react-is@19.0.0:
    resolution: {integrity: sha512-H91OHcwjZsbq3ClIDHMzBShc1rotbfACdWENsmEf0IFvZ3FgGPtdHMcsv45bQ1hAbgdfiA8SnxTKfDS+x/8m2g==}

  react-refractor@2.2.0:
    resolution: {integrity: sha512-UvWkBVqH/2b9nkkkt4UNFtU3aY1orQfd4plPjx5rxbefy6vGajNHU9n+tv8CbykFyVirr3vEBfN2JTxyK0d36g==}
    peerDependencies:
      react: '>=15.0.0'

  react@19.0.0:
    resolution: {integrity: sha512-V8AVnmPIICiWpGfm6GLzCR/W5FXLchHop40W4nXBmdlEceh16rCN8O8LNWm5bh5XUX91fh7KpA+W0TgMKmgTpQ==}
    engines: {node: '>=0.10.0'}

  refractor@3.6.0:
    resolution: {integrity: sha512-MY9W41IOWxxk31o+YvFCNyNzdkc9M20NoZK5vq6jkv4I/uh2zkWcfudj0Q1fovjUQJrNewS9NMzeTtqPf+n5EA==}

  regenerator-runtime@0.14.1:
    resolution: {integrity: sha512-dYnhHh0nJoMfnkZs6GmmhFknAGRrLznOu5nc9ML+EJxGvrx6H7teuevqVqCuPcPK//3eDrrjQhehXVx9cnkGdw==}

  scheduler@0.25.0:
    resolution: {integrity: sha512-xFVuu11jh+xcO7JOAGJNOXld8/TcEHK/4CituBUeUb5hqxJLj9YuemAEuvm9gQ/+pgXYfbQuqAkiYu+u7YEsNA==}

  shallowequal@1.1.0:
    resolution: {integrity: sha512-y0m1JoUZSlPAjXVtPPW70aZWfIL/dSP7AFkRnniLCrK/8MDKog3TySTBmckD+RObVxH0v4Tox67+F14PdED2oQ==}

  source-map-js@1.2.1:
    resolution: {integrity: sha512-UXWMKhLOwVKb728IUtQPXxfYU+usdybtUrK/8uGE8CQMvrhOpwvzDBwj0QhSL7MQc7vIsISBG8VQ8+IDQxpfQA==}
    engines: {node: '>=0.10.0'}

  space-separated-tokens@1.1.5:
    resolution: {integrity: sha512-q/JSVd1Lptzhf5bkYm4ob4iWPjx0KiRe3sRFBNrVqbJkFaBm5vbbowy1mymoPNLRa52+oadOhJ+K49wsSeSjTA==}

  style-mod@4.1.2:
    resolution: {integrity: sha512-wnD1HyVqpJUI2+eKZ+eo1UwghftP6yuFheBqqe+bWCotBjC2K1YnteJILRMs3SM4V/0dLEW1SC27MWP5y+mwmw==}

  styled-components@6.1.14:
    resolution: {integrity: sha512-KtfwhU5jw7UoxdM0g6XU9VZQFV4do+KrM8idiVCH5h4v49W+3p3yMe0icYwJgZQZepa5DbH04Qv8P0/RdcLcgg==}
    engines: {node: '>= 16'}
    peerDependencies:
      react: '>= 16.8.0'
      react-dom: '>= 16.8.0'

  stylis@4.3.2:
    resolution: {integrity: sha512-bhtUjWd/z6ltJiQwg0dUfxEJ+W+jdqQd8TbWLWyeIJHlnsqmGLRFFd8e5mA0AZi/zx90smXRlN66YMTcaSFifg==}

  tslib@2.6.2:
    resolution: {integrity: sha512-AEYxH93jGFPn/a2iVAwW87VuUIkR1FVUKB77NwMF7nBTDkDrrT/Hpt/IrCJ0QXhW27jTBDcf5ZY7w6RiqTMw2Q==}

  tslib@2.8.1:
    resolution: {integrity: sha512-oJFu94HQb+KVduSUQL7wnpmqnfmLsOA/nAh6b6EH0wCEoK0/mPeXU6c3wKDV83MkOuHPRHtSXKKU99IBazS/2w==}

  unist-util-filter@2.0.3:
    resolution: {integrity: sha512-8k6Jl/KLFqIRTHydJlHh6+uFgqYHq66pV75pZgr1JwfyFSjbWb12yfb0yitW/0TbHXjr9U4G9BQpOvMANB+ExA==}

  unist-util-is@4.1.0:
    resolution: {integrity: sha512-ZOQSsnce92GrxSqlnEEseX0gi7GH9zTJZ0p9dtu87WRb/37mMPO2Ilx1s/t9vBHrFhbgweUwb+t7cIn5dxPhZg==}

  unist-util-visit-parents@3.1.1:
    resolution: {integrity: sha512-1KROIZWo6bcMrZEwiH2UrXDyalAa0uqzWCxCJj6lPOvTve2WkfgCytoDTPaMnodXh1WrXOq0haVYHj99ynJlsg==}

  use-effect-event@1.0.2:
    resolution: {integrity: sha512-9c8AAmtQja4LwJXI0EQPhQCip6dmrcSe0FMcTUZBeGh/XTCOLgw3Qbt0JdUT8Rcrm/ZH+Web7MIcMdqgQKdXJg==}
    peerDependencies:
      react: ^18.3 || ^19.0.0-0

  w3c-keyname@2.2.8:
    resolution: {integrity: sha512-dpojBhNsCNN7T82Tm7k26A6G9ML3NkhDsnw9n/eoxSRlVBB4CEtIQ/KTCLI2Fwf3ataSXRhYFkQi3SlnFwPvPQ==}

  xtend@4.0.2:
    resolution: {integrity: sha512-LKYU1iAXJXUgAXn9URjiu+MWhyUXHsvfp7mcuYm9dSUKK0/CjtrUwFAxD82/mCWbtLsGjFIad0wIsod4zrTAEQ==}
    engines: {node: '>=0.4'}

snapshots:

  '@babel/runtime@7.26.0':
    dependencies:
      regenerator-runtime: 0.14.1

  '@codemirror/autocomplete@6.18.4':
    dependencies:
      '@codemirror/language': 6.10.8
      '@codemirror/state': 6.5.1
      '@codemirror/view': 6.36.2
      '@lezer/common': 1.2.3

  '@codemirror/commands@6.8.0':
    dependencies:
      '@codemirror/language': 6.10.8
      '@codemirror/state': 6.5.1
      '@codemirror/view': 6.36.2
      '@lezer/common': 1.2.3

  '@codemirror/lang-javascript@6.2.2':
    dependencies:
      '@codemirror/autocomplete': 6.18.4
      '@codemirror/language': 6.10.8
      '@codemirror/lint': 6.8.4
      '@codemirror/state': 6.5.1
      '@codemirror/view': 6.36.2
      '@lezer/common': 1.2.3
      '@lezer/javascript': 1.4.21

  '@codemirror/language@6.10.8':
    dependencies:
      '@codemirror/state': 6.5.1
      '@codemirror/view': 6.36.2
      '@lezer/common': 1.2.3
      '@lezer/highlight': 1.2.1
      '@lezer/lr': 1.4.2
      style-mod: 4.1.2

  '@codemirror/lint@6.8.4':
    dependencies:
      '@codemirror/state': 6.5.1
      '@codemirror/view': 6.36.2
      crelt: 1.0.6

  '@codemirror/search@6.5.8':
    dependencies:
      '@codemirror/state': 6.5.1
      '@codemirror/view': 6.36.2
      crelt: 1.0.6

  '@codemirror/state@6.5.1':
    dependencies:
      '@marijn/find-cluster-break': 1.0.2

  '@codemirror/theme-one-dark@6.1.2':
    dependencies:
      '@codemirror/language': 6.10.8
      '@codemirror/state': 6.5.1
      '@codemirror/view': 6.36.2
      '@lezer/highlight': 1.2.1

  '@codemirror/view@6.36.2':
    dependencies:
      '@codemirror/state': 6.5.1
      style-mod: 4.1.2
      w3c-keyname: 2.2.8

  '@emotion/is-prop-valid@1.2.2':
    dependencies:
      '@emotion/memoize': 0.8.1

  '@emotion/memoize@0.8.1': {}

  '@emotion/unitless@0.8.1': {}

  '@floating-ui/core@1.6.9':
    dependencies:
      '@floating-ui/utils': 0.2.9

  '@floating-ui/dom@1.6.13':
    dependencies:
      '@floating-ui/core': 1.6.9
      '@floating-ui/utils': 0.2.9

  '@floating-ui/react-dom@2.1.2(react-dom@19.0.0(react@19.0.0))(react@19.0.0)':
    dependencies:
      '@floating-ui/dom': 1.6.13
      react: 19.0.0
      react-dom: 19.0.0(react@19.0.0)

  '@floating-ui/utils@0.2.9': {}

  '@juggle/resize-observer@3.4.0': {}

  '@lezer/common@1.2.3': {}

  '@lezer/highlight@1.2.1':
    dependencies:
      '@lezer/common': 1.2.3

  '@lezer/javascript@1.4.21':
    dependencies:
      '@lezer/common': 1.2.3
      '@lezer/highlight': 1.2.1
      '@lezer/lr': 1.4.2

  '@lezer/lr@1.4.2':
    dependencies:
      '@lezer/common': 1.2.3

  '@marijn/find-cluster-break@1.0.2': {}

  '@rexxars/react-json-inspector@9.0.1(react@19.0.0)':
    dependencies:
      debounce: 1.2.1
      md5-o-matic: 0.1.1
      react: 19.0.0

  '@rexxars/react-split-pane@1.0.0(react-dom@19.0.0(react@19.0.0))(react@19.0.0)':
    dependencies:
      react: 19.0.0
      react-dom: 19.0.0(react@19.0.0)

  '@sanity/color@3.0.6': {}

  '@sanity/icons@3.5.7(react@19.0.0)':
    dependencies:
      react: 19.0.0

  '@sanity/ui@2.11.1(@emotion/is-prop-valid@1.2.2)(react-dom@19.0.0(react@19.0.0))(react-is@19.0.0)(react@19.0.0)(styled-components@6.1.14(react-dom@19.0.0(react@19.0.0))(react@19.0.0))':
    dependencies:
      '@floating-ui/react-dom': 2.1.2(react-dom@19.0.0(react@19.0.0))(react@19.0.0)
      '@sanity/color': 3.0.6
      '@sanity/icons': 3.5.7(react@19.0.0)
      csstype: 3.1.3
      framer-motion: 11.16.0(@emotion/is-prop-valid@1.2.2)(react-dom@19.0.0(react@19.0.0))(react@19.0.0)
      react: 19.0.0
      react-compiler-runtime: 19.0.0-beta-55955c9-20241229(react@19.0.0)
      react-dom: 19.0.0(react@19.0.0)
      react-is: 19.0.0
      react-refractor: 2.2.0(react@19.0.0)
      styled-components: 6.1.14(react-dom@19.0.0(react@19.0.0))(react@19.0.0)
      use-effect-event: 1.0.2(react@19.0.0)
    transitivePeerDependencies:
      - '@emotion/is-prop-valid'

  '@sanity/vision@3.68.3(@babel/runtime@7.26.0)(@codemirror/lint@6.8.4)(@codemirror/theme-one-dark@6.1.2)(@emotion/is-prop-valid@1.2.2)(codemirror@6.0.1)(react-dom@19.0.0(react@19.0.0))(react-is@19.0.0)(react@19.0.0)(styled-components@6.1.14(react-dom@19.0.0(react@19.0.0))(react@19.0.0))':
    dependencies:
      '@codemirror/autocomplete': 6.18.4
      '@codemirror/commands': 6.8.0
      '@codemirror/lang-javascript': 6.2.2
      '@codemirror/language': 6.10.8
      '@codemirror/search': 6.5.8
      '@codemirror/state': 6.5.1
      '@codemirror/view': 6.36.2
      '@juggle/resize-observer': 3.4.0
      '@lezer/highlight': 1.2.1
      '@rexxars/react-json-inspector': 9.0.1(react@19.0.0)
      '@rexxars/react-split-pane': 1.0.0(react-dom@19.0.0(react@19.0.0))(react@19.0.0)
      '@sanity/color': 3.0.6
      '@sanity/icons': 3.5.7(react@19.0.0)
      '@sanity/ui': 2.11.1(@emotion/is-prop-valid@1.2.2)(react-dom@19.0.0(react@19.0.0))(react-is@19.0.0)(react@19.0.0)(styled-components@6.1.14(react-dom@19.0.0(react@19.0.0))(react@19.0.0))
      '@uiw/react-codemirror': 4.23.7(@babel/runtime@7.26.0)(@codemirror/autocomplete@6.18.4)(@codemirror/language@6.10.8)(@codemirror/lint@6.8.4)(@codemirror/search@6.5.8)(@codemirror/state@6.5.1)(@codemirror/theme-one-dark@6.1.2)(@codemirror/view@6.36.2)(codemirror@6.0.1)(react-dom@19.0.0(react@19.0.0))(react@19.0.0)
      is-hotkey-esm: 1.0.0
      json-2-csv: 5.5.7
      json5: 2.2.3
      lodash: 4.17.21
      quick-lru: 5.1.1
      react: 19.0.0
      react-compiler-runtime: 19.0.0-beta-201e55d-20241215(react@19.0.0)
      styled-components: 6.1.14(react-dom@19.0.0(react@19.0.0))(react@19.0.0)
    transitivePeerDependencies:
      - '@babel/runtime'
      - '@codemirror/lint'
      - '@codemirror/theme-one-dark'
      - '@emotion/is-prop-valid'
      - codemirror
      - react-dom
      - react-is

  '@types/hast@2.3.10':
    dependencies:
      '@types/unist': 2.0.11

  '@types/react-dom@19.0.3(@types/react@19.0.8)':
    dependencies:
      '@types/react': 19.0.8

  '@types/react-is@19.0.0':
    dependencies:
      '@types/react': 19.0.8

  '@types/react@19.0.8':
    dependencies:
      csstype: 3.1.3

  '@types/stylis@4.2.5': {}

  '@types/unist@2.0.11': {}

  '@uiw/codemirror-extensions-basic-setup@4.23.7(@codemirror/autocomplete@6.18.4)(@codemirror/commands@6.8.0)(@codemirror/language@6.10.8)(@codemirror/lint@6.8.4)(@codemirror/search@6.5.8)(@codemirror/state@6.5.1)(@codemirror/view@6.36.2)':
    dependencies:
      '@codemirror/autocomplete': 6.18.4
      '@codemirror/commands': 6.8.0
      '@codemirror/language': 6.10.8
      '@codemirror/lint': 6.8.4
      '@codemirror/search': 6.5.8
      '@codemirror/state': 6.5.1
      '@codemirror/view': 6.36.2

  '@uiw/react-codemirror@4.23.7(@babel/runtime@7.26.0)(@codemirror/autocomplete@6.18.4)(@codemirror/language@6.10.8)(@codemirror/lint@6.8.4)(@codemirror/search@6.5.8)(@codemirror/state@6.5.1)(@codemirror/theme-one-dark@6.1.2)(@codemirror/view@6.36.2)(codemirror@6.0.1)(react-dom@19.0.0(react@19.0.0))(react@19.0.0)':
    dependencies:
      '@babel/runtime': 7.26.0
      '@codemirror/commands': 6.8.0
      '@codemirror/state': 6.5.1
      '@codemirror/theme-one-dark': 6.1.2
      '@codemirror/view': 6.36.2
      '@uiw/codemirror-extensions-basic-setup': 4.23.7(@codemirror/autocomplete@6.18.4)(@codemirror/commands@6.8.0)(@codemirror/language@6.10.8)(@codemirror/lint@6.8.4)(@codemirror/search@6.5.8)(@codemirror/state@6.5.1)(@codemirror/view@6.36.2)
      codemirror: 6.0.1
      react: 19.0.0
      react-dom: 19.0.0(react@19.0.0)
    transitivePeerDependencies:
      - '@codemirror/autocomplete'
      - '@codemirror/language'
      - '@codemirror/lint'
      - '@codemirror/search'

  camelize@1.0.1: {}

  character-entities-legacy@1.1.4: {}

  character-entities@1.2.4: {}

  character-reference-invalid@1.1.4: {}

  codemirror@6.0.1:
    dependencies:
      '@codemirror/autocomplete': 6.18.4
      '@codemirror/commands': 6.8.0
      '@codemirror/language': 6.10.8
      '@codemirror/lint': 6.8.4
      '@codemirror/search': 6.5.8
      '@codemirror/state': 6.5.1
      '@codemirror/view': 6.36.2

  comma-separated-tokens@1.0.8: {}

  crelt@1.0.6: {}

  css-color-keywords@1.0.0: {}

  css-to-react-native@3.2.0:
    dependencies:
      camelize: 1.0.1
      css-color-keywords: 1.0.0
      postcss-value-parser: 4.2.0

  csstype@3.1.3: {}

  debounce@1.2.1: {}

  deeks@3.1.0: {}

  doc-path@4.1.1: {}

  framer-motion@11.16.0(@emotion/is-prop-valid@1.2.2)(react-dom@19.0.0(react@19.0.0))(react@19.0.0):
    dependencies:
      motion-dom: 11.16.0
      motion-utils: 11.16.0
      tslib: 2.8.1
    optionalDependencies:
      '@emotion/is-prop-valid': 1.2.2
      react: 19.0.0
      react-dom: 19.0.0(react@19.0.0)

  hast-util-parse-selector@2.2.5: {}

  hastscript@6.0.0:
    dependencies:
      '@types/hast': 2.3.10
      comma-separated-tokens: 1.0.8
      hast-util-parse-selector: 2.2.5
      property-information: 5.6.0
      space-separated-tokens: 1.1.5

  is-alphabetical@1.0.4: {}

  is-alphanumerical@1.0.4:
    dependencies:
      is-alphabetical: 1.0.4
      is-decimal: 1.0.4

  is-decimal@1.0.4: {}

  is-hexadecimal@1.0.4: {}

  is-hotkey-esm@1.0.0: {}

  json-2-csv@5.5.7:
    dependencies:
      deeks: 3.1.0
      doc-path: 4.1.1

  json5@2.2.3: {}

  lodash@4.17.21: {}

  md5-o-matic@0.1.1: {}

  motion-dom@11.16.0:
    dependencies:
      motion-utils: 11.16.0

  motion-utils@11.16.0: {}

  nanoid@3.3.8: {}

  parse-entities@2.0.0:
    dependencies:
      character-entities: 1.2.4
      character-entities-legacy: 1.1.4
      character-reference-invalid: 1.1.4
      is-alphanumerical: 1.0.4
      is-decimal: 1.0.4
      is-hexadecimal: 1.0.4

  picocolors@1.1.1: {}

  postcss-value-parser@4.2.0: {}

  postcss@8.4.38:
    dependencies:
      nanoid: 3.3.8
      picocolors: 1.1.1
      source-map-js: 1.2.1

  prismjs@1.27.0: {}

  property-information@5.6.0:
    dependencies:
      xtend: 4.0.2

  quick-lru@5.1.1: {}

  react-compiler-runtime@19.0.0-beta-201e55d-20241215(react@19.0.0):
    dependencies:
      react: 19.0.0

  react-compiler-runtime@19.0.0-beta-55955c9-20241229(react@19.0.0):
    dependencies:
      react: 19.0.0

  react-dom@19.0.0(react@19.0.0):
    dependencies:
      react: 19.0.0
      scheduler: 0.25.0

  react-is@19.0.0: {}

  react-refractor@2.2.0(react@19.0.0):
    dependencies:
      react: 19.0.0
      refractor: 3.6.0
      unist-util-filter: 2.0.3
      unist-util-visit-parents: 3.1.1

  react@19.0.0: {}

  refractor@3.6.0:
    dependencies:
      hastscript: 6.0.0
      parse-entities: 2.0.0
      prismjs: 1.27.0

  regenerator-runtime@0.14.1: {}

  scheduler@0.25.0: {}

  shallowequal@1.1.0: {}

  source-map-js@1.2.1: {}

  space-separated-tokens@1.1.5: {}

  style-mod@4.1.2: {}

  styled-components@6.1.14(react-dom@19.0.0(react@19.0.0))(react@19.0.0):
    dependencies:
      '@emotion/is-prop-valid': 1.2.2
      '@emotion/unitless': 0.8.1
      '@types/stylis': 4.2.5
      css-to-react-native: 3.2.0
      csstype: 3.1.3
      postcss: 8.4.38
      react: 19.0.0
      react-dom: 19.0.0(react@19.0.0)
      shallowequal: 1.1.0
      stylis: 4.3.2
      tslib: 2.6.2

  stylis@4.3.2: {}

  tslib@2.6.2: {}

  tslib@2.8.1: {}

  unist-util-filter@2.0.3:
    dependencies:
      unist-util-is: 4.1.0

  unist-util-is@4.1.0: {}

  unist-util-visit-parents@3.1.1:
    dependencies:
      '@types/unist': 2.0.11
      unist-util-is: 4.1.0

  use-effect-event@1.0.2(react@19.0.0):
    dependencies:
      react: 19.0.0

  w3c-keyname@2.2.8: {}

  xtend@4.0.2: {}
