lockfileVersion: '9.0'

settings:
  autoInstallPeers: true
  excludeLinksFromLockfile: false

importers:

  .:
    dependencies:
      '@dnd-kit/core':
        specifier: 6.1.0
        version: 6.1.0(react-dom@19.0.0-rc-f994737d14-20240522(react@19.0.0-rc-f994737d14-20240522))(react@19.0.0-rc-f994737d14-20240522)
      react:
        specifier: '>=19.0.0-rc'
        version: 19.0.0-rc-f994737d14-20240522
      react-dom:
        specifier: '>=19.0.0-rc'
        version: 19.0.0-rc-f994737d14-20240522(react@19.0.0-rc-f994737d14-20240522)

packages:

  '@dnd-kit/accessibility@3.1.0':
    resolution: {integrity: sha512-ea7IkhKvlJUv9iSHJOnxinBcoOI3ppGnnL+VDJ75O45Nss6HtZd8IdN8touXPDtASfeI2T2LImb8VOZcL47wjQ==}
    peerDependencies:
      react: '>=16.8.0'

  '@dnd-kit/core@6.1.0':
    resolution: {integrity: sha512-J3cQBClB4TVxwGo3KEjssGEXNJqGVWx17aRTZ1ob0FliR5IjYgTxl5YJbKTzA6IzrtelotH19v6y7uoIRUZPSg==}
    peerDependencies:
      react: '>=16.8.0'
      react-dom: '>=16.8.0'

  '@dnd-kit/utilities@3.2.2':
    resolution: {integrity: sha512-+MKAJEOfaBe5SmV6t34p80MMKhjvUz0vRrvVJbPT0WElzaOJ/1xs+D+KDv+tD/NE5ujfrChEcshd4fLn0wpiqg==}
    peerDependencies:
      react: '>=16.8.0'

  react-dom@19.0.0-rc-f994737d14-20240522:
    resolution: {integrity: sha512-J4CsfTSptPKkhaPbaR6n/KohQiHZTrRZ8GL4H8rbAqN/Qpy69g2MIoLBr5/PUX21ye6JxC1ZRWJFna7Xdg1pdA==}
    peerDependencies:
      react: 19.0.0-rc-f994737d14-20240522

  react@19.0.0-rc-f994737d14-20240522:
    resolution: {integrity: sha512-SeU2v5Xy6FotVhKz0pMS2gvYP7HlkF0qgTskj3JzA1vlxcb3dQjxlm9t0ZlJqcgoyI3VFAw7bomuDMdgy1nBuw==}
    engines: {node: '>=0.10.0'}

  scheduler@0.25.0-rc-f994737d14-20240522:
    resolution: {integrity: sha512-qS+xGFF7AljP2APO2iJe8zESNsK20k25MACz+WGOXPybUsRdi1ssvaoF93im2nSX2q/XT3wKkjdz6RQfbmaxdw==}

  tslib@2.6.2:
    resolution: {integrity: sha512-AEYxH93jGFPn/a2iVAwW87VuUIkR1FVUKB77NwMF7nBTDkDrrT/Hpt/IrCJ0QXhW27jTBDcf5ZY7w6RiqTMw2Q==}

snapshots:

  '@dnd-kit/accessibility@3.1.0(react@19.0.0-rc-f994737d14-20240522)':
    dependencies:
      react: 19.0.0-rc-f994737d14-20240522
      tslib: 2.6.2

  '@dnd-kit/core@6.1.0(react-dom@19.0.0-rc-f994737d14-20240522(react@19.0.0-rc-f994737d14-20240522))(react@19.0.0-rc-f994737d14-20240522)':
    dependencies:
      '@dnd-kit/accessibility': 3.1.0(react@19.0.0-rc-f994737d14-20240522)
      '@dnd-kit/utilities': 3.2.2(react@19.0.0-rc-f994737d14-20240522)
      react: 19.0.0-rc-f994737d14-20240522
      react-dom: 19.0.0-rc-f994737d14-20240522(react@19.0.0-rc-f994737d14-20240522)
      tslib: 2.6.2

  '@dnd-kit/utilities@3.2.2(react@19.0.0-rc-f994737d14-20240522)':
    dependencies:
      react: 19.0.0-rc-f994737d14-20240522
      tslib: 2.6.2

  react-dom@19.0.0-rc-f994737d14-20240522(react@19.0.0-rc-f994737d14-20240522):
    dependencies:
      react: 19.0.0-rc-f994737d14-20240522
      scheduler: 0.25.0-rc-f994737d14-20240522

  react@19.0.0-rc-f994737d14-20240522: {}

  scheduler@0.25.0-rc-f994737d14-20240522: {}

  tslib@2.6.2: {}
