lockfileVersion: '9.0'

settings:
  autoInstallPeers: true
  excludeLinksFromLockfile: false

importers:

  .:
    dependencies:
      '@sanity/telemetry':
        specifier: 0.7.8
        version: 0.7.8(react@18.3.1)

packages:

  '@sanity/telemetry@0.7.8':
    resolution: {integrity: sha512-9TWC61EKsFpTOBC2dqmPgy+ZvO1eV/rxuYR1ZIj/1AhtBSI2FQXqO8CtXPKJ3u0zoIxngoBqtaoP1ZKS9nZyTA==}
    engines: {node: '>=16.0.0'}
    peerDependencies:
      react: ^18.2

  js-tokens@4.0.0:
    resolution: {integrity: sha512-RdJUflcE3cUzKiMqQgsCu06FPu9UdIJO0beYbPhHN4k6apgJtifcoCtT9bcxOpYBtpD2kCM6Sbzg4CausW/PKQ==}

  lodash@4.17.21:
    resolution: {integrity: sha512-v2kDEe57lecTulaDIuNTPy3Ry4gLGJ6Z1O3vE1krgXZNrsQ+LFTGHVxVjcXPs17LhbZVGedAJv8XZ1tvj5FvSg==}

  loose-envify@1.4.0:
    resolution: {integrity: sha512-lyuxPGr/Wfhrlem2CL/UcnUc1zcqKAImBDzukY7Y5F/yQiNdko6+fRLevlw1HgMySw7f611UIY408EtxRSoK3Q==}
    hasBin: true

  react@18.3.1:
    resolution: {integrity: sha512-wS+hAgJShR0KhEvPJArfuPVN1+Hz1t0Y6n5jLrGQbkb4urgPE/0Rve+1kMB1v/oWgHgm4WIcV+i7F2pTVj+2iQ==}
    engines: {node: '>=0.10.0'}

  rxjs@7.8.1:
    resolution: {integrity: sha512-AA3TVj+0A2iuIoQkWEK/tqFjBq2j+6PO6Y0zJcvzLAFhEFIO3HL0vls9hWLncZbAAbK0mar7oZ4V079I/qPMxg==}

  tslib@2.6.2:
    resolution: {integrity: sha512-AEYxH93jGFPn/a2iVAwW87VuUIkR1FVUKB77NwMF7nBTDkDrrT/Hpt/IrCJ0QXhW27jTBDcf5ZY7w6RiqTMw2Q==}

  typeid-js@0.3.0:
    resolution: {integrity: sha512-A1EmvIWG6xwYRfHuYUjPltHqteZ1EiDG+HOmbIYXeHUVztmnGrPIfU9KIK1QC30x59ko0r4JsMlwzsALCyiB3Q==}

  uuidv7@0.4.4:
    resolution: {integrity: sha512-jjRGChg03uGp9f6wQYSO8qXkweJwRbA5WRuEQE8xLIiehIzIIi23qZSzsyvZPCPoFqkeLtZuz7Plt1LGukAInA==}
    hasBin: true

snapshots:

  '@sanity/telemetry@0.7.8(react@18.3.1)':
    dependencies:
      lodash: 4.17.21
      react: 18.3.1
      rxjs: 7.8.1
      typeid-js: 0.3.0

  js-tokens@4.0.0: {}

  lodash@4.17.21: {}

  loose-envify@1.4.0:
    dependencies:
      js-tokens: 4.0.0

  react@18.3.1:
    dependencies:
      loose-envify: 1.4.0

  rxjs@7.8.1:
    dependencies:
      tslib: 2.6.2

  tslib@2.6.2: {}

  typeid-js@0.3.0:
    dependencies:
      uuidv7: 0.4.4

  uuidv7@0.4.4: {}
