lockfileVersion: '9.0'

settings:
  autoInstallPeers: true
  excludeLinksFromLockfile: false

importers:

  .:
    dependencies:
      '@sanity/telemetry':
        specifier: 0.7.8
        version: 0.7.8(react@19.0.0-rc-f994737d14-20240522)
      react:
        specifier: '>=19.0.0-rc'
        version: 19.0.0-rc-f994737d14-20240522
      react-dom:
        specifier: '>=19.0.0-rc'
        version: 19.0.0-rc-f994737d14-20240522(react@19.0.0-rc-f994737d14-20240522)

packages:

  '@sanity/telemetry@0.7.8':
    resolution: {integrity: sha512-9TWC61EKsFpTOBC2dqmPgy+ZvO1eV/rxuYR1ZIj/1AhtBSI2FQXqO8CtXPKJ3u0zoIxngoBqtaoP1ZKS9nZyTA==}
    engines: {node: '>=16.0.0'}
    peerDependencies:
      react: ^18.2

  lodash@4.17.21:
    resolution: {integrity: sha512-v2kDEe57lecTulaDIuNTPy3Ry4gLGJ6Z1O3vE1krgXZNrsQ+LFTGHVxVjcXPs17LhbZVGedAJv8XZ1tvj5FvSg==}

  react-dom@19.0.0-rc-f994737d14-20240522:
    resolution: {integrity: sha512-J4CsfTSptPKkhaPbaR6n/KohQiHZTrRZ8GL4H8rbAqN/Qpy69g2MIoLBr5/PUX21ye6JxC1ZRWJFna7Xdg1pdA==}
    peerDependencies:
      react: 19.0.0-rc-f994737d14-20240522

  react@19.0.0-rc-f994737d14-20240522:
    resolution: {integrity: sha512-SeU2v5Xy6FotVhKz0pMS2gvYP7HlkF0qgTskj3JzA1vlxcb3dQjxlm9t0ZlJqcgoyI3VFAw7bomuDMdgy1nBuw==}
    engines: {node: '>=0.10.0'}

  rxjs@7.8.1:
    resolution: {integrity: sha512-AA3TVj+0A2iuIoQkWEK/tqFjBq2j+6PO6Y0zJcvzLAFhEFIO3HL0vls9hWLncZbAAbK0mar7oZ4V079I/qPMxg==}

  scheduler@0.25.0-rc-f994737d14-20240522:
    resolution: {integrity: sha512-qS+xGFF7AljP2APO2iJe8zESNsK20k25MACz+WGOXPybUsRdi1ssvaoF93im2nSX2q/XT3wKkjdz6RQfbmaxdw==}

  tslib@2.6.2:
    resolution: {integrity: sha512-AEYxH93jGFPn/a2iVAwW87VuUIkR1FVUKB77NwMF7nBTDkDrrT/Hpt/IrCJ0QXhW27jTBDcf5ZY7w6RiqTMw2Q==}

  typeid-js@0.3.0:
    resolution: {integrity: sha512-A1EmvIWG6xwYRfHuYUjPltHqteZ1EiDG+HOmbIYXeHUVztmnGrPIfU9KIK1QC30x59ko0r4JsMlwzsALCyiB3Q==}

  uuidv7@0.4.4:
    resolution: {integrity: sha512-jjRGChg03uGp9f6wQYSO8qXkweJwRbA5WRuEQE8xLIiehIzIIi23qZSzsyvZPCPoFqkeLtZuz7Plt1LGukAInA==}
    hasBin: true

snapshots:

  '@sanity/telemetry@0.7.8(react@19.0.0-rc-f994737d14-20240522)':
    dependencies:
      lodash: 4.17.21
      react: 19.0.0-rc-f994737d14-20240522
      rxjs: 7.8.1
      typeid-js: 0.3.0

  lodash@4.17.21: {}

  react-dom@19.0.0-rc-f994737d14-20240522(react@19.0.0-rc-f994737d14-20240522):
    dependencies:
      react: 19.0.0-rc-f994737d14-20240522
      scheduler: 0.25.0-rc-f994737d14-20240522

  react@19.0.0-rc-f994737d14-20240522: {}

  rxjs@7.8.1:
    dependencies:
      tslib: 2.6.2

  scheduler@0.25.0-rc-f994737d14-20240522: {}

  tslib@2.6.2: {}

  typeid-js@0.3.0:
    dependencies:
      uuidv7: 0.4.4

  uuidv7@0.4.4: {}
