lockfileVersion: '9.0'

settings:
  autoInstallPeers: true
  excludeLinksFromLockfile: false

importers:

  .:
    dependencies:
      hydrogen-sanity:
        specifier: 4.3.1
        version: 4.3.1(@remix-run/react@2.11.2(react-dom@19.0.0-rc-fb9a90fa48-20240614(react@19.0.0-rc-fb9a90fa48-20240614))(react@19.0.0-rc-fb9a90fa48-20240614))(@sanity/client@6.22.2)(@shopify/hydrogen@2024.7.4(@remix-run/react@2.11.2(react-dom@19.0.0-rc-fb9a90fa48-20240614(react@19.0.0-rc-fb9a90fa48-20240614))(react@19.0.0-rc-fb9a90fa48-20240614))(@remix-run/server-runtime@2.11.2)(react-dom@19.0.0-rc-fb9a90fa48-20240614(react@19.0.0-rc-fb9a90fa48-20240614))(react@19.0.0-rc-fb9a90fa48-20240614)(xstate@5.18.2))(@shopify/remix-oxygen@2.0.6(@remix-run/server-runtime@2.11.2)(@shopify/oxygen-workers-types@4.1.4))(groq@3.56.0)(react-dom@19.0.0-rc-fb9a90fa48-20240614(react@19.0.0-rc-fb9a90fa48-20240614))(react@19.0.0-rc-fb9a90fa48-20240614)
      react:
        specifier: '>=19.0.0-rc'
        version: 19.0.0-rc-fb9a90fa48-20240614
      react-dom:
        specifier: '>=19.0.0-rc'
        version: 19.0.0-rc-fb9a90fa48-20240614(react@19.0.0-rc-fb9a90fa48-20240614)

packages:

  '@google/model-viewer@1.12.1':
    resolution: {integrity: sha512-GOf/By81rbxSmwWRVxBtlY5b3050msJ+BDWqonPj7M0/I7rNS/vVNjbLxTofbGjZObS3n0ELHj8TZ47UtkZbtg==}
    engines: {node: '>=6.0.0'}

  '@juggle/resize-observer@3.4.0':
    resolution: {integrity: sha512-dfLbk+PwWvFzSxwk3n5ySL0hfBog779o8h68wK/7/APo/7cgyWp5jcXockbxdk5kFRkbeXWm4Fbi9FrdN381sA==}

  '@lit-labs/ssr-dom-shim@1.2.1':
    resolution: {integrity: sha512-wx4aBmgeGvFmOKucFKY+8VFJSYZxs9poN3SDNQFF6lT6NrQUnHiPB2PWz2sc4ieEcAaYYzN+1uWahEeTq2aRIQ==}

  '@lit/reactive-element@1.6.3':
    resolution: {integrity: sha512-QuTgnG52Poic7uM1AN5yJ09QMe0O28e10XzSvWDz02TJiiKee4stsiownEIadWm8nYzyDAyT+gKzUoZmiWQtsQ==}

  '@remix-run/react@2.11.2':
    resolution: {integrity: sha512-SjjuK3aD/9wnIC5r0ZBNCpVSwEwt67YOQM7DCXhHiS8BtCvAxWEC4k4t8CvO9IwBG0gczqxzSqASH7U1RVtWqw==}
    engines: {node: '>=18.0.0'}
    peerDependencies:
      react: ^18.0.0
      react-dom: ^18.0.0
      typescript: ^5.1.0
    peerDependenciesMeta:
      typescript:
        optional: true

  '@remix-run/router@1.19.1':
    resolution: {integrity: sha512-S45oynt/WH19bHbIXjtli6QmwNYvaz+vtnubvNpNDvUOoA/OWh6j1OikIP3G+v5GHdxyC6EXoChG3HgYGEUfcg==}
    engines: {node: '>=14.0.0'}

  '@remix-run/server-runtime@2.11.2':
    resolution: {integrity: sha512-abG6ENj0X3eHqDxqO2thWM2NSEiPnqyt58z1BbiQCv+t8g0Zuqd5QHbB4wzdNvfS0vKhg+jJiigcJneAc4sZzw==}
    engines: {node: '>=18.0.0'}
    peerDependencies:
      typescript: ^5.1.0
    peerDependenciesMeta:
      typescript:
        optional: true

  '@sanity/client@6.22.2':
    resolution: {integrity: sha512-GrLmwREcw4Us6kBaqoXyLVVl7xAELf/4Qzvv0nGxIIqCkDWQof6nL55ar6m1W9hF+eHKyRTkktWSkZ/+RklCuw==}
    engines: {node: '>=14.18'}

  '@sanity/comlink@1.1.1':
    resolution: {integrity: sha512-hmjL8X9/muInbO4Fko6rn9WOZhZWMPKz5n3FHttb/KurKaHbkhcon/jIkZ8DowxW75wkUDp8m/nkBZznJ58HIA==}
    engines: {node: '>=18'}

  '@sanity/core-loader@1.7.6':
    resolution: {integrity: sha512-yFpQop+FSxRFG3Rf2gh4N6zFdkbidIULI1HSALvzeuMRHn4uHcFL4SjLA+ffMyVA4xEiomeSo4PmnWVVgLP+NQ==}
    engines: {node: '>=18'}
    peerDependencies:
      '@sanity/client': ^6.22.2

  '@sanity/diff-match-patch@3.1.1':
    resolution: {integrity: sha512-dSZqGeYjHKGIkqAzGqLcG92LZyJGX+nYbs/FWawhBbTBDWi21kvQ0hsL3DJThuFVWtZMWTQijN3z6Cnd44Pf2g==}
    engines: {node: '>=14.18'}

  '@sanity/eventsource@5.0.2':
    resolution: {integrity: sha512-/B9PMkUvAlUrpRq0y+NzXgRv5lYCLxZNsBJD2WXVnqZYOfByL9oQBV7KiTaARuObp5hcQYuPfOAVjgXe3hrixA==}

  '@sanity/mutate@0.10.1-canary.5':
    resolution: {integrity: sha512-ce5xQJhqvbFnYejUEUlpR8VNq9RqMYYnasVdtZPBoD2gJpHpwSMXhpvWHcZM3gtNDcQEkHT/ttPDluMghbF8aw==}
    engines: {node: '>=18'}
    peerDependencies:
      xstate: ^5.18.2
    peerDependenciesMeta:
      xstate:
        optional: true

  '@sanity/preview-url-secret@2.0.0':
    resolution: {integrity: sha512-JfStdSb8KT0RzePtGbUIZewNNHNNbvYHwsW4WzYEmgPTfgZnPAIMFYUFSHAKKFyKQ3tqzARRQm3uURpoSTyIkA==}
    engines: {node: '>=18'}
    peerDependencies:
      '@sanity/client': ^6.22.2

  '@sanity/react-loader@1.10.14':
    resolution: {integrity: sha512-I6LoW3BBORQsM20RyFqXXebKWTuYfIkE5rmTsfgXycLtZZ6k5RCsdS7sqfubx/9eHemFdm8rPnJPUsPx0rk8RQ==}
    engines: {node: '>=18'}
    peerDependencies:
      '@sanity/client': ^6.22.2
      react: ^18.3 || >=19.0.0-rc

  '@sanity/uuid@3.0.2':
    resolution: {integrity: sha512-vzdhqOrX7JGbMyK40KuIwwyXHm7GMLOGuYgn3xlC09e4ZVNofUO5mgezQqnRv0JAMthIRhofqs9f6ufUjMKOvw==}

  '@sanity/visual-editing@2.4.2':
    resolution: {integrity: sha512-HyvDmc33U27jMm/b7AUxShtdbJaXtE2FzSh3DAC4bbWq59iGoSbHTHRWq7xIZpWVH76xgkLh+RgVsyr8lI/+8g==}
    engines: {node: '>=18'}
    peerDependencies:
      '@remix-run/react': '>= 2'
      '@sanity/client': ^6.22.2
      '@sveltejs/kit': '>= 2'
      next: '>= 13 || >=14.3.0-canary.0 <14.3.0 || >=15.0.0-rc'
      react: ^18.3 || >=19.0.0-rc
      react-dom: ^18.3 || >=19.0.0-rc
      svelte: '>= 4'
    peerDependenciesMeta:
      '@remix-run/react':
        optional: true
      '@sanity/client':
        optional: true
      '@sveltejs/kit':
        optional: true
      next:
        optional: true
      svelte:
        optional: true

  '@shopify/hydrogen-react@2024.7.2':
    resolution: {integrity: sha512-5vtjKKL2gLxbOMh/33ZwPqODIkeKAzl4QYwgWpPZnB7hPJTltrIcQOZQGpbL0mY1ZZ9geXksZ/FEHBjRrzrrSQ==}
    engines: {node: '>=18.0.0'}
    peerDependencies:
      react: ^18.0.0
      react-dom: ^18.0.0

  '@shopify/hydrogen@2024.7.4':
    resolution: {integrity: sha512-am11Kdm92ePup5XoyGk1uYbjCtoirRiE0a+J2IZtWVVj79GvmKLQxZbJr3EyLlZDu2Q3qPPf7V6khuLDIc5/Gg==}
    peerDependencies:
      '@remix-run/react': ^2.10.0
      '@remix-run/server-runtime': ^2.10.0
      react: ^18.2.0
      vite: ^5.1.0
    peerDependenciesMeta:
      vite:
        optional: true

  '@shopify/oxygen-workers-types@4.1.4':
    resolution: {integrity: sha512-aaZOjn1meEuZ6LeM9JVogd8ugSdShPQz8PUcyHOIELMnOjYxO5jlJ/VSUuQ0LEHJgNOevXuhUsRHYDL9mLwPqQ==}

  '@shopify/remix-oxygen@2.0.6':
    resolution: {integrity: sha512-QCEnciJBV1wOmT9tISVd6Sy80S7Im0qQCZhpTfmgvfs5AyQvlvmQgr4swp1xmWOX8fIoK+bGchihfWUA5CzxiA==}
    peerDependencies:
      '@remix-run/server-runtime': ^2.1.0
      '@shopify/oxygen-workers-types': ^3.17.3 || ^4.1.2

  '@types/cookie@0.6.0':
    resolution: {integrity: sha512-4Kh9a6B2bQciAhf7FSuMRRkUWecJgJu9nPnx3yzpsfXX/c50REIqpHY4C82bXP90qrLtXtkDxTZosYO3UpOwlA==}

  '@types/event-source-polyfill@1.0.5':
    resolution: {integrity: sha512-iaiDuDI2aIFft7XkcwMzDWLqo7LVDixd2sR6B4wxJut9xcp/Ev9bO4EFg4rm6S9QxATLBj5OPxdeocgmhjwKaw==}

  '@types/eventsource@1.1.15':
    resolution: {integrity: sha512-XQmGcbnxUNa06HR3VBVkc9+A2Vpi9ZyLJcdS5dwaQQ/4ZMWFO+5c90FnMUpbtMZwB/FChoYHwuVg8TvkECacTA==}

  '@types/follow-redirects@1.14.4':
    resolution: {integrity: sha512-GWXfsD0Jc1RWiFmMuMFCpXMzi9L7oPDVwxUnZdg89kDNnqsRfUKXEtUYtA98A6lig1WXH/CYY/fvPW9HuN5fTA==}

  '@types/node@22.5.1':
    resolution: {integrity: sha512-KkHsxej0j9IW1KKOOAA/XBA0z08UFSrRQHErzEfA3Vgq57eXIMYboIlHJuYIfd+lwCQjtKqUu3UnmKbtUc9yRw==}

  '@types/progress-stream@2.0.5':
    resolution: {integrity: sha512-5YNriuEZkHlFHHepLIaxzq3atGeav1qCTGzB74HKWpo66qjfostF+rHc785YYYHeBytve8ZG3ejg42jEIfXNiQ==}

  '@types/trusted-types@2.0.7':
    resolution: {integrity: sha512-ScaPdn1dQczgbl0QFTeTOmVHFULt394XJgOQNoyVhZ6r2vLnMLJfBPd53SB52T/3G36VI1/g2MZaX0cwDuXsfw==}

  '@types/uuid@8.3.4':
    resolution: {integrity: sha512-c/I8ZRb51j+pYGAu5CrFMRxqZ2ke4y2grEBO5AUjgSkSk+qT2Ea+OdWElz/OiMf5MNpn2b17kuVBwZLQJXzihw==}

  '@vercel/stega@0.1.2':
    resolution: {integrity: sha512-P7mafQXjkrsoyTRppnt0N21udKS9wUmLXHRyP9saLXLHw32j/FgUJ3FscSWgvSqRs4cj7wKZtwqJEvWJ2jbGmA==}

  '@web3-storage/multipart-parser@1.0.0':
    resolution: {integrity: sha512-BEO6al7BYqcnfX15W2cnGR+Q566ACXAT9UQykORCWW80lmkpWsnEob6zJS1ZVBKsSJC8+7vJkHwlp+lXG1UCdw==}

  '@xstate/fsm@2.1.0':
    resolution: {integrity: sha512-oJlc0iD0qZvAM7If/KlyJyqUt7wVI8ocpsnlWzAPl97evguPbd+oJbRM9R4A1vYJffYH96+Bx44nLDE6qS8jQg==}

  '@xstate/react@3.2.2':
    resolution: {integrity: sha512-feghXWLedyq8JeL13yda3XnHPZKwYDN5HPBLykpLeuNpr9178tQd2/3d0NrH6gSd0sG5mLuLeuD+ck830fgzLQ==}
    peerDependencies:
      '@xstate/fsm': ^2.0.0
      react: ^16.8.0 || ^17.0.0 || ^18.0.0
      xstate: ^4.37.2
    peerDependenciesMeta:
      '@xstate/fsm':
        optional: true
      xstate:
        optional: true

  buffer-from@1.1.2:
    resolution: {integrity: sha512-E+XQCRwSbaaiChtv6k6Dwgc+bx+Bs6vuKJHHl5kox/BaKbhiXzqQOwK4cO22yElGp2OCmjwVhT3HmxgyPGnJfQ==}

  compute-scroll-into-view@3.1.0:
    resolution: {integrity: sha512-rj8l8pD4bJ1nx+dAkMhV1xB5RuZEyVysfxJqB1pRchh1KVvwOv9b7CGB8ZfjTImVv2oF+sYMUkMZq6Na5Ftmbg==}

  content-security-policy-builder@2.2.0:
    resolution: {integrity: sha512-IZhbHYV3O6xBpbvuMJz0FP8s79aTz7ymq4JQVC8TMzTdRToxrupCY1C/GlzC6GaDfKvD7AceewH+LsTV5OO/Kg==}
    engines: {node: '>=18.0.0'}

  cookie@0.6.0:
    resolution: {integrity: sha512-U71cyTamuh1CRNCfpGY6to28lxvNwPG4Guz/EVjgf3Jmzv0vlDp1atT9eS5dDjMYHucpHbWns6Lwf3BKz6svdw==}
    engines: {node: '>= 0.6'}

  core-util-is@1.0.3:
    resolution: {integrity: sha512-ZQBvi1DcpJ4GDqanjucZ2Hj3wEO5pZDS89BWbkcrvdxksJorwUDDZamX9ldFkp9aw2lmBDLgkObEA4DWNJ9FYQ==}

  decompress-response@7.0.0:
    resolution: {integrity: sha512-6IvPrADQyyPGLpMnUh6kfKiqy7SrbXbjoUuZ90WMBJKErzv2pCiwlGEXjRX9/54OnTq+XFVnkOnOMzclLI5aEA==}
    engines: {node: '>=10'}

  dom-walk@0.1.2:
    resolution: {integrity: sha512-6QvTW9mrGeIegrFXdtQi9pk7O/nSK6lSdXW2eqUspN5LWD7UTji2Fqw5V2YLjBpHEoU9Xl/eUWNpDeZvoyOv2w==}

  event-source-polyfill@1.0.31:
    resolution: {integrity: sha512-4IJSItgS/41IxN5UVAVuAyczwZF7ZIEsM1XAoUzIHA6A+xzusEZUutdXz2Nr+MQPLxfTiCvqE79/C8HT8fKFvA==}

  eventsource@2.0.2:
    resolution: {integrity: sha512-IzUmBGPR3+oUG9dUeXynyNmf91/3zUSJg1lCktzKw47OXuhco54U3r9B7O4XX+Rb1Itm9OZ2b0RkTs10bICOxA==}
    engines: {node: '>=12.0.0'}

  follow-redirects@1.15.6:
    resolution: {integrity: sha512-wWN62YITEaOpSK584EZXJafH1AGpO8RVgElfkuXbTOrPX4fIfOyEpW/CsiNd8JdYrAoOvafRTOEnvsO++qCqFA==}
    engines: {node: '>=4.0'}
    peerDependencies:
      debug: '*'
    peerDependenciesMeta:
      debug:
        optional: true

  get-it@8.6.5:
    resolution: {integrity: sha512-o1hjPwrb/icm3WJbCweTSq8mKuDfJlqwbFauI+Pdgid99at/BFaBXFBJZE+uqvHyOVARE4z680S44vrDm8SsCw==}
    engines: {node: '>=14.0.0'}

  get-random-values-esm@1.0.2:
    resolution: {integrity: sha512-HMSDTgj1HPFAuZG0FqxzHbYt5JeEGDUeT9r1RLXhS6RZQS8rLRjokgjZ0Pd28CN0lhXlRwfH6eviZqZEJ2kIoA==}

  get-random-values@1.2.2:
    resolution: {integrity: sha512-lMyPjQyl0cNNdDf2oR+IQ/fM3itDvpoHy45Ymo2r0L1EjazeSl13SfbKZs7KtZ/3MDCeueiaJiuOEfKqRTsSgA==}
    engines: {node: 10 || 12 || >=14}

  global@4.4.0:
    resolution: {integrity: sha512-wv/LAoHdRE3BeTGz53FAamhGlPLhlssK45usmGFThIi4XqnBmjKQ16u+RNbP7WvigRZDxUsM0J3gcQ5yicaL0w==}

  graphql@16.9.0:
    resolution: {integrity: sha512-GGTKBX4SD7Wdb8mqeDLni2oaRGYQWjWHGKPQ24ZMnUtKfcsVoiv4uX8+LJr1K6U5VW2Lu1BwJnj7uiori0YtRw==}
    engines: {node: ^12.22.0 || ^14.16.0 || ^16.0.0 || >=17.0.0}

  groq@3.56.0:
    resolution: {integrity: sha512-r4L0U0oLkEysu5ZuB6kW9nhfXupec9NhRDRr/zzj4GuSDLgaqtDStPJu6a8G8Cp1Gc1ZOFGSTUHWEyBalKmCbQ==}
    engines: {node: '>=18'}

  hotscript@1.0.13:
    resolution: {integrity: sha512-C++tTF1GqkGYecL+2S1wJTfoH6APGAsbb7PAWQ3iVIwgG/EFseAfEVOKFgAFq4yK3+6j1EjUD4UQ9dRJHX/sSQ==}

  hydrogen-sanity@4.3.1:
    resolution: {integrity: sha512-N5HdXKuzsEGp6br/9DTURx4z2OW9xlDYEUlTmeb4D2iUZdOJ7h5Ow1D5vdoHCIyDhReP6HZDQh1Pvw2VPXtKQg==}
    engines: {node: '>=18'}
    peerDependencies:
      '@sanity/client': ^6.18.0
      '@shopify/hydrogen': ^2023.7.0 || ~2024.1.0 || ~2024.4.0 || ~2024.7.0 || ~2024.10.0
      '@shopify/remix-oxygen': ^1.0.0 || ^2.0.0
      groq: ^3.41.0
      react: ^18.0.0
      react-dom: ^18.0.0

  inherits@2.0.4:
    resolution: {integrity: sha512-k/vGaX4/Yla3WzyMCvTQOXYeIHvqOKtnqBduzTHpzpQZzAskKMhZ2K+EnBiSM9zGSoIFeMpXKxa4dYeZIQqewQ==}

  is-retry-allowed@2.2.0:
    resolution: {integrity: sha512-XVm7LOeLpTW4jV19QSH38vkswxoLud8sQ57YwJVTPWdiaI9I8keEhGFpBlslyVsgdQy4Opg8QOLb8YRgsyZiQg==}
    engines: {node: '>=10'}

  isarray@1.0.0:
    resolution: {integrity: sha512-VLghIWNM6ELQzo7zwmcg0NmTVyWKYjvIeM83yjp0wRDTmUnrM678fQbcKBo6n2CJEF0szoG//ytg+TKla89ALQ==}

  lit-element@3.3.3:
    resolution: {integrity: sha512-XbeRxmTHubXENkV4h8RIPyr8lXc+Ff28rkcQzw3G6up2xg5E8Zu1IgOWIwBLEQsu3cOVFqdYwiVi0hv0SlpqUA==}

  lit-html@2.8.0:
    resolution: {integrity: sha512-o9t+MQM3P4y7M7yNzqAyjp7z+mQGa4NS4CxiyLqFPyFWyc4O+nodLrkrxSaCTrla6M5YOLaT3RpbbqjszB5g3Q==}

  lit@2.8.0:
    resolution: {integrity: sha512-4Sc3OFX9QHOJaHbmTMk28SYgVxLN3ePDjg7hofEft2zWlehFL3LiAuapWc4U/kYwMYJSh2hTCPZ6/LIC7ii0MA==}

  mendoza@3.0.7:
    resolution: {integrity: sha512-KtLgsCl5dFjRPUVSVV9KxpUr2BfZgLv8uqxg/hCsI7JIWsesHABSbl0MQwxNHAg24KtzSQ6vrPsgeNnoq4UImg==}
    engines: {node: '>=14.18'}

  mimic-response@3.1.0:
    resolution: {integrity: sha512-z0yWI+4FDrrweS8Zmt4Ej5HdJmky15+L2e6Wgn3+iK5fWzb6T3fhNFq2+MeTRb064c6Wr4N/wv0DzQTjNzHNGQ==}
    engines: {node: '>=10'}

  min-document@2.19.0:
    resolution: {integrity: sha512-9Wy1B3m3f66bPPmU5hdA4DR4PB2OfDU/+GS3yAB7IQozE3tqXaVv2zOjgla7MEGSRv95+ILmOuvhLkOK6wJtCQ==}

  nanoid@5.0.8:
    resolution: {integrity: sha512-TcJPw+9RV9dibz1hHUzlLVy8N4X9TnwirAjrU08Juo6BNKggzVfP2ZJ/3ZUSq15Xl5i85i+Z89XBO90pB2PghQ==}
    engines: {node: ^18 || >=20}
    hasBin: true

  process-nextick-args@2.0.1:
    resolution: {integrity: sha512-3ouUOpQhtgrbOa17J7+uxOTpITYWaGP7/AhoR3+A+/1e9skrzelGi/dXzEYyvbxubEF6Wn2ypscTKiKJFFn1ag==}

  process@0.11.10:
    resolution: {integrity: sha512-cdGef/drWFoydD1JsMzuFf8100nZl+GT+yacc2bEced5f9Rjk4z+WtFUTBu9PhOi9j/jfmBPu0mMEY4wIdAF8A==}
    engines: {node: '>= 0.6.0'}

  progress-stream@2.0.0:
    resolution: {integrity: sha512-xJwOWR46jcXUq6EH9yYyqp+I52skPySOeHfkxOZ2IY1AiBi/sFJhbhAKHoV3OTw/omQ45KTio9215dRJ2Yxd3Q==}

  react-dom@19.0.0-rc-fb9a90fa48-20240614:
    resolution: {integrity: sha512-PoEsPe32F7KPLYOBvZfjylEI1B67N44PwY3lyvpmBkhlluLnLz0jH8q2Wg9YidAi6z0k3iUnNRm5x10wurzt9Q==}
    peerDependencies:
      react: 19.0.0-rc-fb9a90fa48-20240614

  react-router-dom@6.26.1:
    resolution: {integrity: sha512-veut7m41S1fLql4pLhxeSW3jlqs+4MtjRLj0xvuCEXsxusJCbs6I8yn9BxzzDX2XDgafrccY6hwjmd/bL54tFw==}
    engines: {node: '>=14.0.0'}
    peerDependencies:
      react: '>=16.8'
      react-dom: '>=16.8'

  react-router@6.26.1:
    resolution: {integrity: sha512-kIwJveZNwp7teQRI5QmwWo39A5bXRyqpH0COKKmPnyD2vBvDwgFXSqDUYtt1h+FEyfnE8eXr7oe0MxRzVwCcvQ==}
    engines: {node: '>=14.0.0'}
    peerDependencies:
      react: '>=16.8'

  react@19.0.0-rc-fb9a90fa48-20240614:
    resolution: {integrity: sha512-nvE3Gy+IOIfH/DXhkyxFVQSrITarFcQz4+shzC/McxQXEUSonpw2oDy/Wi9hdDtV3hlP12VYuDL95iiBREedNQ==}
    engines: {node: '>=0.10.0'}

  readable-stream@2.3.8:
    resolution: {integrity: sha512-8p0AUk4XODgIewSi0l8Epjs+EVnWiK7NoDIEGU0HhE7+ZyY8D1IMY7odu5lRrFXGg71L15KG8QrPmum45RTtdA==}

  regexparam@2.0.2:
    resolution: {integrity: sha512-A1PeDEYMrkLrfyOwv2jwihXbo9qxdGD3atBYQA9JJgreAx8/7rC6IUkWOw2NQlOxLp2wL0ifQbh1HuidDfYA6w==}
    engines: {node: '>=8'}

  rxjs@7.8.1:
    resolution: {integrity: sha512-AA3TVj+0A2iuIoQkWEK/tqFjBq2j+6PO6Y0zJcvzLAFhEFIO3HL0vls9hWLncZbAAbK0mar7oZ4V079I/qPMxg==}

  safe-buffer@5.1.2:
    resolution: {integrity: sha512-Gd2UZBJDkXlY7GbJxfsE8/nvKkUEU1G38c1siN6QP6a9PT9MmHB8GnpscSmMJSoF8LOIrt8ud/wPtojys4G6+g==}

  safe-buffer@5.2.1:
    resolution: {integrity: sha512-rp3So07KcdmmKbGvgaNxQSJr7bGVSVk5S9Eq1F+ppbRo70+YeaDxkw5Dd8NPN+GD6bjnYm2VuPuCXmpuYvmCXQ==}

  scheduler@0.25.0-rc-fb9a90fa48-20240614:
    resolution: {integrity: sha512-HHqQ/SqbeiDfXXVKgNxTpbQTD4n7IUb4hZATvHjp03jr3TF7igehCyHdOjeYTrzIseLO93cTTfSb5f4qWcirMQ==}

  scroll-into-view-if-needed@3.1.0:
    resolution: {integrity: sha512-49oNpRjWRvnU8NyGVmUaYG4jtTkNonFZI86MmGRDqBphEK2EXT9gdEUoQPZhuBM8yWHxCWbobltqYO5M4XrUvQ==}

  set-cookie-parser@2.7.0:
    resolution: {integrity: sha512-lXLOiqpkUumhRdFF3k1osNXCy9akgx/dyPZ5p8qAg9seJzXr5ZrlqZuWIMuY6ejOsVLE6flJ5/h3lsn57fQ/PQ==}

  source-map-support@0.5.21:
    resolution: {integrity: sha512-uBHU3L3czsIyYXKX88fdrGovxdSCoTGDRZ6SYXtSRxLZUzHg5P/66Ht6uoUlHu9EZod+inXhKo3qQgwXUT/y1w==}

  source-map@0.6.1:
    resolution: {integrity: sha512-UjgapumWlbMhkBgzT7Ykc5YXUT46F0iKu8SGXq0bcwP5dz/h0Plj6enJqjz1Zbq2l5WaqYnrVbwWOWMyF3F47g==}
    engines: {node: '>=0.10.0'}

  source-map@0.7.4:
    resolution: {integrity: sha512-l3BikUxvPOcn5E74dZiq5BGsTb5yEwhaTSzccU6t4sDOH8NWJCstKO5QT2CvtFoK6F0saL7p9xHAqHOlCPJygA==}
    engines: {node: '>= 8'}

  speedometer@1.0.0:
    resolution: {integrity: sha512-lgxErLl/7A5+vgIIXsh9MbeukOaCb2axgQ+bKCdIE+ibNT4XNYGNCR1qFEGq6F+YDASXK3Fh/c5FgtZchFolxw==}

  string_decoder@1.1.1:
    resolution: {integrity: sha512-n/ShnvDi6FHbbVfviro+WojiFzv+s8MPMHBczVePfUpDJLwoLT0ht1l4YwBCbi8pJAveEEdnkHyPyTP/mzRfwg==}

  three@0.139.2:
    resolution: {integrity: sha512-gV7q7QY8rogu7HLFZR9cWnOQAUedUhu2WXAnpr2kdXZP9YDKsG/0ychwQvWkZN5PlNw9mv5MoCTin6zNTXoONg==}

  through2@2.0.5:
    resolution: {integrity: sha512-/mrRod8xqpA+IHSLyGCQ2s8SPHiCDEeQJSep1jqLYeEUClOFG2Qsh+4FU6G9VeqpZnGW/Su8LQGc4YKni5rYSQ==}

  tslib@2.7.0:
    resolution: {integrity: sha512-gLXCKdN1/j47AiHiOkJN69hJmcbGTHI0ImLmbYLHykhgeN0jVGola9yVjFgzCUklsZQMW55o+dW7IXv3RCXDzA==}

  tunnel-agent@0.6.0:
    resolution: {integrity: sha512-McnNiV1l8RYeY8tBgEpuodCC1mLUdbSN+CYBL7kJsJNInOP8UjDDEwdk6Mw60vdLLrr5NHKZhMAOSrR2NZuQ+w==}

  turbo-stream@2.3.0:
    resolution: {integrity: sha512-PhEr9mdexoVv+rJkQ3c8TjrN3DUghX37GNJkSMksoPR4KrXIPnM2MnqRt07sViIqX9IdlhrgtTSyjoVOASq6cg==}

  type-fest@4.26.0:
    resolution: {integrity: sha512-OduNjVJsFbifKb57UqZ2EMP1i4u64Xwow3NYXUtBbD4vIwJdQd4+xl8YDou1dlm4DVrtwT/7Ky8z8WyCULVfxw==}
    engines: {node: '>=16'}

  undici-types@6.19.8:
    resolution: {integrity: sha512-ve2KP6f/JnbPBFyobGHuerC9g1FYGn/F8n1LWTwNxCEzd6IfqTwUQcNXgEtmmQ6DlRrC1hrSrBnCZPokRrDHjw==}

  use-effect-event@1.0.2:
    resolution: {integrity: sha512-9c8AAmtQja4LwJXI0EQPhQCip6dmrcSe0FMcTUZBeGh/XTCOLgw3Qbt0JdUT8Rcrm/ZH+Web7MIcMdqgQKdXJg==}
    peerDependencies:
      react: ^18.3 || ^19.0.0-0

  use-isomorphic-layout-effect@1.1.2:
    resolution: {integrity: sha512-49L8yCO3iGT/ZF9QttjwLF/ZD9Iwto5LnH5LmEdk/6cFmXddqi2ulF0edxTwjj+7mqvpVVGQWvbXZdn32wRSHA==}
    peerDependencies:
      '@types/react': '*'
      react: ^16.8.0 || ^17.0.0 || ^18.0.0
    peerDependenciesMeta:
      '@types/react':
        optional: true

  use-resize-observer@9.1.0:
    resolution: {integrity: sha512-R25VqO9Wb3asSD4eqtcxk8sJalvIOYBqS8MNZlpDSQ4l4xMQxC/J7Id9HoTqPq8FwULIn0PVW+OAqF2dyYbjow==}
    peerDependencies:
      react: 16.8.0 - 18
      react-dom: 16.8.0 - 18

  use-sync-external-store@1.2.2:
    resolution: {integrity: sha512-PElTlVMwpblvbNqQ82d2n6RjStvdSoNe9FG28kNfz3WiXilJm4DdNkEzRhCZuIDwY8U08WVihhGR5iRqAwfDiw==}
    peerDependencies:
      react: ^16.8.0 || ^17.0.0 || ^18.0.0

  util-deprecate@1.0.2:
    resolution: {integrity: sha512-EPD5q1uXyFxJpCrLnCc1nHnq3gOa6DZBocAIiI2TaSCA7VCJ1UJDMagCzIkXNsUYfD1daK//LTEQ8xiIbrHtcw==}

  uuid@10.0.0:
    resolution: {integrity: sha512-8XkAphELsDnEGrDxUOHB3RGvXz6TeuYSGEZBOjtTtPm2lwhGBjLgOzLHB63IUWfBpNucQjND6d3AOudO+H3RWQ==}
    hasBin: true

  uuid@8.3.2:
    resolution: {integrity: sha512-+NYs2QeMWy+GWFOEm9xnn6HCDp0l7QBD7ml8zLUmJ+93Q5NF0NocErnwkTkXVFNiX3/fpC6afS8Dhb/gz7R7eg==}
    hasBin: true

  valibot@0.31.1:
    resolution: {integrity: sha512-2YYIhPrnVSz/gfT2/iXVTrSj92HwchCt9Cga/6hX4B26iCz9zkIsGTS0HjDYTZfTi1Un0X6aRvhBi1cfqs/i0Q==}

  worktop@0.7.3:
    resolution: {integrity: sha512-WBHP1hk8pLP7ahAw13fugDWcO0SUAOiCD6DHT/bfLWoCIA/PL9u7GKdudT2nGZ8EGR1APbGCAI6ZzKG1+X+PnQ==}
    engines: {node: '>=12'}

  xstate@5.18.2:
    resolution: {integrity: sha512-hab5VOe29D0agy8/7dH1lGw+7kilRQyXwpaChoMu4fe6rDP+nsHYhDYKfS2O4iXE7myA98TW6qMEudj/8NXEkA==}

  xtend@4.0.2:
    resolution: {integrity: sha512-LKYU1iAXJXUgAXn9URjiu+MWhyUXHsvfp7mcuYm9dSUKK0/CjtrUwFAxD82/mCWbtLsGjFIad0wIsod4zrTAEQ==}
    engines: {node: '>=0.4'}

snapshots:

  '@google/model-viewer@1.12.1':
    dependencies:
      lit: 2.8.0
      three: 0.139.2

  '@juggle/resize-observer@3.4.0': {}

  '@lit-labs/ssr-dom-shim@1.2.1': {}

  '@lit/reactive-element@1.6.3':
    dependencies:
      '@lit-labs/ssr-dom-shim': 1.2.1

  '@remix-run/react@2.11.2(react-dom@19.0.0-rc-fb9a90fa48-20240614(react@19.0.0-rc-fb9a90fa48-20240614))(react@19.0.0-rc-fb9a90fa48-20240614)':
    dependencies:
      '@remix-run/router': 1.19.1
      '@remix-run/server-runtime': 2.11.2
      react: 19.0.0-rc-fb9a90fa48-20240614
      react-dom: 19.0.0-rc-fb9a90fa48-20240614(react@19.0.0-rc-fb9a90fa48-20240614)
      react-router: 6.26.1(react@19.0.0-rc-fb9a90fa48-20240614)
      react-router-dom: 6.26.1(react-dom@19.0.0-rc-fb9a90fa48-20240614(react@19.0.0-rc-fb9a90fa48-20240614))(react@19.0.0-rc-fb9a90fa48-20240614)
      turbo-stream: 2.3.0

  '@remix-run/router@1.19.1': {}

  '@remix-run/server-runtime@2.11.2':
    dependencies:
      '@remix-run/router': 1.19.1
      '@types/cookie': 0.6.0
      '@web3-storage/multipart-parser': 1.0.0
      cookie: 0.6.0
      set-cookie-parser: 2.7.0
      source-map: 0.7.4
      turbo-stream: 2.3.0

  '@sanity/client@6.22.2':
    dependencies:
      '@sanity/eventsource': 5.0.2
      get-it: 8.6.5
      rxjs: 7.8.1
    transitivePeerDependencies:
      - debug

  '@sanity/comlink@1.1.1':
    dependencies:
      rxjs: 7.8.1
      uuid: 10.0.0
      xstate: 5.18.2

  '@sanity/core-loader@1.7.6(@sanity/client@6.22.2)':
    dependencies:
      '@sanity/client': 6.22.2
      '@sanity/comlink': 1.1.1

  '@sanity/diff-match-patch@3.1.1': {}

  '@sanity/eventsource@5.0.2':
    dependencies:
      '@types/event-source-polyfill': 1.0.5
      '@types/eventsource': 1.1.15
      event-source-polyfill: 1.0.31
      eventsource: 2.0.2

  '@sanity/mutate@0.10.1-canary.5(xstate@5.18.2)':
    dependencies:
      '@sanity/client': 6.22.2
      '@sanity/diff-match-patch': 3.1.1
      hotscript: 1.0.13
      mendoza: 3.0.7
      nanoid: 5.0.8
      rxjs: 7.8.1
    optionalDependencies:
      xstate: 5.18.2
    transitivePeerDependencies:
      - debug

  '@sanity/preview-url-secret@2.0.0(@sanity/client@6.22.2)':
    dependencies:
      '@sanity/client': 6.22.2
      '@sanity/uuid': 3.0.2

  '@sanity/react-loader@1.10.14(@sanity/client@6.22.2)(react@19.0.0-rc-fb9a90fa48-20240614)':
    dependencies:
      '@sanity/client': 6.22.2
      '@sanity/core-loader': 1.7.6(@sanity/client@6.22.2)
      react: 19.0.0-rc-fb9a90fa48-20240614

  '@sanity/uuid@3.0.2':
    dependencies:
      '@types/uuid': 8.3.4
      uuid: 8.3.2

  '@sanity/visual-editing@2.4.2(@remix-run/react@2.11.2(react-dom@19.0.0-rc-fb9a90fa48-20240614(react@19.0.0-rc-fb9a90fa48-20240614))(react@19.0.0-rc-fb9a90fa48-20240614))(@sanity/client@6.22.2)(react-dom@19.0.0-rc-fb9a90fa48-20240614(react@19.0.0-rc-fb9a90fa48-20240614))(react@19.0.0-rc-fb9a90fa48-20240614)':
    dependencies:
      '@sanity/comlink': 1.1.1
      '@sanity/mutate': 0.10.1-canary.5(xstate@5.18.2)
      '@sanity/preview-url-secret': 2.0.0(@sanity/client@6.22.2)
      '@vercel/stega': 0.1.2
      get-random-values-esm: 1.0.2
      react: 19.0.0-rc-fb9a90fa48-20240614
      react-dom: 19.0.0-rc-fb9a90fa48-20240614(react@19.0.0-rc-fb9a90fa48-20240614)
      rxjs: 7.8.1
      scroll-into-view-if-needed: 3.1.0
      use-effect-event: 1.0.2(react@19.0.0-rc-fb9a90fa48-20240614)
      valibot: 0.31.1
      xstate: 5.18.2
    optionalDependencies:
      '@remix-run/react': 2.11.2(react-dom@19.0.0-rc-fb9a90fa48-20240614(react@19.0.0-rc-fb9a90fa48-20240614))(react@19.0.0-rc-fb9a90fa48-20240614)
      '@sanity/client': 6.22.2
    transitivePeerDependencies:
      - debug

  '@shopify/hydrogen-react@2024.7.2(react-dom@19.0.0-rc-fb9a90fa48-20240614(react@19.0.0-rc-fb9a90fa48-20240614))(react@19.0.0-rc-fb9a90fa48-20240614)(xstate@5.18.2)':
    dependencies:
      '@google/model-viewer': 1.12.1
      '@xstate/fsm': 2.1.0
      '@xstate/react': 3.2.2(@xstate/fsm@2.1.0)(react@19.0.0-rc-fb9a90fa48-20240614)(xstate@5.18.2)
      graphql: 16.9.0
      react: 19.0.0-rc-fb9a90fa48-20240614
      react-dom: 19.0.0-rc-fb9a90fa48-20240614(react@19.0.0-rc-fb9a90fa48-20240614)
      type-fest: 4.26.0
      worktop: 0.7.3
    transitivePeerDependencies:
      - '@types/react'
      - xstate

  '@shopify/hydrogen@2024.7.4(@remix-run/react@2.11.2(react-dom@19.0.0-rc-fb9a90fa48-20240614(react@19.0.0-rc-fb9a90fa48-20240614))(react@19.0.0-rc-fb9a90fa48-20240614))(@remix-run/server-runtime@2.11.2)(react-dom@19.0.0-rc-fb9a90fa48-20240614(react@19.0.0-rc-fb9a90fa48-20240614))(react@19.0.0-rc-fb9a90fa48-20240614)(xstate@5.18.2)':
    dependencies:
      '@remix-run/react': 2.11.2(react-dom@19.0.0-rc-fb9a90fa48-20240614(react@19.0.0-rc-fb9a90fa48-20240614))(react@19.0.0-rc-fb9a90fa48-20240614)
      '@remix-run/server-runtime': 2.11.2
      '@shopify/hydrogen-react': 2024.7.2(react-dom@19.0.0-rc-fb9a90fa48-20240614(react@19.0.0-rc-fb9a90fa48-20240614))(react@19.0.0-rc-fb9a90fa48-20240614)(xstate@5.18.2)
      content-security-policy-builder: 2.2.0
      react: 19.0.0-rc-fb9a90fa48-20240614
      source-map-support: 0.5.21
      type-fest: 4.26.0
      use-resize-observer: 9.1.0(react-dom@19.0.0-rc-fb9a90fa48-20240614(react@19.0.0-rc-fb9a90fa48-20240614))(react@19.0.0-rc-fb9a90fa48-20240614)
      worktop: 0.7.3
    transitivePeerDependencies:
      - '@types/react'
      - react-dom
      - xstate

  '@shopify/oxygen-workers-types@4.1.4': {}

  '@shopify/remix-oxygen@2.0.6(@remix-run/server-runtime@2.11.2)(@shopify/oxygen-workers-types@4.1.4)':
    dependencies:
      '@remix-run/server-runtime': 2.11.2
      '@shopify/oxygen-workers-types': 4.1.4

  '@types/cookie@0.6.0': {}

  '@types/event-source-polyfill@1.0.5': {}

  '@types/eventsource@1.1.15': {}

  '@types/follow-redirects@1.14.4':
    dependencies:
      '@types/node': 22.5.1

  '@types/node@22.5.1':
    dependencies:
      undici-types: 6.19.8

  '@types/progress-stream@2.0.5':
    dependencies:
      '@types/node': 22.5.1

  '@types/trusted-types@2.0.7': {}

  '@types/uuid@8.3.4': {}

  '@vercel/stega@0.1.2': {}

  '@web3-storage/multipart-parser@1.0.0': {}

  '@xstate/fsm@2.1.0': {}

  '@xstate/react@3.2.2(@xstate/fsm@2.1.0)(react@19.0.0-rc-fb9a90fa48-20240614)(xstate@5.18.2)':
    dependencies:
      react: 19.0.0-rc-fb9a90fa48-20240614
      use-isomorphic-layout-effect: 1.1.2(react@19.0.0-rc-fb9a90fa48-20240614)
      use-sync-external-store: 1.2.2(react@19.0.0-rc-fb9a90fa48-20240614)
    optionalDependencies:
      '@xstate/fsm': 2.1.0
      xstate: 5.18.2
    transitivePeerDependencies:
      - '@types/react'

  buffer-from@1.1.2: {}

  compute-scroll-into-view@3.1.0: {}

  content-security-policy-builder@2.2.0: {}

  cookie@0.6.0: {}

  core-util-is@1.0.3: {}

  decompress-response@7.0.0:
    dependencies:
      mimic-response: 3.1.0

  dom-walk@0.1.2: {}

  event-source-polyfill@1.0.31: {}

  eventsource@2.0.2: {}

  follow-redirects@1.15.6: {}

  get-it@8.6.5:
    dependencies:
      '@types/follow-redirects': 1.14.4
      '@types/progress-stream': 2.0.5
      decompress-response: 7.0.0
      follow-redirects: 1.15.6
      is-retry-allowed: 2.2.0
      progress-stream: 2.0.0
      tunnel-agent: 0.6.0
    transitivePeerDependencies:
      - debug

  get-random-values-esm@1.0.2:
    dependencies:
      get-random-values: 1.2.2

  get-random-values@1.2.2:
    dependencies:
      global: 4.4.0

  global@4.4.0:
    dependencies:
      min-document: 2.19.0
      process: 0.11.10

  graphql@16.9.0: {}

  groq@3.56.0: {}

  hotscript@1.0.13: {}

  hydrogen-sanity@4.3.1(@remix-run/react@2.11.2(react-dom@19.0.0-rc-fb9a90fa48-20240614(react@19.0.0-rc-fb9a90fa48-20240614))(react@19.0.0-rc-fb9a90fa48-20240614))(@sanity/client@6.22.2)(@shopify/hydrogen@2024.7.4(@remix-run/react@2.11.2(react-dom@19.0.0-rc-fb9a90fa48-20240614(react@19.0.0-rc-fb9a90fa48-20240614))(react@19.0.0-rc-fb9a90fa48-20240614))(@remix-run/server-runtime@2.11.2)(react-dom@19.0.0-rc-fb9a90fa48-20240614(react@19.0.0-rc-fb9a90fa48-20240614))(react@19.0.0-rc-fb9a90fa48-20240614)(xstate@5.18.2))(@shopify/remix-oxygen@2.0.6(@remix-run/server-runtime@2.11.2)(@shopify/oxygen-workers-types@4.1.4))(groq@3.56.0)(react-dom@19.0.0-rc-fb9a90fa48-20240614(react@19.0.0-rc-fb9a90fa48-20240614))(react@19.0.0-rc-fb9a90fa48-20240614):
    dependencies:
      '@sanity/client': 6.22.2
      '@sanity/preview-url-secret': 2.0.0(@sanity/client@6.22.2)
      '@sanity/react-loader': 1.10.14(@sanity/client@6.22.2)(react@19.0.0-rc-fb9a90fa48-20240614)
      '@sanity/visual-editing': 2.4.2(@remix-run/react@2.11.2(react-dom@19.0.0-rc-fb9a90fa48-20240614(react@19.0.0-rc-fb9a90fa48-20240614))(react@19.0.0-rc-fb9a90fa48-20240614))(@sanity/client@6.22.2)(react-dom@19.0.0-rc-fb9a90fa48-20240614(react@19.0.0-rc-fb9a90fa48-20240614))(react@19.0.0-rc-fb9a90fa48-20240614)
      '@shopify/hydrogen': 2024.7.4(@remix-run/react@2.11.2(react-dom@19.0.0-rc-fb9a90fa48-20240614(react@19.0.0-rc-fb9a90fa48-20240614))(react@19.0.0-rc-fb9a90fa48-20240614))(@remix-run/server-runtime@2.11.2)(react-dom@19.0.0-rc-fb9a90fa48-20240614(react@19.0.0-rc-fb9a90fa48-20240614))(react@19.0.0-rc-fb9a90fa48-20240614)(xstate@5.18.2)
      '@shopify/remix-oxygen': 2.0.6(@remix-run/server-runtime@2.11.2)(@shopify/oxygen-workers-types@4.1.4)
      groq: 3.56.0
      react: 19.0.0-rc-fb9a90fa48-20240614
      react-dom: 19.0.0-rc-fb9a90fa48-20240614(react@19.0.0-rc-fb9a90fa48-20240614)
    transitivePeerDependencies:
      - '@remix-run/react'
      - '@sveltejs/kit'
      - debug
      - next
      - svelte

  inherits@2.0.4: {}

  is-retry-allowed@2.2.0: {}

  isarray@1.0.0: {}

  lit-element@3.3.3:
    dependencies:
      '@lit-labs/ssr-dom-shim': 1.2.1
      '@lit/reactive-element': 1.6.3
      lit-html: 2.8.0

  lit-html@2.8.0:
    dependencies:
      '@types/trusted-types': 2.0.7

  lit@2.8.0:
    dependencies:
      '@lit/reactive-element': 1.6.3
      lit-element: 3.3.3
      lit-html: 2.8.0

  mendoza@3.0.7: {}

  mimic-response@3.1.0: {}

  min-document@2.19.0:
    dependencies:
      dom-walk: 0.1.2

  nanoid@5.0.8: {}

  process-nextick-args@2.0.1: {}

  process@0.11.10: {}

  progress-stream@2.0.0:
    dependencies:
      speedometer: 1.0.0
      through2: 2.0.5

  react-dom@19.0.0-rc-fb9a90fa48-20240614(react@19.0.0-rc-fb9a90fa48-20240614):
    dependencies:
      react: 19.0.0-rc-fb9a90fa48-20240614
      scheduler: 0.25.0-rc-fb9a90fa48-20240614

  react-router-dom@6.26.1(react-dom@19.0.0-rc-fb9a90fa48-20240614(react@19.0.0-rc-fb9a90fa48-20240614))(react@19.0.0-rc-fb9a90fa48-20240614):
    dependencies:
      '@remix-run/router': 1.19.1
      react: 19.0.0-rc-fb9a90fa48-20240614
      react-dom: 19.0.0-rc-fb9a90fa48-20240614(react@19.0.0-rc-fb9a90fa48-20240614)
      react-router: 6.26.1(react@19.0.0-rc-fb9a90fa48-20240614)

  react-router@6.26.1(react@19.0.0-rc-fb9a90fa48-20240614):
    dependencies:
      '@remix-run/router': 1.19.1
      react: 19.0.0-rc-fb9a90fa48-20240614

  react@19.0.0-rc-fb9a90fa48-20240614: {}

  readable-stream@2.3.8:
    dependencies:
      core-util-is: 1.0.3
      inherits: 2.0.4
      isarray: 1.0.0
      process-nextick-args: 2.0.1
      safe-buffer: 5.1.2
      string_decoder: 1.1.1
      util-deprecate: 1.0.2

  regexparam@2.0.2: {}

  rxjs@7.8.1:
    dependencies:
      tslib: 2.7.0

  safe-buffer@5.1.2: {}

  safe-buffer@5.2.1: {}

  scheduler@0.25.0-rc-fb9a90fa48-20240614: {}

  scroll-into-view-if-needed@3.1.0:
    dependencies:
      compute-scroll-into-view: 3.1.0

  set-cookie-parser@2.7.0: {}

  source-map-support@0.5.21:
    dependencies:
      buffer-from: 1.1.2
      source-map: 0.6.1

  source-map@0.6.1: {}

  source-map@0.7.4: {}

  speedometer@1.0.0: {}

  string_decoder@1.1.1:
    dependencies:
      safe-buffer: 5.1.2

  three@0.139.2: {}

  through2@2.0.5:
    dependencies:
      readable-stream: 2.3.8
      xtend: 4.0.2

  tslib@2.7.0: {}

  tunnel-agent@0.6.0:
    dependencies:
      safe-buffer: 5.2.1

  turbo-stream@2.3.0: {}

  type-fest@4.26.0: {}

  undici-types@6.19.8: {}

  use-effect-event@1.0.2(react@19.0.0-rc-fb9a90fa48-20240614):
    dependencies:
      react: 19.0.0-rc-fb9a90fa48-20240614

  use-isomorphic-layout-effect@1.1.2(react@19.0.0-rc-fb9a90fa48-20240614):
    dependencies:
      react: 19.0.0-rc-fb9a90fa48-20240614

  use-resize-observer@9.1.0(react-dom@19.0.0-rc-fb9a90fa48-20240614(react@19.0.0-rc-fb9a90fa48-20240614))(react@19.0.0-rc-fb9a90fa48-20240614):
    dependencies:
      '@juggle/resize-observer': 3.4.0
      react: 19.0.0-rc-fb9a90fa48-20240614
      react-dom: 19.0.0-rc-fb9a90fa48-20240614(react@19.0.0-rc-fb9a90fa48-20240614)

  use-sync-external-store@1.2.2(react@19.0.0-rc-fb9a90fa48-20240614):
    dependencies:
      react: 19.0.0-rc-fb9a90fa48-20240614

  util-deprecate@1.0.2: {}

  uuid@10.0.0: {}

  uuid@8.3.2: {}

  valibot@0.31.1: {}

  worktop@0.7.3:
    dependencies:
      regexparam: 2.0.2

  xstate@5.18.2: {}

  xtend@4.0.2: {}
