lockfileVersion: '9.0'

settings:
  autoInstallPeers: true
  excludeLinksFromLockfile: false

importers:

  .:
    dependencies:
      '@portabletext/react':
        specifier: 3.1.0
        version: 3.1.0(react@19.0.0-rc-fb9a90fa48-20240614)
      react:
        specifier: '>=19.0.0-rc'
        version: 19.0.0-rc-fb9a90fa48-20240614
      react-dom:
        specifier: '>=19.0.0-rc'
        version: 19.0.0-rc-fb9a90fa48-20240614(react@19.0.0-rc-fb9a90fa48-20240614)

packages:

  '@portabletext/react@3.1.0':
    resolution: {integrity: sha512-ZGHlvS+NvId9RSqnflN8xF2KVZgAgD399dK1GaycurnGNZGZYTd5nZmc8by1yL76Ar8n/dbVtouUDJIkO4Tupw==}
    engines: {node: ^14.13.1 || >=16.0.0}
    peerDependencies:
      react: ^17 || ^18 || >=19.0.0-rc

  '@portabletext/toolkit@2.0.15':
    resolution: {integrity: sha512-KRNEUAd6eOxE9y591qC0sE24ZG2q27OHXe0dsPclj4IoEzf8aEuDcHR64wfFtB0aHq9Wdx3pIinmhZZcl35/vg==}
    engines: {node: ^14.13.1 || >=16.0.0}

  '@portabletext/types@2.0.13':
    resolution: {integrity: sha512-5xk5MSyQU9CrDho3Rsguj38jhijhD36Mk8S6mZo3huv6PM+t4M/5kJN2KFIxgvt4ONpvOEs1pVIZAV0cL0Vi+Q==}
    engines: {node: ^14.13.1 || >=16.0.0 || >=18.0.0}

  react-dom@19.0.0-rc-fb9a90fa48-20240614:
    resolution: {integrity: sha512-PoEsPe32F7KPLYOBvZfjylEI1B67N44PwY3lyvpmBkhlluLnLz0jH8q2Wg9YidAi6z0k3iUnNRm5x10wurzt9Q==}
    peerDependencies:
      react: 19.0.0-rc-fb9a90fa48-20240614

  react@19.0.0-rc-fb9a90fa48-20240614:
    resolution: {integrity: sha512-nvE3Gy+IOIfH/DXhkyxFVQSrITarFcQz4+shzC/McxQXEUSonpw2oDy/Wi9hdDtV3hlP12VYuDL95iiBREedNQ==}
    engines: {node: '>=0.10.0'}

  scheduler@0.25.0-rc-fb9a90fa48-20240614:
    resolution: {integrity: sha512-HHqQ/SqbeiDfXXVKgNxTpbQTD4n7IUb4hZATvHjp03jr3TF7igehCyHdOjeYTrzIseLO93cTTfSb5f4qWcirMQ==}

snapshots:

  '@portabletext/react@3.1.0(react@19.0.0-rc-fb9a90fa48-20240614)':
    dependencies:
      '@portabletext/toolkit': 2.0.15
      '@portabletext/types': 2.0.13
      react: 19.0.0-rc-fb9a90fa48-20240614

  '@portabletext/toolkit@2.0.15':
    dependencies:
      '@portabletext/types': 2.0.13

  '@portabletext/types@2.0.13': {}

  react-dom@19.0.0-rc-fb9a90fa48-20240614(react@19.0.0-rc-fb9a90fa48-20240614):
    dependencies:
      react: 19.0.0-rc-fb9a90fa48-20240614
      scheduler: 0.25.0-rc-fb9a90fa48-20240614

  react@19.0.0-rc-fb9a90fa48-20240614: {}

  scheduler@0.25.0-rc-fb9a90fa48-20240614: {}
