lockfileVersion: '9.0'

settings:
  autoInstallPeers: true
  excludeLinksFromLockfile: false

importers:

  .:
    dependencies:
      '@portabletext/react':
        specifier: 3.2.0
        version: 3.2.0(react@19.0.0)
      '@types/react':
        specifier: ^19.0.0
        version: 19.0.1
      '@types/react-dom':
        specifier: ^19.0.0
        version: 19.0.1
      '@types/react-is':
        specifier: ^19.0.0
        version: 19.0.0
      react:
        specifier: ^19.0.0
        version: 19.0.0
      react-dom:
        specifier: ^19.0.0
        version: 19.0.0(react@19.0.0)
      react-is:
        specifier: ^19.0.0
        version: 19.0.0

packages:

  '@portabletext/react@3.2.0':
    resolution: {integrity: sha512-BA216Z8yhb/eP24bfb09uiT0SVnQHTVZMPXf4MRBEZ+G8cMzZM/ab3tcp8owyp91+3kTKR0qSIpzYSKdm1Pakw==}
    engines: {node: ^14.13.1 || >=16.0.0}
    peerDependencies:
      react: ^17 || ^18 || >=19.0.0-0

  '@portabletext/toolkit@2.0.16':
    resolution: {integrity: sha512-aBvnD8MscoAlEIuZBn0Aksd+oCuoMGFOT3CtHIgRBaac0Vu4YnnMUF45xo/B/T5vmwWcnDXoJEJdn+SKDg1m+A==}
    engines: {node: ^14.13.1 || >=16.0.0}

  '@portabletext/types@2.0.13':
    resolution: {integrity: sha512-5xk5MSyQU9CrDho3Rsguj38jhijhD36Mk8S6mZo3huv6PM+t4M/5kJN2KFIxgvt4ONpvOEs1pVIZAV0cL0Vi+Q==}
    engines: {node: ^14.13.1 || >=16.0.0 || >=18.0.0}

  '@types/react-dom@19.0.1':
    resolution: {integrity: sha512-hljHij7MpWPKF6u5vojuyfV0YA4YURsQG7KT6SzV0Zs2BXAtgdTxG6A229Ub/xiWV4w/7JL8fi6aAyjshH4meA==}

  '@types/react-is@19.0.0':
    resolution: {integrity: sha512-71dSZeeJ0t3aoPyY9x6i+JNSvg5m9EF2i2OlSZI5QoJuI8Ocgor610i+4A10TQmURR+0vLwcVCEYFpXdzM1Biw==}

  '@types/react@19.0.1':
    resolution: {integrity: sha512-YW6614BDhqbpR5KtUYzTA+zlA7nayzJRA9ljz9CQoxthR0sDisYZLuvSMsil36t4EH/uAt8T52Xb4sVw17G+SQ==}

  csstype@3.1.3:
    resolution: {integrity: sha512-M1uQkMl8rQK/szD0LNhtqxIPLpimGm8sOBwU7lLnCpSbTyY3yeU1Vc7l4KT5zT4s/yOxHH5O7tIuuLOCnLADRw==}

  react-dom@19.0.0:
    resolution: {integrity: sha512-4GV5sHFG0e/0AD4X+ySy6UJd3jVl1iNsNHdpad0qhABJ11twS3TTBnseqsKurKcsNqCEFeGL3uLpVChpIO3QfQ==}
    peerDependencies:
      react: ^19.0.0

  react-is@19.0.0:
    resolution: {integrity: sha512-H91OHcwjZsbq3ClIDHMzBShc1rotbfACdWENsmEf0IFvZ3FgGPtdHMcsv45bQ1hAbgdfiA8SnxTKfDS+x/8m2g==}

  react@19.0.0:
    resolution: {integrity: sha512-V8AVnmPIICiWpGfm6GLzCR/W5FXLchHop40W4nXBmdlEceh16rCN8O8LNWm5bh5XUX91fh7KpA+W0TgMKmgTpQ==}
    engines: {node: '>=0.10.0'}

  scheduler@0.25.0:
    resolution: {integrity: sha512-xFVuu11jh+xcO7JOAGJNOXld8/TcEHK/4CituBUeUb5hqxJLj9YuemAEuvm9gQ/+pgXYfbQuqAkiYu+u7YEsNA==}

snapshots:

  '@portabletext/react@3.2.0(react@19.0.0)':
    dependencies:
      '@portabletext/toolkit': 2.0.16
      '@portabletext/types': 2.0.13
      react: 19.0.0

  '@portabletext/toolkit@2.0.16':
    dependencies:
      '@portabletext/types': 2.0.13

  '@portabletext/types@2.0.13': {}

  '@types/react-dom@19.0.1':
    dependencies:
      '@types/react': 19.0.1

  '@types/react-is@19.0.0':
    dependencies:
      '@types/react': 19.0.1

  '@types/react@19.0.1':
    dependencies:
      csstype: 3.1.3

  csstype@3.1.3: {}

  react-dom@19.0.0(react@19.0.0):
    dependencies:
      react: 19.0.0
      scheduler: 0.25.0

  react-is@19.0.0: {}

  react@19.0.0: {}

  scheduler@0.25.0: {}
