lockfileVersion: '9.0'

settings:
  autoInstallPeers: true
  excludeLinksFromLockfile: false

importers:

  .:
    dependencies:
      '@portabletext/react':
        specifier: 3.1.0
        version: 3.1.0(react@19.0.0-rc-f994737d14-20240522)
      react:
        specifier: '>=19.0.0-rc'
        version: 19.0.0-rc-f994737d14-20240522
      react-dom:
        specifier: '>=19.0.0-rc'
        version: 19.0.0-rc-f994737d14-20240522(react@19.0.0-rc-f994737d14-20240522)

packages:

  '@portabletext/react@3.1.0':
    resolution: {integrity: sha512-ZGHlvS+NvId9RSqnflN8xF2KVZgAgD399dK1GaycurnGNZGZYTd5nZmc8by1yL76Ar8n/dbVtouUDJIkO4Tupw==}
    engines: {node: ^14.13.1 || >=16.0.0}
    peerDependencies:
      react: ^17 || ^18 || >=19.0.0-rc

  '@portabletext/toolkit@2.0.15':
    resolution: {integrity: sha512-KRNEUAd6eOxE9y591qC0sE24ZG2q27OHXe0dsPclj4IoEzf8aEuDcHR64wfFtB0aHq9Wdx3pIinmhZZcl35/vg==}
    engines: {node: ^14.13.1 || >=16.0.0}

  '@portabletext/types@2.0.13':
    resolution: {integrity: sha512-5xk5MSyQU9CrDho3Rsguj38jhijhD36Mk8S6mZo3huv6PM+t4M/5kJN2KFIxgvt4ONpvOEs1pVIZAV0cL0Vi+Q==}
    engines: {node: ^14.13.1 || >=16.0.0 || >=18.0.0}

  react-dom@19.0.0-rc-f994737d14-20240522:
    resolution: {integrity: sha512-J4CsfTSptPKkhaPbaR6n/KohQiHZTrRZ8GL4H8rbAqN/Qpy69g2MIoLBr5/PUX21ye6JxC1ZRWJFna7Xdg1pdA==}
    peerDependencies:
      react: 19.0.0-rc-f994737d14-20240522

  react@19.0.0-rc-f994737d14-20240522:
    resolution: {integrity: sha512-SeU2v5Xy6FotVhKz0pMS2gvYP7HlkF0qgTskj3JzA1vlxcb3dQjxlm9t0ZlJqcgoyI3VFAw7bomuDMdgy1nBuw==}
    engines: {node: '>=0.10.0'}

  scheduler@0.25.0-rc-f994737d14-20240522:
    resolution: {integrity: sha512-qS+xGFF7AljP2APO2iJe8zESNsK20k25MACz+WGOXPybUsRdi1ssvaoF93im2nSX2q/XT3wKkjdz6RQfbmaxdw==}

snapshots:

  '@portabletext/react@3.1.0(react@19.0.0-rc-f994737d14-20240522)':
    dependencies:
      '@portabletext/toolkit': 2.0.15
      '@portabletext/types': 2.0.13
      react: 19.0.0-rc-f994737d14-20240522

  '@portabletext/toolkit@2.0.15':
    dependencies:
      '@portabletext/types': 2.0.13

  '@portabletext/types@2.0.13': {}

  react-dom@19.0.0-rc-f994737d14-20240522(react@19.0.0-rc-f994737d14-20240522):
    dependencies:
      react: 19.0.0-rc-f994737d14-20240522
      scheduler: 0.25.0-rc-f994737d14-20240522

  react@19.0.0-rc-f994737d14-20240522: {}

  scheduler@0.25.0-rc-f994737d14-20240522: {}
