lockfileVersion: '9.0'

settings:
  autoInstallPeers: true
  excludeLinksFromLockfile: false

importers:

  .:
    dependencies:
      framer-motion:
        specifier: 11.2.6
        version: 11.2.6(@emotion/is-prop-valid@0.8.8)(react-dom@19.0.0-rc-f994737d14-20240522(react@19.0.0-rc-f994737d14-20240522))(react@19.0.0-rc-f994737d14-20240522)
      react:
        specifier: '>=19.0.0-rc'
        version: 19.0.0-rc-f994737d14-20240522
      react-dom:
        specifier: '>=19.0.0-rc'
        version: 19.0.0-rc-f994737d14-20240522(react@19.0.0-rc-f994737d14-20240522)

packages:

  '@emotion/is-prop-valid@0.8.8':
    resolution: {integrity: sha512-u5WtneEAr5IDG2Wv65yhunPSMLIpuKsbuOktRojfrEiEvRyC85LgPMZI63cr7NUqT8ZIGdSVg8ZKGxIug4lXcA==}

  '@emotion/memoize@0.7.4':
    resolution: {integrity: sha512-Ja/Vfqe3HpuzRsG1oBtWTHk2PGZ7GR+2Vz5iYGelAw8dx32K0y7PjVuxK6z1nMpZOqAFsRUPCkK1YjJ56qJlgw==}

  framer-motion@11.2.6:
    resolution: {integrity: sha512-XUrjjBt57e5YoHQtjwc3eNchFBuHvIgN/cS8SC4oIaAn2J/0+bLanUxXizidJKZVeHJam/JrmMnPRjYMglVn5g==}
    peerDependencies:
      '@emotion/is-prop-valid': '*'
      react: ^18.0.0
      react-dom: ^18.0.0
    peerDependenciesMeta:
      '@emotion/is-prop-valid':
        optional: true
      react:
        optional: true
      react-dom:
        optional: true

  react-dom@19.0.0-rc-f994737d14-20240522:
    resolution: {integrity: sha512-J4CsfTSptPKkhaPbaR6n/KohQiHZTrRZ8GL4H8rbAqN/Qpy69g2MIoLBr5/PUX21ye6JxC1ZRWJFna7Xdg1pdA==}
    peerDependencies:
      react: 19.0.0-rc-f994737d14-20240522

  react@19.0.0-rc-f994737d14-20240522:
    resolution: {integrity: sha512-SeU2v5Xy6FotVhKz0pMS2gvYP7HlkF0qgTskj3JzA1vlxcb3dQjxlm9t0ZlJqcgoyI3VFAw7bomuDMdgy1nBuw==}
    engines: {node: '>=0.10.0'}

  scheduler@0.25.0-rc-f994737d14-20240522:
    resolution: {integrity: sha512-qS+xGFF7AljP2APO2iJe8zESNsK20k25MACz+WGOXPybUsRdi1ssvaoF93im2nSX2q/XT3wKkjdz6RQfbmaxdw==}

  tslib@2.6.2:
    resolution: {integrity: sha512-AEYxH93jGFPn/a2iVAwW87VuUIkR1FVUKB77NwMF7nBTDkDrrT/Hpt/IrCJ0QXhW27jTBDcf5ZY7w6RiqTMw2Q==}

snapshots:

  '@emotion/is-prop-valid@0.8.8':
    dependencies:
      '@emotion/memoize': 0.7.4
    optional: true

  '@emotion/memoize@0.7.4':
    optional: true

  framer-motion@11.2.6(@emotion/is-prop-valid@0.8.8)(react-dom@19.0.0-rc-f994737d14-20240522(react@19.0.0-rc-f994737d14-20240522))(react@19.0.0-rc-f994737d14-20240522):
    dependencies:
      tslib: 2.6.2
    optionalDependencies:
      '@emotion/is-prop-valid': 0.8.8
      react: 19.0.0-rc-f994737d14-20240522
      react-dom: 19.0.0-rc-f994737d14-20240522(react@19.0.0-rc-f994737d14-20240522)

  react-dom@19.0.0-rc-f994737d14-20240522(react@19.0.0-rc-f994737d14-20240522):
    dependencies:
      react: 19.0.0-rc-f994737d14-20240522
      scheduler: 0.25.0-rc-f994737d14-20240522

  react@19.0.0-rc-f994737d14-20240522: {}

  scheduler@0.25.0-rc-f994737d14-20240522: {}

  tslib@2.6.2: {}
