lockfileVersion: '9.0'

settings:
  autoInstallPeers: true
  excludeLinksFromLockfile: false

importers:

  .:
    dependencies:
      react:
        specifier: '>=19.0.0-rc'
        version: 19.0.0-rc-f994737d14-20240522
      react-dom:
        specifier: '>=19.0.0-rc'
        version: 19.0.0-rc-f994737d14-20240522(react@19.0.0-rc-f994737d14-20240522)
      react-infinite-scroll-component:
        specifier: 6.1.0
        version: 6.1.0(react@19.0.0-rc-f994737d14-20240522)

packages:

  react-dom@19.0.0-rc-f994737d14-20240522:
    resolution: {integrity: sha512-J4CsfTSptPKkhaPbaR6n/KohQiHZTrRZ8GL4H8rbAqN/Qpy69g2MIoLBr5/PUX21ye6JxC1ZRWJFna7Xdg1pdA==}
    peerDependencies:
      react: 19.0.0-rc-f994737d14-20240522

  react-infinite-scroll-component@6.1.0:
    resolution: {integrity: sha512-SQu5nCqy8DxQWpnUVLx7V7b7LcA37aM7tvoWjTLZp1dk6EJibM5/4EJKzOnl07/BsM1Y40sKLuqjCwwH/xV0TQ==}
    peerDependencies:
      react: '>=16.0.0'

  react@19.0.0-rc-f994737d14-20240522:
    resolution: {integrity: sha512-SeU2v5Xy6FotVhKz0pMS2gvYP7HlkF0qgTskj3JzA1vlxcb3dQjxlm9t0ZlJqcgoyI3VFAw7bomuDMdgy1nBuw==}
    engines: {node: '>=0.10.0'}

  scheduler@0.25.0-rc-f994737d14-20240522:
    resolution: {integrity: sha512-qS+xGFF7AljP2APO2iJe8zESNsK20k25MACz+WGOXPybUsRdi1ssvaoF93im2nSX2q/XT3wKkjdz6RQfbmaxdw==}

  throttle-debounce@2.3.0:
    resolution: {integrity: sha512-H7oLPV0P7+jgvrk+6mwwwBDmxTaxnu9HMXmloNLXwnNO0ZxZ31Orah2n8lU1eMPvsaowP2CX+USCgyovXfdOFQ==}
    engines: {node: '>=8'}

snapshots:

  react-dom@19.0.0-rc-f994737d14-20240522(react@19.0.0-rc-f994737d14-20240522):
    dependencies:
      react: 19.0.0-rc-f994737d14-20240522
      scheduler: 0.25.0-rc-f994737d14-20240522

  react-infinite-scroll-component@6.1.0(react@19.0.0-rc-f994737d14-20240522):
    dependencies:
      react: 19.0.0-rc-f994737d14-20240522
      throttle-debounce: 2.3.0

  react@19.0.0-rc-f994737d14-20240522: {}

  scheduler@0.25.0-rc-f994737d14-20240522: {}

  throttle-debounce@2.3.0: {}
