lockfileVersion: '9.0'

settings:
  autoInstallPeers: true
  excludeLinksFromLockfile: false

importers:

  .:
    dependencies:
      '@types/react':
        specifier: ^19.0.0
        version: 19.0.1
      '@types/react-dom':
        specifier: ^19.0.0
        version: 19.0.2(@types/react@19.0.1)
      '@types/react-is':
        specifier: ^19.0.0
        version: 19.0.0
      react:
        specifier: ^19.0.0
        version: 19.0.0
      react-dom:
        specifier: ^19.0.0
        version: 19.0.0(react@19.0.0)
      react-focus-lock:
        specifier: 2.13.5
        version: 2.13.5(@types/react@19.0.1)(react@19.0.0)
      react-is:
        specifier: ^19.0.0
        version: 19.0.0

packages:

  '@babel/runtime@7.26.0':
    resolution: {integrity: sha512-FDSOghenHTiToteC/QRlv2q3DhPZ/oOXTBoirfWNx1Cx3TMVcGWQtMMmQcSvb/JjpNeGzx8Pq/b4fKEJuWm1sw==}
    engines: {node: '>=6.9.0'}

  '@types/react-dom@19.0.2':
    resolution: {integrity: sha512-c1s+7TKFaDRRxr1TxccIX2u7sfCnc3RxkVyBIUA2lCpyqCF+QoAwQ/CBg7bsMdVwP120HEH143VQezKtef5nCg==}
    peerDependencies:
      '@types/react': ^19.0.0

  '@types/react-is@19.0.0':
    resolution: {integrity: sha512-71dSZeeJ0t3aoPyY9x6i+JNSvg5m9EF2i2OlSZI5QoJuI8Ocgor610i+4A10TQmURR+0vLwcVCEYFpXdzM1Biw==}

  '@types/react@19.0.1':
    resolution: {integrity: sha512-YW6614BDhqbpR5KtUYzTA+zlA7nayzJRA9ljz9CQoxthR0sDisYZLuvSMsil36t4EH/uAt8T52Xb4sVw17G+SQ==}

  csstype@3.1.3:
    resolution: {integrity: sha512-M1uQkMl8rQK/szD0LNhtqxIPLpimGm8sOBwU7lLnCpSbTyY3yeU1Vc7l4KT5zT4s/yOxHH5O7tIuuLOCnLADRw==}

  detect-node-es@1.1.0:
    resolution: {integrity: sha512-ypdmJU/TbBby2Dxibuv7ZLW3Bs1QEmM7nHjEANfohJLvE0XVujisn1qPJcZxg+qDucsr+bP6fLD1rPS3AhJ7EQ==}

  focus-lock@1.3.5:
    resolution: {integrity: sha512-QFaHbhv9WPUeLYBDe/PAuLKJ4Dd9OPvKs9xZBr3yLXnUrDNaVXKu2baDBXe3naPY30hgHYSsf2JW4jzas2mDEQ==}
    engines: {node: '>=10'}

  js-tokens@4.0.0:
    resolution: {integrity: sha512-RdJUflcE3cUzKiMqQgsCu06FPu9UdIJO0beYbPhHN4k6apgJtifcoCtT9bcxOpYBtpD2kCM6Sbzg4CausW/PKQ==}

  loose-envify@1.4.0:
    resolution: {integrity: sha512-lyuxPGr/Wfhrlem2CL/UcnUc1zcqKAImBDzukY7Y5F/yQiNdko6+fRLevlw1HgMySw7f611UIY408EtxRSoK3Q==}
    hasBin: true

  object-assign@4.1.1:
    resolution: {integrity: sha512-rJgTQnkUnH1sFw8yT6VSU3zD3sWmu6sZhIseY8VX+GRu3P6F7Fu+JNDoXfklElbLJSnc3FUQHVe4cU5hj+BcUg==}
    engines: {node: '>=0.10.0'}

  prop-types@15.8.1:
    resolution: {integrity: sha512-oj87CgZICdulUohogVAR7AjlC0327U4el4L6eAvOqCeudMDVU0NThNaV+b9Df4dXgSP1gXMTnPdhfe/2qDH5cg==}

  react-clientside-effect@1.2.7:
    resolution: {integrity: sha512-gce9m0Pk/xYYMEojRI9bgvqQAkl6hm7ozQvqWPyQx+kULiatdHgkNM1QG4DQRx5N9BAzWSCJmt9mMV8/KsdgVg==}
    peerDependencies:
      react: ^16.8.0 || ^17.0.0 || ^18.0.0 || ^19.0.0 || ^19.0.0-rc

  react-dom@19.0.0:
    resolution: {integrity: sha512-4GV5sHFG0e/0AD4X+ySy6UJd3jVl1iNsNHdpad0qhABJ11twS3TTBnseqsKurKcsNqCEFeGL3uLpVChpIO3QfQ==}
    peerDependencies:
      react: ^19.0.0

  react-focus-lock@2.13.5:
    resolution: {integrity: sha512-HjHuZFFk2+j6ZT3LDQpyqffue541HrxUG/OFchCEwis9nstgNg0rREVRAxHBcB1lHJ5Fsxtx1qya/5xFwxDb4g==}
    peerDependencies:
      '@types/react': '*'
      react: ^16.8.0 || ^17.0.0 || ^18.0.0 || ^19.0.0 || ^19.0.0-rc
    peerDependenciesMeta:
      '@types/react':
        optional: true

  react-is@16.13.1:
    resolution: {integrity: sha512-24e6ynE2H+OKt4kqsOvNd8kBpV65zoxbA4BVsEOB3ARVWQki/DHzaUoC5KuON/BiccDaCCTZBuOcfZs70kR8bQ==}

  react-is@19.0.0:
    resolution: {integrity: sha512-H91OHcwjZsbq3ClIDHMzBShc1rotbfACdWENsmEf0IFvZ3FgGPtdHMcsv45bQ1hAbgdfiA8SnxTKfDS+x/8m2g==}

  react@19.0.0:
    resolution: {integrity: sha512-V8AVnmPIICiWpGfm6GLzCR/W5FXLchHop40W4nXBmdlEceh16rCN8O8LNWm5bh5XUX91fh7KpA+W0TgMKmgTpQ==}
    engines: {node: '>=0.10.0'}

  regenerator-runtime@0.14.1:
    resolution: {integrity: sha512-dYnhHh0nJoMfnkZs6GmmhFknAGRrLznOu5nc9ML+EJxGvrx6H7teuevqVqCuPcPK//3eDrrjQhehXVx9cnkGdw==}

  scheduler@0.25.0:
    resolution: {integrity: sha512-xFVuu11jh+xcO7JOAGJNOXld8/TcEHK/4CituBUeUb5hqxJLj9YuemAEuvm9gQ/+pgXYfbQuqAkiYu+u7YEsNA==}

  tslib@2.8.1:
    resolution: {integrity: sha512-oJFu94HQb+KVduSUQL7wnpmqnfmLsOA/nAh6b6EH0wCEoK0/mPeXU6c3wKDV83MkOuHPRHtSXKKU99IBazS/2w==}

  use-callback-ref@1.3.2:
    resolution: {integrity: sha512-elOQwe6Q8gqZgDA8mrh44qRTQqpIHDcZ3hXTLjBe1i4ph8XpNJnO+aQf3NaG+lriLopI4HMx9VjQLfPQ6vhnoA==}
    engines: {node: '>=10'}
    peerDependencies:
      '@types/react': ^16.8.0 || ^17.0.0 || ^18.0.0
      react: ^16.8.0 || ^17.0.0 || ^18.0.0
    peerDependenciesMeta:
      '@types/react':
        optional: true

  use-sidecar@1.1.3:
    resolution: {integrity: sha512-Fedw0aZvkhynoPYlA5WXrMCAMm+nSWdZt6lzJQ7Ok8S6Q+VsHmHpRWndVRJ8Be0ZbkfPc5LRYH+5XrzXcEeLRQ==}
    engines: {node: '>=10'}
    peerDependencies:
      '@types/react': '*'
      react: ^16.8.0 || ^17.0.0 || ^18.0.0 || ^19.0.0 || ^19.0.0-rc
    peerDependenciesMeta:
      '@types/react':
        optional: true

snapshots:

  '@babel/runtime@7.26.0':
    dependencies:
      regenerator-runtime: 0.14.1

  '@types/react-dom@19.0.2(@types/react@19.0.1)':
    dependencies:
      '@types/react': 19.0.1

  '@types/react-is@19.0.0':
    dependencies:
      '@types/react': 19.0.1

  '@types/react@19.0.1':
    dependencies:
      csstype: 3.1.3

  csstype@3.1.3: {}

  detect-node-es@1.1.0: {}

  focus-lock@1.3.5:
    dependencies:
      tslib: 2.8.1

  js-tokens@4.0.0: {}

  loose-envify@1.4.0:
    dependencies:
      js-tokens: 4.0.0

  object-assign@4.1.1: {}

  prop-types@15.8.1:
    dependencies:
      loose-envify: 1.4.0
      object-assign: 4.1.1
      react-is: 16.13.1

  react-clientside-effect@1.2.7(react@19.0.0):
    dependencies:
      '@babel/runtime': 7.26.0
      react: 19.0.0

  react-dom@19.0.0(react@19.0.0):
    dependencies:
      react: 19.0.0
      scheduler: 0.25.0

  react-focus-lock@2.13.5(@types/react@19.0.1)(react@19.0.0):
    dependencies:
      '@babel/runtime': 7.26.0
      focus-lock: 1.3.5
      prop-types: 15.8.1
      react: 19.0.0
      react-clientside-effect: 1.2.7(react@19.0.0)
      use-callback-ref: 1.3.2(@types/react@19.0.1)(react@19.0.0)
      use-sidecar: 1.1.3(@types/react@19.0.1)(react@19.0.0)
    optionalDependencies:
      '@types/react': 19.0.1

  react-is@16.13.1: {}

  react-is@19.0.0: {}

  react@19.0.0: {}

  regenerator-runtime@0.14.1: {}

  scheduler@0.25.0: {}

  tslib@2.8.1: {}

  use-callback-ref@1.3.2(@types/react@19.0.1)(react@19.0.0):
    dependencies:
      react: 19.0.0
      tslib: 2.8.1
    optionalDependencies:
      '@types/react': 19.0.1

  use-sidecar@1.1.3(@types/react@19.0.1)(react@19.0.0):
    dependencies:
      detect-node-es: 1.1.0
      react: 19.0.0
      tslib: 2.8.1
    optionalDependencies:
      '@types/react': 19.0.1
