lockfileVersion: '9.0'

settings:
  autoInstallPeers: true
  excludeLinksFromLockfile: false

importers:

  .:
    dependencies:
      '@sanity/react-loader':
        specifier: 1.10.5
        version: 1.10.5(@sanity/client@6.21.1)(react@19.0.0-rc-fb9a90fa48-20240614)
      react:
        specifier: '>=19.0.0-rc'
        version: 19.0.0-rc-fb9a90fa48-20240614
      react-dom:
        specifier: '>=19.0.0-rc'
        version: 19.0.0-rc-fb9a90fa48-20240614(react@19.0.0-rc-fb9a90fa48-20240614)

packages:

  '@sanity/client@6.21.1':
    resolution: {integrity: sha512-j6OnE6Ytso0c5imjuIviglJDKXgd3jCVyPmZO+GpqWDtPWSXPucqH/mFyHcs5+kWyfAfkY5G1R2+Er0L7Sb0hA==}
    engines: {node: '>=14.18'}

  '@sanity/core-loader@1.6.21':
    resolution: {integrity: sha512-eGoBGBRcH6cV8WoGnltaxOfUqCGRFRfWjACQbGG2oRSN5prEFi8cGHWnXp6otQpetfrj34p8QE5T42No8fIISg==}
    engines: {node: '>=18'}
    peerDependencies:
      '@sanity/client': ^6.21.1

  '@sanity/eventsource@5.0.2':
    resolution: {integrity: sha512-/B9PMkUvAlUrpRq0y+NzXgRv5lYCLxZNsBJD2WXVnqZYOfByL9oQBV7KiTaARuObp5hcQYuPfOAVjgXe3hrixA==}

  '@sanity/react-loader@1.10.5':
    resolution: {integrity: sha512-VQ2f37aT9kb0MxA2OnO6R7bavvWJpYokj+MRyJgTPhlrrb3abeNnALjV/XwsN1mCEabq30CmQi7WP4PNMc1Cbw==}
    engines: {node: '>=18'}
    peerDependencies:
      '@sanity/client': ^6.21.1
      react: ^18.3 || >=19.0.0-rc

  '@types/event-source-polyfill@1.0.5':
    resolution: {integrity: sha512-iaiDuDI2aIFft7XkcwMzDWLqo7LVDixd2sR6B4wxJut9xcp/Ev9bO4EFg4rm6S9QxATLBj5OPxdeocgmhjwKaw==}

  '@types/eventsource@1.1.15':
    resolution: {integrity: sha512-XQmGcbnxUNa06HR3VBVkc9+A2Vpi9ZyLJcdS5dwaQQ/4ZMWFO+5c90FnMUpbtMZwB/FChoYHwuVg8TvkECacTA==}

  core-util-is@1.0.3:
    resolution: {integrity: sha512-ZQBvi1DcpJ4GDqanjucZ2Hj3wEO5pZDS89BWbkcrvdxksJorwUDDZamX9ldFkp9aw2lmBDLgkObEA4DWNJ9FYQ==}

  decompress-response@7.0.0:
    resolution: {integrity: sha512-6IvPrADQyyPGLpMnUh6kfKiqy7SrbXbjoUuZ90WMBJKErzv2pCiwlGEXjRX9/54OnTq+XFVnkOnOMzclLI5aEA==}
    engines: {node: '>=10'}

  event-source-polyfill@1.0.31:
    resolution: {integrity: sha512-4IJSItgS/41IxN5UVAVuAyczwZF7ZIEsM1XAoUzIHA6A+xzusEZUutdXz2Nr+MQPLxfTiCvqE79/C8HT8fKFvA==}

  eventsource@2.0.2:
    resolution: {integrity: sha512-IzUmBGPR3+oUG9dUeXynyNmf91/3zUSJg1lCktzKw47OXuhco54U3r9B7O4XX+Rb1Itm9OZ2b0RkTs10bICOxA==}
    engines: {node: '>=12.0.0'}

  follow-redirects@1.15.6:
    resolution: {integrity: sha512-wWN62YITEaOpSK584EZXJafH1AGpO8RVgElfkuXbTOrPX4fIfOyEpW/CsiNd8JdYrAoOvafRTOEnvsO++qCqFA==}
    engines: {node: '>=4.0'}
    peerDependencies:
      debug: '*'
    peerDependenciesMeta:
      debug:
        optional: true

  get-it@8.6.3:
    resolution: {integrity: sha512-I7AKP1Xl2q2j4ucvU0yMtiM+xZKgzD1Fvyh1YcZCT66i+wNrxJAonV+H1yynB3gerZ17uA00IXg61LVLdDeiCg==}
    engines: {node: '>=14.0.0'}

  inherits@2.0.4:
    resolution: {integrity: sha512-k/vGaX4/Yla3WzyMCvTQOXYeIHvqOKtnqBduzTHpzpQZzAskKMhZ2K+EnBiSM9zGSoIFeMpXKxa4dYeZIQqewQ==}

  is-retry-allowed@2.2.0:
    resolution: {integrity: sha512-XVm7LOeLpTW4jV19QSH38vkswxoLud8sQ57YwJVTPWdiaI9I8keEhGFpBlslyVsgdQy4Opg8QOLb8YRgsyZiQg==}
    engines: {node: '>=10'}

  isarray@1.0.0:
    resolution: {integrity: sha512-VLghIWNM6ELQzo7zwmcg0NmTVyWKYjvIeM83yjp0wRDTmUnrM678fQbcKBo6n2CJEF0szoG//ytg+TKla89ALQ==}

  mimic-response@3.1.0:
    resolution: {integrity: sha512-z0yWI+4FDrrweS8Zmt4Ej5HdJmky15+L2e6Wgn3+iK5fWzb6T3fhNFq2+MeTRb064c6Wr4N/wv0DzQTjNzHNGQ==}
    engines: {node: '>=10'}

  process-nextick-args@2.0.1:
    resolution: {integrity: sha512-3ouUOpQhtgrbOa17J7+uxOTpITYWaGP7/AhoR3+A+/1e9skrzelGi/dXzEYyvbxubEF6Wn2ypscTKiKJFFn1ag==}

  progress-stream@2.0.0:
    resolution: {integrity: sha512-xJwOWR46jcXUq6EH9yYyqp+I52skPySOeHfkxOZ2IY1AiBi/sFJhbhAKHoV3OTw/omQ45KTio9215dRJ2Yxd3Q==}

  react-dom@19.0.0-rc-fb9a90fa48-20240614:
    resolution: {integrity: sha512-PoEsPe32F7KPLYOBvZfjylEI1B67N44PwY3lyvpmBkhlluLnLz0jH8q2Wg9YidAi6z0k3iUnNRm5x10wurzt9Q==}
    peerDependencies:
      react: 19.0.0-rc-fb9a90fa48-20240614

  react@19.0.0-rc-fb9a90fa48-20240614:
    resolution: {integrity: sha512-nvE3Gy+IOIfH/DXhkyxFVQSrITarFcQz4+shzC/McxQXEUSonpw2oDy/Wi9hdDtV3hlP12VYuDL95iiBREedNQ==}
    engines: {node: '>=0.10.0'}

  readable-stream@2.3.8:
    resolution: {integrity: sha512-8p0AUk4XODgIewSi0l8Epjs+EVnWiK7NoDIEGU0HhE7+ZyY8D1IMY7odu5lRrFXGg71L15KG8QrPmum45RTtdA==}

  rxjs@7.8.1:
    resolution: {integrity: sha512-AA3TVj+0A2iuIoQkWEK/tqFjBq2j+6PO6Y0zJcvzLAFhEFIO3HL0vls9hWLncZbAAbK0mar7oZ4V079I/qPMxg==}

  safe-buffer@5.1.2:
    resolution: {integrity: sha512-Gd2UZBJDkXlY7GbJxfsE8/nvKkUEU1G38c1siN6QP6a9PT9MmHB8GnpscSmMJSoF8LOIrt8ud/wPtojys4G6+g==}

  safe-buffer@5.2.1:
    resolution: {integrity: sha512-rp3So07KcdmmKbGvgaNxQSJr7bGVSVk5S9Eq1F+ppbRo70+YeaDxkw5Dd8NPN+GD6bjnYm2VuPuCXmpuYvmCXQ==}

  scheduler@0.25.0-rc-fb9a90fa48-20240614:
    resolution: {integrity: sha512-HHqQ/SqbeiDfXXVKgNxTpbQTD4n7IUb4hZATvHjp03jr3TF7igehCyHdOjeYTrzIseLO93cTTfSb5f4qWcirMQ==}

  speedometer@1.0.0:
    resolution: {integrity: sha512-lgxErLl/7A5+vgIIXsh9MbeukOaCb2axgQ+bKCdIE+ibNT4XNYGNCR1qFEGq6F+YDASXK3Fh/c5FgtZchFolxw==}

  string_decoder@1.1.1:
    resolution: {integrity: sha512-n/ShnvDi6FHbbVfviro+WojiFzv+s8MPMHBczVePfUpDJLwoLT0ht1l4YwBCbi8pJAveEEdnkHyPyTP/mzRfwg==}

  through2@2.0.5:
    resolution: {integrity: sha512-/mrRod8xqpA+IHSLyGCQ2s8SPHiCDEeQJSep1jqLYeEUClOFG2Qsh+4FU6G9VeqpZnGW/Su8LQGc4YKni5rYSQ==}

  tslib@2.6.3:
    resolution: {integrity: sha512-xNvxJEOUiWPGhUuUdQgAJPKOOJfGnIyKySOc09XkKsgdUV/3E2zvwZYdejjmRgPCgcym1juLH3226yA7sEFJKQ==}

  tunnel-agent@0.6.0:
    resolution: {integrity: sha512-McnNiV1l8RYeY8tBgEpuodCC1mLUdbSN+CYBL7kJsJNInOP8UjDDEwdk6Mw60vdLLrr5NHKZhMAOSrR2NZuQ+w==}

  util-deprecate@1.0.2:
    resolution: {integrity: sha512-EPD5q1uXyFxJpCrLnCc1nHnq3gOa6DZBocAIiI2TaSCA7VCJ1UJDMagCzIkXNsUYfD1daK//LTEQ8xiIbrHtcw==}

  xtend@4.0.2:
    resolution: {integrity: sha512-LKYU1iAXJXUgAXn9URjiu+MWhyUXHsvfp7mcuYm9dSUKK0/CjtrUwFAxD82/mCWbtLsGjFIad0wIsod4zrTAEQ==}
    engines: {node: '>=0.4'}

snapshots:

  '@sanity/client@6.21.1':
    dependencies:
      '@sanity/eventsource': 5.0.2
      get-it: 8.6.3
      rxjs: 7.8.1
    transitivePeerDependencies:
      - debug

  '@sanity/core-loader@1.6.21(@sanity/client@6.21.1)':
    dependencies:
      '@sanity/client': 6.21.1

  '@sanity/eventsource@5.0.2':
    dependencies:
      '@types/event-source-polyfill': 1.0.5
      '@types/eventsource': 1.1.15
      event-source-polyfill: 1.0.31
      eventsource: 2.0.2

  '@sanity/react-loader@1.10.5(@sanity/client@6.21.1)(react@19.0.0-rc-fb9a90fa48-20240614)':
    dependencies:
      '@sanity/client': 6.21.1
      '@sanity/core-loader': 1.6.21(@sanity/client@6.21.1)
      react: 19.0.0-rc-fb9a90fa48-20240614

  '@types/event-source-polyfill@1.0.5': {}

  '@types/eventsource@1.1.15': {}

  core-util-is@1.0.3: {}

  decompress-response@7.0.0:
    dependencies:
      mimic-response: 3.1.0

  event-source-polyfill@1.0.31: {}

  eventsource@2.0.2: {}

  follow-redirects@1.15.6: {}

  get-it@8.6.3:
    dependencies:
      decompress-response: 7.0.0
      follow-redirects: 1.15.6
      is-retry-allowed: 2.2.0
      progress-stream: 2.0.0
      tunnel-agent: 0.6.0
    transitivePeerDependencies:
      - debug

  inherits@2.0.4: {}

  is-retry-allowed@2.2.0: {}

  isarray@1.0.0: {}

  mimic-response@3.1.0: {}

  process-nextick-args@2.0.1: {}

  progress-stream@2.0.0:
    dependencies:
      speedometer: 1.0.0
      through2: 2.0.5

  react-dom@19.0.0-rc-fb9a90fa48-20240614(react@19.0.0-rc-fb9a90fa48-20240614):
    dependencies:
      react: 19.0.0-rc-fb9a90fa48-20240614
      scheduler: 0.25.0-rc-fb9a90fa48-20240614

  react@19.0.0-rc-fb9a90fa48-20240614: {}

  readable-stream@2.3.8:
    dependencies:
      core-util-is: 1.0.3
      inherits: 2.0.4
      isarray: 1.0.0
      process-nextick-args: 2.0.1
      safe-buffer: 5.1.2
      string_decoder: 1.1.1
      util-deprecate: 1.0.2

  rxjs@7.8.1:
    dependencies:
      tslib: 2.6.3

  safe-buffer@5.1.2: {}

  safe-buffer@5.2.1: {}

  scheduler@0.25.0-rc-fb9a90fa48-20240614: {}

  speedometer@1.0.0: {}

  string_decoder@1.1.1:
    dependencies:
      safe-buffer: 5.1.2

  through2@2.0.5:
    dependencies:
      readable-stream: 2.3.8
      xtend: 4.0.2

  tslib@2.6.3: {}

  tunnel-agent@0.6.0:
    dependencies:
      safe-buffer: 5.2.1

  util-deprecate@1.0.2: {}

  xtend@4.0.2: {}
