lockfileVersion: '9.0'

settings:
  autoInstallPeers: true
  excludeLinksFromLockfile: false

importers:

  .:
    dependencies:
      '@xstate/react':
        specifier: 4.1.1
        version: 4.1.1(react@19.0.0-rc-f994737d14-20240522)
      react:
        specifier: '>=19.0.0-rc'
        version: 19.0.0-rc-f994737d14-20240522
      react-dom:
        specifier: '>=19.0.0-rc'
        version: 19.0.0-rc-f994737d14-20240522(react@19.0.0-rc-f994737d14-20240522)

packages:

  '@xstate/react@4.1.1':
    resolution: {integrity: sha512-pFp/Y+bnczfaZ0V8B4LOhx3d6Gd71YKAPbzerGqydC2nsYN/mp7RZu3q/w6/kvI2hwR/jeDeetM7xc3JFZH2NA==}
    peerDependencies:
      react: ^16.8.0 || ^17.0.0 || ^18.0.0
      xstate: ^5.11.0
    peerDependenciesMeta:
      xstate:
        optional: true

  react-dom@19.0.0-rc-f994737d14-20240522:
    resolution: {integrity: sha512-J4CsfTSptPKkhaPbaR6n/KohQiHZTrRZ8GL4H8rbAqN/Qpy69g2MIoLBr5/PUX21ye6JxC1ZRWJFna7Xdg1pdA==}
    peerDependencies:
      react: 19.0.0-rc-f994737d14-20240522

  react@19.0.0-rc-f994737d14-20240522:
    resolution: {integrity: sha512-SeU2v5Xy6FotVhKz0pMS2gvYP7HlkF0qgTskj3JzA1vlxcb3dQjxlm9t0ZlJqcgoyI3VFAw7bomuDMdgy1nBuw==}
    engines: {node: '>=0.10.0'}

  scheduler@0.25.0-rc-f994737d14-20240522:
    resolution: {integrity: sha512-qS+xGFF7AljP2APO2iJe8zESNsK20k25MACz+WGOXPybUsRdi1ssvaoF93im2nSX2q/XT3wKkjdz6RQfbmaxdw==}

  use-isomorphic-layout-effect@1.1.2:
    resolution: {integrity: sha512-49L8yCO3iGT/ZF9QttjwLF/ZD9Iwto5LnH5LmEdk/6cFmXddqi2ulF0edxTwjj+7mqvpVVGQWvbXZdn32wRSHA==}
    peerDependencies:
      '@types/react': '*'
      react: ^16.8.0 || ^17.0.0 || ^18.0.0
    peerDependenciesMeta:
      '@types/react':
        optional: true

  use-sync-external-store@1.2.2:
    resolution: {integrity: sha512-PElTlVMwpblvbNqQ82d2n6RjStvdSoNe9FG28kNfz3WiXilJm4DdNkEzRhCZuIDwY8U08WVihhGR5iRqAwfDiw==}
    peerDependencies:
      react: ^16.8.0 || ^17.0.0 || ^18.0.0

snapshots:

  '@xstate/react@4.1.1(react@19.0.0-rc-f994737d14-20240522)':
    dependencies:
      react: 19.0.0-rc-f994737d14-20240522
      use-isomorphic-layout-effect: 1.1.2(react@19.0.0-rc-f994737d14-20240522)
      use-sync-external-store: 1.2.2(react@19.0.0-rc-f994737d14-20240522)
    transitivePeerDependencies:
      - '@types/react'

  react-dom@19.0.0-rc-f994737d14-20240522(react@19.0.0-rc-f994737d14-20240522):
    dependencies:
      react: 19.0.0-rc-f994737d14-20240522
      scheduler: 0.25.0-rc-f994737d14-20240522

  react@19.0.0-rc-f994737d14-20240522: {}

  scheduler@0.25.0-rc-f994737d14-20240522: {}

  use-isomorphic-layout-effect@1.1.2(react@19.0.0-rc-f994737d14-20240522):
    dependencies:
      react: 19.0.0-rc-f994737d14-20240522

  use-sync-external-store@1.2.2(react@19.0.0-rc-f994737d14-20240522):
    dependencies:
      react: 19.0.0-rc-f994737d14-20240522
