lockfileVersion: '9.0'

settings:
  autoInstallPeers: true
  excludeLinksFromLockfile: false

importers:

  .:
    dependencies:
      '@sanity/preview-kit':
        specifier: 5.1.19
        version: 5.1.19(@sanity/client@6.21.3)(react@19.0.0-rc-fb9a90fa48-20240614)
      react:
        specifier: '>=19.0.0-rc'
        version: 19.0.0-rc-fb9a90fa48-20240614
      react-dom:
        specifier: '>=19.0.0-rc'
        version: 19.0.0-rc-fb9a90fa48-20240614(react@19.0.0-rc-fb9a90fa48-20240614)

packages:

  '@sanity/client@6.21.3':
    resolution: {integrity: sha512-oE2+4kKRTZhFCc4IIsojkzKF0jIhsSYSRxkPZjScZ1k/EQ3Y2tEcQYiKwvvotzaXoaWsIL3RTpulE+R4iBYiBw==}
    engines: {node: '>=14.18'}

  '@sanity/comlink@1.1.4':
    resolution: {integrity: sha512-3Mi6jzLyZhA5luDznIdeurr6Bzr+D6Z1nrB2ayqUrcsjpndYrr6ny6UnBQybJFwXyynYZVhmHhLQlziEzH31lw==}
    engines: {node: '>=18'}

  '@sanity/eventsource@5.0.2':
    resolution: {integrity: sha512-/B9PMkUvAlUrpRq0y+NzXgRv5lYCLxZNsBJD2WXVnqZYOfByL9oQBV7KiTaARuObp5hcQYuPfOAVjgXe3hrixA==}

  '@sanity/preview-kit-compat@1.5.22':
    resolution: {integrity: sha512-U1IPtjCPRhL6M4AeZzSuk7qySQe1hG2FOMGBJ/TyeP+UKaTby4kIUOx0kjCgvR537ny7wiZ4U3IaH4L6iydlNg==}
    engines: {node: '>=18'}
    peerDependencies:
      '@sanity/client': ^6.22.5
      react: ^18.3 || >=19.0.0-rc

  '@sanity/preview-kit@5.1.19':
    resolution: {integrity: sha512-VoTsZVS78lP7skFGN5FBCqWyMSVf4aqmP9PnFormHehHHHHN6yxojFaaV7Or4M/CRjoAByZ4OfI7RYFMNhjFhQ==}
    engines: {node: '>=18'}
    peerDependencies:
      '@sanity/client': ^6.22.5
      react: ^18.0.0 || >=19.0.0-rc
    peerDependenciesMeta:
      react:
        optional: true

  '@types/event-source-polyfill@1.0.5':
    resolution: {integrity: sha512-iaiDuDI2aIFft7XkcwMzDWLqo7LVDixd2sR6B4wxJut9xcp/Ev9bO4EFg4rm6S9QxATLBj5OPxdeocgmhjwKaw==}

  '@types/eventsource@1.1.15':
    resolution: {integrity: sha512-XQmGcbnxUNa06HR3VBVkc9+A2Vpi9ZyLJcdS5dwaQQ/4ZMWFO+5c90FnMUpbtMZwB/FChoYHwuVg8TvkECacTA==}

  '@types/follow-redirects@1.14.4':
    resolution: {integrity: sha512-GWXfsD0Jc1RWiFmMuMFCpXMzi9L7oPDVwxUnZdg89kDNnqsRfUKXEtUYtA98A6lig1WXH/CYY/fvPW9HuN5fTA==}

  '@types/node@22.5.1':
    resolution: {integrity: sha512-KkHsxej0j9IW1KKOOAA/XBA0z08UFSrRQHErzEfA3Vgq57eXIMYboIlHJuYIfd+lwCQjtKqUu3UnmKbtUc9yRw==}

  '@types/progress-stream@2.0.5':
    resolution: {integrity: sha512-5YNriuEZkHlFHHepLIaxzq3atGeav1qCTGzB74HKWpo66qjfostF+rHc785YYYHeBytve8ZG3ejg42jEIfXNiQ==}

  core-util-is@1.0.3:
    resolution: {integrity: sha512-ZQBvi1DcpJ4GDqanjucZ2Hj3wEO5pZDS89BWbkcrvdxksJorwUDDZamX9ldFkp9aw2lmBDLgkObEA4DWNJ9FYQ==}

  decompress-response@7.0.0:
    resolution: {integrity: sha512-6IvPrADQyyPGLpMnUh6kfKiqy7SrbXbjoUuZ90WMBJKErzv2pCiwlGEXjRX9/54OnTq+XFVnkOnOMzclLI5aEA==}
    engines: {node: '>=10'}

  event-source-polyfill@1.0.31:
    resolution: {integrity: sha512-4IJSItgS/41IxN5UVAVuAyczwZF7ZIEsM1XAoUzIHA6A+xzusEZUutdXz2Nr+MQPLxfTiCvqE79/C8HT8fKFvA==}

  eventsource@2.0.2:
    resolution: {integrity: sha512-IzUmBGPR3+oUG9dUeXynyNmf91/3zUSJg1lCktzKw47OXuhco54U3r9B7O4XX+Rb1Itm9OZ2b0RkTs10bICOxA==}
    engines: {node: '>=12.0.0'}

  follow-redirects@1.15.6:
    resolution: {integrity: sha512-wWN62YITEaOpSK584EZXJafH1AGpO8RVgElfkuXbTOrPX4fIfOyEpW/CsiNd8JdYrAoOvafRTOEnvsO++qCqFA==}
    engines: {node: '>=4.0'}
    peerDependencies:
      debug: '*'
    peerDependenciesMeta:
      debug:
        optional: true

  get-it@8.6.5:
    resolution: {integrity: sha512-o1hjPwrb/icm3WJbCweTSq8mKuDfJlqwbFauI+Pdgid99at/BFaBXFBJZE+uqvHyOVARE4z680S44vrDm8SsCw==}
    engines: {node: '>=14.0.0'}

  inherits@2.0.4:
    resolution: {integrity: sha512-k/vGaX4/Yla3WzyMCvTQOXYeIHvqOKtnqBduzTHpzpQZzAskKMhZ2K+EnBiSM9zGSoIFeMpXKxa4dYeZIQqewQ==}

  is-retry-allowed@2.2.0:
    resolution: {integrity: sha512-XVm7LOeLpTW4jV19QSH38vkswxoLud8sQ57YwJVTPWdiaI9I8keEhGFpBlslyVsgdQy4Opg8QOLb8YRgsyZiQg==}
    engines: {node: '>=10'}

  isarray@1.0.0:
    resolution: {integrity: sha512-VLghIWNM6ELQzo7zwmcg0NmTVyWKYjvIeM83yjp0wRDTmUnrM678fQbcKBo6n2CJEF0szoG//ytg+TKla89ALQ==}

  mendoza@3.0.7:
    resolution: {integrity: sha512-KtLgsCl5dFjRPUVSVV9KxpUr2BfZgLv8uqxg/hCsI7JIWsesHABSbl0MQwxNHAg24KtzSQ6vrPsgeNnoq4UImg==}
    engines: {node: '>=14.18'}

  mimic-response@3.1.0:
    resolution: {integrity: sha512-z0yWI+4FDrrweS8Zmt4Ej5HdJmky15+L2e6Wgn3+iK5fWzb6T3fhNFq2+MeTRb064c6Wr4N/wv0DzQTjNzHNGQ==}
    engines: {node: '>=10'}

  process-nextick-args@2.0.1:
    resolution: {integrity: sha512-3ouUOpQhtgrbOa17J7+uxOTpITYWaGP7/AhoR3+A+/1e9skrzelGi/dXzEYyvbxubEF6Wn2ypscTKiKJFFn1ag==}

  progress-stream@2.0.0:
    resolution: {integrity: sha512-xJwOWR46jcXUq6EH9yYyqp+I52skPySOeHfkxOZ2IY1AiBi/sFJhbhAKHoV3OTw/omQ45KTio9215dRJ2Yxd3Q==}

  react-dom@19.0.0-rc-fb9a90fa48-20240614:
    resolution: {integrity: sha512-PoEsPe32F7KPLYOBvZfjylEI1B67N44PwY3lyvpmBkhlluLnLz0jH8q2Wg9YidAi6z0k3iUnNRm5x10wurzt9Q==}
    peerDependencies:
      react: 19.0.0-rc-fb9a90fa48-20240614

  react@19.0.0-rc-fb9a90fa48-20240614:
    resolution: {integrity: sha512-nvE3Gy+IOIfH/DXhkyxFVQSrITarFcQz4+shzC/McxQXEUSonpw2oDy/Wi9hdDtV3hlP12VYuDL95iiBREedNQ==}
    engines: {node: '>=0.10.0'}

  readable-stream@2.3.8:
    resolution: {integrity: sha512-8p0AUk4XODgIewSi0l8Epjs+EVnWiK7NoDIEGU0HhE7+ZyY8D1IMY7odu5lRrFXGg71L15KG8QrPmum45RTtdA==}

  rxjs@7.8.1:
    resolution: {integrity: sha512-AA3TVj+0A2iuIoQkWEK/tqFjBq2j+6PO6Y0zJcvzLAFhEFIO3HL0vls9hWLncZbAAbK0mar7oZ4V079I/qPMxg==}

  safe-buffer@5.1.2:
    resolution: {integrity: sha512-Gd2UZBJDkXlY7GbJxfsE8/nvKkUEU1G38c1siN6QP6a9PT9MmHB8GnpscSmMJSoF8LOIrt8ud/wPtojys4G6+g==}

  safe-buffer@5.2.1:
    resolution: {integrity: sha512-rp3So07KcdmmKbGvgaNxQSJr7bGVSVk5S9Eq1F+ppbRo70+YeaDxkw5Dd8NPN+GD6bjnYm2VuPuCXmpuYvmCXQ==}

  scheduler@0.25.0-rc-fb9a90fa48-20240614:
    resolution: {integrity: sha512-HHqQ/SqbeiDfXXVKgNxTpbQTD4n7IUb4hZATvHjp03jr3TF7igehCyHdOjeYTrzIseLO93cTTfSb5f4qWcirMQ==}

  speedometer@1.0.0:
    resolution: {integrity: sha512-lgxErLl/7A5+vgIIXsh9MbeukOaCb2axgQ+bKCdIE+ibNT4XNYGNCR1qFEGq6F+YDASXK3Fh/c5FgtZchFolxw==}

  string_decoder@1.1.1:
    resolution: {integrity: sha512-n/ShnvDi6FHbbVfviro+WojiFzv+s8MPMHBczVePfUpDJLwoLT0ht1l4YwBCbi8pJAveEEdnkHyPyTP/mzRfwg==}

  through2@2.0.5:
    resolution: {integrity: sha512-/mrRod8xqpA+IHSLyGCQ2s8SPHiCDEeQJSep1jqLYeEUClOFG2Qsh+4FU6G9VeqpZnGW/Su8LQGc4YKni5rYSQ==}

  tslib@2.7.0:
    resolution: {integrity: sha512-gLXCKdN1/j47AiHiOkJN69hJmcbGTHI0ImLmbYLHykhgeN0jVGola9yVjFgzCUklsZQMW55o+dW7IXv3RCXDzA==}

  tunnel-agent@0.6.0:
    resolution: {integrity: sha512-McnNiV1l8RYeY8tBgEpuodCC1mLUdbSN+CYBL7kJsJNInOP8UjDDEwdk6Mw60vdLLrr5NHKZhMAOSrR2NZuQ+w==}

  undici-types@6.19.8:
    resolution: {integrity: sha512-ve2KP6f/JnbPBFyobGHuerC9g1FYGn/F8n1LWTwNxCEzd6IfqTwUQcNXgEtmmQ6DlRrC1hrSrBnCZPokRrDHjw==}

  util-deprecate@1.0.2:
    resolution: {integrity: sha512-EPD5q1uXyFxJpCrLnCc1nHnq3gOa6DZBocAIiI2TaSCA7VCJ1UJDMagCzIkXNsUYfD1daK//LTEQ8xiIbrHtcw==}

  uuid@10.0.0:
    resolution: {integrity: sha512-8XkAphELsDnEGrDxUOHB3RGvXz6TeuYSGEZBOjtTtPm2lwhGBjLgOzLHB63IUWfBpNucQjND6d3AOudO+H3RWQ==}
    hasBin: true

  xstate@5.19.0:
    resolution: {integrity: sha512-Juh1MjeRaVWr1IRxXYvQMMRFMrei6vq6+AfP6Zk9D9YV0ZuvubN0aM6s2ITwUrq+uWtP1NTO8kOZmsM/IqeOiQ==}

  xtend@4.0.2:
    resolution: {integrity: sha512-LKYU1iAXJXUgAXn9URjiu+MWhyUXHsvfp7mcuYm9dSUKK0/CjtrUwFAxD82/mCWbtLsGjFIad0wIsod4zrTAEQ==}
    engines: {node: '>=0.4'}

snapshots:

  '@sanity/client@6.21.3':
    dependencies:
      '@sanity/eventsource': 5.0.2
      get-it: 8.6.5
      rxjs: 7.8.1
    transitivePeerDependencies:
      - debug

  '@sanity/comlink@1.1.4':
    dependencies:
      rxjs: 7.8.1
      uuid: 10.0.0
      xstate: 5.19.0

  '@sanity/eventsource@5.0.2':
    dependencies:
      '@types/event-source-polyfill': 1.0.5
      '@types/eventsource': 1.1.15
      event-source-polyfill: 1.0.31
      eventsource: 2.0.2

  '@sanity/preview-kit-compat@1.5.22(@sanity/client@6.21.3)(react@19.0.0-rc-fb9a90fa48-20240614)':
    dependencies:
      '@sanity/client': 6.21.3
      '@sanity/comlink': 1.1.4
      react: 19.0.0-rc-fb9a90fa48-20240614

  '@sanity/preview-kit@5.1.19(@sanity/client@6.21.3)(react@19.0.0-rc-fb9a90fa48-20240614)':
    dependencies:
      '@sanity/client': 6.21.3
      '@sanity/preview-kit-compat': 1.5.22(@sanity/client@6.21.3)(react@19.0.0-rc-fb9a90fa48-20240614)
      mendoza: 3.0.7
    optionalDependencies:
      react: 19.0.0-rc-fb9a90fa48-20240614

  '@types/event-source-polyfill@1.0.5': {}

  '@types/eventsource@1.1.15': {}

  '@types/follow-redirects@1.14.4':
    dependencies:
      '@types/node': 22.5.1

  '@types/node@22.5.1':
    dependencies:
      undici-types: 6.19.8

  '@types/progress-stream@2.0.5':
    dependencies:
      '@types/node': 22.5.1

  core-util-is@1.0.3: {}

  decompress-response@7.0.0:
    dependencies:
      mimic-response: 3.1.0

  event-source-polyfill@1.0.31: {}

  eventsource@2.0.2: {}

  follow-redirects@1.15.6: {}

  get-it@8.6.5:
    dependencies:
      '@types/follow-redirects': 1.14.4
      '@types/progress-stream': 2.0.5
      decompress-response: 7.0.0
      follow-redirects: 1.15.6
      is-retry-allowed: 2.2.0
      progress-stream: 2.0.0
      tunnel-agent: 0.6.0
    transitivePeerDependencies:
      - debug

  inherits@2.0.4: {}

  is-retry-allowed@2.2.0: {}

  isarray@1.0.0: {}

  mendoza@3.0.7: {}

  mimic-response@3.1.0: {}

  process-nextick-args@2.0.1: {}

  progress-stream@2.0.0:
    dependencies:
      speedometer: 1.0.0
      through2: 2.0.5

  react-dom@19.0.0-rc-fb9a90fa48-20240614(react@19.0.0-rc-fb9a90fa48-20240614):
    dependencies:
      react: 19.0.0-rc-fb9a90fa48-20240614
      scheduler: 0.25.0-rc-fb9a90fa48-20240614

  react@19.0.0-rc-fb9a90fa48-20240614: {}

  readable-stream@2.3.8:
    dependencies:
      core-util-is: 1.0.3
      inherits: 2.0.4
      isarray: 1.0.0
      process-nextick-args: 2.0.1
      safe-buffer: 5.1.2
      string_decoder: 1.1.1
      util-deprecate: 1.0.2

  rxjs@7.8.1:
    dependencies:
      tslib: 2.7.0

  safe-buffer@5.1.2: {}

  safe-buffer@5.2.1: {}

  scheduler@0.25.0-rc-fb9a90fa48-20240614: {}

  speedometer@1.0.0: {}

  string_decoder@1.1.1:
    dependencies:
      safe-buffer: 5.1.2

  through2@2.0.5:
    dependencies:
      readable-stream: 2.3.8
      xtend: 4.0.2

  tslib@2.7.0: {}

  tunnel-agent@0.6.0:
    dependencies:
      safe-buffer: 5.2.1

  undici-types@6.19.8: {}

  util-deprecate@1.0.2: {}

  uuid@10.0.0: {}

  xstate@5.19.0: {}

  xtend@4.0.2: {}
