lockfileVersion: '9.0'

settings:
  autoInstallPeers: true
  excludeLinksFromLockfile: false

importers:

  .:
    dependencies:
      '@sanity/visual-editing':
        specifier: 2.12.1
        version: 2.12.1(@sanity/client@6.24.1)(react-dom@19.0.0(react@19.0.0))(react@19.0.0)
      '@types/react':
        specifier: ^19.0.0
        version: 19.0.3
      '@types/react-dom':
        specifier: ^19.0.0
        version: 19.0.2(@types/react@19.0.3)
      '@types/react-is':
        specifier: ^19.0.0
        version: 19.0.0
      react:
        specifier: ^19.0.0
        version: 19.0.0
      react-dom:
        specifier: ^19.0.0
        version: 19.0.0(react@19.0.0)
      react-is:
        specifier: ^19.0.0
        version: 19.0.0

packages:

  '@sanity/client@6.24.1':
    resolution: {integrity: sha512-k5aW5C8RdqVGnvuX0KZ+AAIlhYueb6sx3edhKkIMmr2UfD8vSTSW3oAXVt+/WlBstlMIqvkc5RCLLWZQcF3gaA==}
    engines: {node: '>=14.18'}

  '@sanity/comlink@3.0.0':
    resolution: {integrity: sha512-R6oUq5GrLIldCCHFpVZbZt4Zuw9QWUeA1A1YhRJxifarTj+RDETIfDGenioKGvUAZeeVhADMooG33xzyQor45w==}
    engines: {node: '>=18'}

  '@sanity/diff-match-patch@3.1.2':
    resolution: {integrity: sha512-jW2zqnnV3cLXy7exOKbqaWJPb15rFSQGseAhlPljzbg5CP0hrujk0TwYpsNMz2xwTELOk1JkBUINQYbPE4TmaA==}
    engines: {node: '>=18.18'}

  '@sanity/eventsource@5.0.2':
    resolution: {integrity: sha512-/B9PMkUvAlUrpRq0y+NzXgRv5lYCLxZNsBJD2WXVnqZYOfByL9oQBV7KiTaARuObp5hcQYuPfOAVjgXe3hrixA==}

  '@sanity/mutate@0.11.0-canary.4':
    resolution: {integrity: sha512-82jU3PvxQepY+jVJU1WaXQOf2Q9Q/fOCE2ksJZ4cnH3/WFOsg7RceYoOWb1XKthchTCD9zSBS9DRmb7FQ0Jlsg==}
    engines: {node: '>=18'}
    peerDependencies:
      xstate: ^5.19.0
    peerDependenciesMeta:
      xstate:
        optional: true

  '@sanity/preview-url-secret@2.1.0':
    resolution: {integrity: sha512-tnRnbPAhEgUp0mESCRJmScbvEC8r+UwJXDN0mwAv1das6FBUMP5VvvvPa+E/OhEDs8QLTFs0q+G9JpbgvK3DSw==}
    engines: {node: '>=18'}
    peerDependencies:
      '@sanity/client': ^6.24.1

  '@sanity/uuid@3.0.2':
    resolution: {integrity: sha512-vzdhqOrX7JGbMyK40KuIwwyXHm7GMLOGuYgn3xlC09e4ZVNofUO5mgezQqnRv0JAMthIRhofqs9f6ufUjMKOvw==}

  '@sanity/visual-editing@2.12.1':
    resolution: {integrity: sha512-Ad43ovaqkMxa3LiRiWWY1vxGFr13ZTm0Azv1sveEDpcbjnZ8gjVA2sVqALxrOuSAAYav3mCnJ1tTCpxoKniHkA==}
    engines: {node: '>=18'}
    peerDependencies:
      '@remix-run/react': '>= 2'
      '@sanity/client': ^6.24.1
      '@sveltejs/kit': '>= 2'
      next: '>= 13 || >=14.3.0-canary.0 <14.3.0 || >=15.0.0-rc'
      react: ^18.3 || >=19.0.0-rc
      react-dom: ^18.3 || >=19.0.0-rc
      react-router: '>= 7'
      svelte: '>= 4'
    peerDependenciesMeta:
      '@remix-run/react':
        optional: true
      '@sanity/client':
        optional: true
      '@sveltejs/kit':
        optional: true
      next:
        optional: true
      react-router:
        optional: true
      svelte:
        optional: true

  '@types/event-source-polyfill@1.0.5':
    resolution: {integrity: sha512-iaiDuDI2aIFft7XkcwMzDWLqo7LVDixd2sR6B4wxJut9xcp/Ev9bO4EFg4rm6S9QxATLBj5OPxdeocgmhjwKaw==}

  '@types/eventsource@1.1.15':
    resolution: {integrity: sha512-XQmGcbnxUNa06HR3VBVkc9+A2Vpi9ZyLJcdS5dwaQQ/4ZMWFO+5c90FnMUpbtMZwB/FChoYHwuVg8TvkECacTA==}

  '@types/follow-redirects@1.14.4':
    resolution: {integrity: sha512-GWXfsD0Jc1RWiFmMuMFCpXMzi9L7oPDVwxUnZdg89kDNnqsRfUKXEtUYtA98A6lig1WXH/CYY/fvPW9HuN5fTA==}

  '@types/node@22.10.5':
    resolution: {integrity: sha512-F8Q+SeGimwOo86fiovQh8qiXfFEh2/ocYv7tU5pJ3EXMSSxk1Joj5wefpFK2fHTf/N6HKGSxIDBT9f3gCxXPkQ==}

  '@types/progress-stream@2.0.5':
    resolution: {integrity: sha512-5YNriuEZkHlFHHepLIaxzq3atGeav1qCTGzB74HKWpo66qjfostF+rHc785YYYHeBytve8ZG3ejg42jEIfXNiQ==}

  '@types/react-dom@19.0.2':
    resolution: {integrity: sha512-c1s+7TKFaDRRxr1TxccIX2u7sfCnc3RxkVyBIUA2lCpyqCF+QoAwQ/CBg7bsMdVwP120HEH143VQezKtef5nCg==}
    peerDependencies:
      '@types/react': ^19.0.0

  '@types/react-is@19.0.0':
    resolution: {integrity: sha512-71dSZeeJ0t3aoPyY9x6i+JNSvg5m9EF2i2OlSZI5QoJuI8Ocgor610i+4A10TQmURR+0vLwcVCEYFpXdzM1Biw==}

  '@types/react@19.0.3':
    resolution: {integrity: sha512-UavfHguIjnnuq9O67uXfgy/h3SRJbidAYvNjLceB+2RIKVRBzVsh0QO+Pw6BCSQqFS9xwzKfwstXx0m6AbAREA==}

  '@types/uuid@8.3.4':
    resolution: {integrity: sha512-c/I8ZRb51j+pYGAu5CrFMRxqZ2ke4y2grEBO5AUjgSkSk+qT2Ea+OdWElz/OiMf5MNpn2b17kuVBwZLQJXzihw==}

  '@vercel/stega@0.1.2':
    resolution: {integrity: sha512-P7mafQXjkrsoyTRppnt0N21udKS9wUmLXHRyP9saLXLHw32j/FgUJ3FscSWgvSqRs4cj7wKZtwqJEvWJ2jbGmA==}

  compute-scroll-into-view@3.1.0:
    resolution: {integrity: sha512-rj8l8pD4bJ1nx+dAkMhV1xB5RuZEyVysfxJqB1pRchh1KVvwOv9b7CGB8ZfjTImVv2oF+sYMUkMZq6Na5Ftmbg==}

  core-util-is@1.0.3:
    resolution: {integrity: sha512-ZQBvi1DcpJ4GDqanjucZ2Hj3wEO5pZDS89BWbkcrvdxksJorwUDDZamX9ldFkp9aw2lmBDLgkObEA4DWNJ9FYQ==}

  csstype@3.1.3:
    resolution: {integrity: sha512-M1uQkMl8rQK/szD0LNhtqxIPLpimGm8sOBwU7lLnCpSbTyY3yeU1Vc7l4KT5zT4s/yOxHH5O7tIuuLOCnLADRw==}

  decompress-response@7.0.0:
    resolution: {integrity: sha512-6IvPrADQyyPGLpMnUh6kfKiqy7SrbXbjoUuZ90WMBJKErzv2pCiwlGEXjRX9/54OnTq+XFVnkOnOMzclLI5aEA==}
    engines: {node: '>=10'}

  dom-walk@0.1.2:
    resolution: {integrity: sha512-6QvTW9mrGeIegrFXdtQi9pk7O/nSK6lSdXW2eqUspN5LWD7UTji2Fqw5V2YLjBpHEoU9Xl/eUWNpDeZvoyOv2w==}

  event-source-polyfill@1.0.31:
    resolution: {integrity: sha512-4IJSItgS/41IxN5UVAVuAyczwZF7ZIEsM1XAoUzIHA6A+xzusEZUutdXz2Nr+MQPLxfTiCvqE79/C8HT8fKFvA==}

  eventsource@2.0.2:
    resolution: {integrity: sha512-IzUmBGPR3+oUG9dUeXynyNmf91/3zUSJg1lCktzKw47OXuhco54U3r9B7O4XX+Rb1Itm9OZ2b0RkTs10bICOxA==}
    engines: {node: '>=12.0.0'}

  follow-redirects@1.15.9:
    resolution: {integrity: sha512-gew4GsXizNgdoRyqmyfMHyAmXsZDk6mHkSxZFCzW9gwlbtOW44CDtYavM+y+72qD/Vq2l550kMF52DT8fOLJqQ==}
    engines: {node: '>=4.0'}
    peerDependencies:
      debug: '*'
    peerDependenciesMeta:
      debug:
        optional: true

  get-it@8.6.5:
    resolution: {integrity: sha512-o1hjPwrb/icm3WJbCweTSq8mKuDfJlqwbFauI+Pdgid99at/BFaBXFBJZE+uqvHyOVARE4z680S44vrDm8SsCw==}
    engines: {node: '>=14.0.0'}

  get-random-values-esm@1.0.2:
    resolution: {integrity: sha512-HMSDTgj1HPFAuZG0FqxzHbYt5JeEGDUeT9r1RLXhS6RZQS8rLRjokgjZ0Pd28CN0lhXlRwfH6eviZqZEJ2kIoA==}

  get-random-values@1.2.2:
    resolution: {integrity: sha512-lMyPjQyl0cNNdDf2oR+IQ/fM3itDvpoHy45Ymo2r0L1EjazeSl13SfbKZs7KtZ/3MDCeueiaJiuOEfKqRTsSgA==}
    engines: {node: 10 || 12 || >=14}

  global@4.4.0:
    resolution: {integrity: sha512-wv/LAoHdRE3BeTGz53FAamhGlPLhlssK45usmGFThIi4XqnBmjKQ16u+RNbP7WvigRZDxUsM0J3gcQ5yicaL0w==}

  hotscript@1.0.13:
    resolution: {integrity: sha512-C++tTF1GqkGYecL+2S1wJTfoH6APGAsbb7PAWQ3iVIwgG/EFseAfEVOKFgAFq4yK3+6j1EjUD4UQ9dRJHX/sSQ==}

  inherits@2.0.4:
    resolution: {integrity: sha512-k/vGaX4/Yla3WzyMCvTQOXYeIHvqOKtnqBduzTHpzpQZzAskKMhZ2K+EnBiSM9zGSoIFeMpXKxa4dYeZIQqewQ==}

  is-retry-allowed@2.2.0:
    resolution: {integrity: sha512-XVm7LOeLpTW4jV19QSH38vkswxoLud8sQ57YwJVTPWdiaI9I8keEhGFpBlslyVsgdQy4Opg8QOLb8YRgsyZiQg==}
    engines: {node: '>=10'}

  isarray@1.0.0:
    resolution: {integrity: sha512-VLghIWNM6ELQzo7zwmcg0NmTVyWKYjvIeM83yjp0wRDTmUnrM678fQbcKBo6n2CJEF0szoG//ytg+TKla89ALQ==}

  lodash-es@4.17.21:
    resolution: {integrity: sha512-mKnC+QJ9pWVzv+C4/U3rRsHapFfHvQFoFB92e52xeyGMcX6/OlIl78je1u8vePzYZSkkogMPJ2yjxxsb89cxyw==}

  lodash@4.17.21:
    resolution: {integrity: sha512-v2kDEe57lecTulaDIuNTPy3Ry4gLGJ6Z1O3vE1krgXZNrsQ+LFTGHVxVjcXPs17LhbZVGedAJv8XZ1tvj5FvSg==}

  mendoza@3.0.8:
    resolution: {integrity: sha512-iwxgEpSOx9BDLJMD0JAzNicqo9xdrvzt6w/aVwBKMndlA6z/DH41+o60H2uHB0vCR1Xr37UOgu9xFWJHvYsuKw==}
    engines: {node: '>=14.18'}

  mimic-response@3.1.0:
    resolution: {integrity: sha512-z0yWI+4FDrrweS8Zmt4Ej5HdJmky15+L2e6Wgn3+iK5fWzb6T3fhNFq2+MeTRb064c6Wr4N/wv0DzQTjNzHNGQ==}
    engines: {node: '>=10'}

  min-document@2.19.0:
    resolution: {integrity: sha512-9Wy1B3m3f66bPPmU5hdA4DR4PB2OfDU/+GS3yAB7IQozE3tqXaVv2zOjgla7MEGSRv95+ILmOuvhLkOK6wJtCQ==}

  process-nextick-args@2.0.1:
    resolution: {integrity: sha512-3ouUOpQhtgrbOa17J7+uxOTpITYWaGP7/AhoR3+A+/1e9skrzelGi/dXzEYyvbxubEF6Wn2ypscTKiKJFFn1ag==}

  process@0.11.10:
    resolution: {integrity: sha512-cdGef/drWFoydD1JsMzuFf8100nZl+GT+yacc2bEced5f9Rjk4z+WtFUTBu9PhOi9j/jfmBPu0mMEY4wIdAF8A==}
    engines: {node: '>= 0.6.0'}

  progress-stream@2.0.0:
    resolution: {integrity: sha512-xJwOWR46jcXUq6EH9yYyqp+I52skPySOeHfkxOZ2IY1AiBi/sFJhbhAKHoV3OTw/omQ45KTio9215dRJ2Yxd3Q==}

  react-dom@19.0.0:
    resolution: {integrity: sha512-4GV5sHFG0e/0AD4X+ySy6UJd3jVl1iNsNHdpad0qhABJ11twS3TTBnseqsKurKcsNqCEFeGL3uLpVChpIO3QfQ==}
    peerDependencies:
      react: ^19.0.0

  react-is@19.0.0:
    resolution: {integrity: sha512-H91OHcwjZsbq3ClIDHMzBShc1rotbfACdWENsmEf0IFvZ3FgGPtdHMcsv45bQ1hAbgdfiA8SnxTKfDS+x/8m2g==}

  react@19.0.0:
    resolution: {integrity: sha512-V8AVnmPIICiWpGfm6GLzCR/W5FXLchHop40W4nXBmdlEceh16rCN8O8LNWm5bh5XUX91fh7KpA+W0TgMKmgTpQ==}
    engines: {node: '>=0.10.0'}

  readable-stream@2.3.8:
    resolution: {integrity: sha512-8p0AUk4XODgIewSi0l8Epjs+EVnWiK7NoDIEGU0HhE7+ZyY8D1IMY7odu5lRrFXGg71L15KG8QrPmum45RTtdA==}

  rxjs@7.8.1:
    resolution: {integrity: sha512-AA3TVj+0A2iuIoQkWEK/tqFjBq2j+6PO6Y0zJcvzLAFhEFIO3HL0vls9hWLncZbAAbK0mar7oZ4V079I/qPMxg==}

  safe-buffer@5.1.2:
    resolution: {integrity: sha512-Gd2UZBJDkXlY7GbJxfsE8/nvKkUEU1G38c1siN6QP6a9PT9MmHB8GnpscSmMJSoF8LOIrt8ud/wPtojys4G6+g==}

  safe-buffer@5.2.1:
    resolution: {integrity: sha512-rp3So07KcdmmKbGvgaNxQSJr7bGVSVk5S9Eq1F+ppbRo70+YeaDxkw5Dd8NPN+GD6bjnYm2VuPuCXmpuYvmCXQ==}

  scheduler@0.25.0:
    resolution: {integrity: sha512-xFVuu11jh+xcO7JOAGJNOXld8/TcEHK/4CituBUeUb5hqxJLj9YuemAEuvm9gQ/+pgXYfbQuqAkiYu+u7YEsNA==}

  scroll-into-view-if-needed@3.1.0:
    resolution: {integrity: sha512-49oNpRjWRvnU8NyGVmUaYG4jtTkNonFZI86MmGRDqBphEK2EXT9gdEUoQPZhuBM8yWHxCWbobltqYO5M4XrUvQ==}

  speedometer@1.0.0:
    resolution: {integrity: sha512-lgxErLl/7A5+vgIIXsh9MbeukOaCb2axgQ+bKCdIE+ibNT4XNYGNCR1qFEGq6F+YDASXK3Fh/c5FgtZchFolxw==}

  string_decoder@1.1.1:
    resolution: {integrity: sha512-n/ShnvDi6FHbbVfviro+WojiFzv+s8MPMHBczVePfUpDJLwoLT0ht1l4YwBCbi8pJAveEEdnkHyPyTP/mzRfwg==}

  through2@2.0.5:
    resolution: {integrity: sha512-/mrRod8xqpA+IHSLyGCQ2s8SPHiCDEeQJSep1jqLYeEUClOFG2Qsh+4FU6G9VeqpZnGW/Su8LQGc4YKni5rYSQ==}

  tslib@2.8.1:
    resolution: {integrity: sha512-oJFu94HQb+KVduSUQL7wnpmqnfmLsOA/nAh6b6EH0wCEoK0/mPeXU6c3wKDV83MkOuHPRHtSXKKU99IBazS/2w==}

  tunnel-agent@0.6.0:
    resolution: {integrity: sha512-McnNiV1l8RYeY8tBgEpuodCC1mLUdbSN+CYBL7kJsJNInOP8UjDDEwdk6Mw60vdLLrr5NHKZhMAOSrR2NZuQ+w==}

  undici-types@6.20.0:
    resolution: {integrity: sha512-Ny6QZ2Nju20vw1SRHe3d9jVu6gJ+4e3+MMpqu7pqE5HT6WsTSlce++GQmK5UXS8mzV8DSYHrQH+Xrf2jVcuKNg==}

  use-effect-event@1.0.2:
    resolution: {integrity: sha512-9c8AAmtQja4LwJXI0EQPhQCip6dmrcSe0FMcTUZBeGh/XTCOLgw3Qbt0JdUT8Rcrm/ZH+Web7MIcMdqgQKdXJg==}
    peerDependencies:
      react: ^18.3 || ^19.0.0-0

  util-deprecate@1.0.2:
    resolution: {integrity: sha512-EPD5q1uXyFxJpCrLnCc1nHnq3gOa6DZBocAIiI2TaSCA7VCJ1UJDMagCzIkXNsUYfD1daK//LTEQ8xiIbrHtcw==}

  uuid@11.0.4:
    resolution: {integrity: sha512-IzL6VtTTYcAhA/oghbFJ1Dkmqev+FpQWnCBaKq/gUluLxliWvO8DPFWfIviRmYbtaavtSQe4WBL++rFjdcGWEg==}
    hasBin: true

  uuid@8.3.2:
    resolution: {integrity: sha512-+NYs2QeMWy+GWFOEm9xnn6HCDp0l7QBD7ml8zLUmJ+93Q5NF0NocErnwkTkXVFNiX3/fpC6afS8Dhb/gz7R7eg==}
    hasBin: true

  valibot@0.31.1:
    resolution: {integrity: sha512-2YYIhPrnVSz/gfT2/iXVTrSj92HwchCt9Cga/6hX4B26iCz9zkIsGTS0HjDYTZfTi1Un0X6aRvhBi1cfqs/i0Q==}

  xstate@5.19.1:
    resolution: {integrity: sha512-vFt3q9EBnO/qTTf9AG/5GosGwdDEftw5VOd3ytfSwUQRvkj6oJkxeBQaCqJUANjHrkK341jMkEZP0zeqrx2tww==}

  xtend@4.0.2:
    resolution: {integrity: sha512-LKYU1iAXJXUgAXn9URjiu+MWhyUXHsvfp7mcuYm9dSUKK0/CjtrUwFAxD82/mCWbtLsGjFIad0wIsod4zrTAEQ==}
    engines: {node: '>=0.4'}

snapshots:

  '@sanity/client@6.24.1':
    dependencies:
      '@sanity/eventsource': 5.0.2
      get-it: 8.6.5
      rxjs: 7.8.1
    transitivePeerDependencies:
      - debug

  '@sanity/comlink@3.0.0':
    dependencies:
      rxjs: 7.8.1
      uuid: 11.0.4
      xstate: 5.19.1

  '@sanity/diff-match-patch@3.1.2': {}

  '@sanity/eventsource@5.0.2':
    dependencies:
      '@types/event-source-polyfill': 1.0.5
      '@types/eventsource': 1.1.15
      event-source-polyfill: 1.0.31
      eventsource: 2.0.2

  '@sanity/mutate@0.11.0-canary.4(xstate@5.19.1)':
    dependencies:
      '@sanity/client': 6.24.1
      '@sanity/diff-match-patch': 3.1.2
      hotscript: 1.0.13
      lodash: 4.17.21
      lodash-es: 4.17.21
      mendoza: 3.0.8
      rxjs: 7.8.1
    optionalDependencies:
      xstate: 5.19.1
    transitivePeerDependencies:
      - debug

  '@sanity/preview-url-secret@2.1.0(@sanity/client@6.24.1)':
    dependencies:
      '@sanity/client': 6.24.1
      '@sanity/uuid': 3.0.2

  '@sanity/uuid@3.0.2':
    dependencies:
      '@types/uuid': 8.3.4
      uuid: 8.3.2

  '@sanity/visual-editing@2.12.1(@sanity/client@6.24.1)(react-dom@19.0.0(react@19.0.0))(react@19.0.0)':
    dependencies:
      '@sanity/comlink': 3.0.0
      '@sanity/mutate': 0.11.0-canary.4(xstate@5.19.1)
      '@sanity/preview-url-secret': 2.1.0(@sanity/client@6.24.1)
      '@vercel/stega': 0.1.2
      get-random-values-esm: 1.0.2
      react: 19.0.0
      react-dom: 19.0.0(react@19.0.0)
      rxjs: 7.8.1
      scroll-into-view-if-needed: 3.1.0
      use-effect-event: 1.0.2(react@19.0.0)
      valibot: 0.31.1
      xstate: 5.19.1
    optionalDependencies:
      '@sanity/client': 6.24.1
    transitivePeerDependencies:
      - debug

  '@types/event-source-polyfill@1.0.5': {}

  '@types/eventsource@1.1.15': {}

  '@types/follow-redirects@1.14.4':
    dependencies:
      '@types/node': 22.10.5

  '@types/node@22.10.5':
    dependencies:
      undici-types: 6.20.0

  '@types/progress-stream@2.0.5':
    dependencies:
      '@types/node': 22.10.5

  '@types/react-dom@19.0.2(@types/react@19.0.3)':
    dependencies:
      '@types/react': 19.0.3

  '@types/react-is@19.0.0':
    dependencies:
      '@types/react': 19.0.3

  '@types/react@19.0.3':
    dependencies:
      csstype: 3.1.3

  '@types/uuid@8.3.4': {}

  '@vercel/stega@0.1.2': {}

  compute-scroll-into-view@3.1.0: {}

  core-util-is@1.0.3: {}

  csstype@3.1.3: {}

  decompress-response@7.0.0:
    dependencies:
      mimic-response: 3.1.0

  dom-walk@0.1.2: {}

  event-source-polyfill@1.0.31: {}

  eventsource@2.0.2: {}

  follow-redirects@1.15.9: {}

  get-it@8.6.5:
    dependencies:
      '@types/follow-redirects': 1.14.4
      '@types/progress-stream': 2.0.5
      decompress-response: 7.0.0
      follow-redirects: 1.15.9
      is-retry-allowed: 2.2.0
      progress-stream: 2.0.0
      tunnel-agent: 0.6.0
    transitivePeerDependencies:
      - debug

  get-random-values-esm@1.0.2:
    dependencies:
      get-random-values: 1.2.2

  get-random-values@1.2.2:
    dependencies:
      global: 4.4.0

  global@4.4.0:
    dependencies:
      min-document: 2.19.0
      process: 0.11.10

  hotscript@1.0.13: {}

  inherits@2.0.4: {}

  is-retry-allowed@2.2.0: {}

  isarray@1.0.0: {}

  lodash-es@4.17.21: {}

  lodash@4.17.21: {}

  mendoza@3.0.8: {}

  mimic-response@3.1.0: {}

  min-document@2.19.0:
    dependencies:
      dom-walk: 0.1.2

  process-nextick-args@2.0.1: {}

  process@0.11.10: {}

  progress-stream@2.0.0:
    dependencies:
      speedometer: 1.0.0
      through2: 2.0.5

  react-dom@19.0.0(react@19.0.0):
    dependencies:
      react: 19.0.0
      scheduler: 0.25.0

  react-is@19.0.0: {}

  react@19.0.0: {}

  readable-stream@2.3.8:
    dependencies:
      core-util-is: 1.0.3
      inherits: 2.0.4
      isarray: 1.0.0
      process-nextick-args: 2.0.1
      safe-buffer: 5.1.2
      string_decoder: 1.1.1
      util-deprecate: 1.0.2

  rxjs@7.8.1:
    dependencies:
      tslib: 2.8.1

  safe-buffer@5.1.2: {}

  safe-buffer@5.2.1: {}

  scheduler@0.25.0: {}

  scroll-into-view-if-needed@3.1.0:
    dependencies:
      compute-scroll-into-view: 3.1.0

  speedometer@1.0.0: {}

  string_decoder@1.1.1:
    dependencies:
      safe-buffer: 5.1.2

  through2@2.0.5:
    dependencies:
      readable-stream: 2.3.8
      xtend: 4.0.2

  tslib@2.8.1: {}

  tunnel-agent@0.6.0:
    dependencies:
      safe-buffer: 5.2.1

  undici-types@6.20.0: {}

  use-effect-event@1.0.2(react@19.0.0):
    dependencies:
      react: 19.0.0

  util-deprecate@1.0.2: {}

  uuid@11.0.4: {}

  uuid@8.3.2: {}

  valibot@0.31.1: {}

  xstate@5.19.1: {}

  xtend@4.0.2: {}
