lockfileVersion: '9.0'

settings:
  autoInstallPeers: true
  excludeLinksFromLockfile: false

importers:

  .:
    dependencies:
      '@sanity/presentation':
        specifier: 1.15.8
        version: 1.15.8(@sanity/client@6.18.3)(react-dom@19.0.0-rc-f994737d14-20240522(react@19.0.0-rc-f994737d14-20240522))(react-is@18.3.1)(react@19.0.0-rc-f994737d14-20240522)(styled-components@6.1.11(react-dom@19.0.0-rc-f994737d14-20240522(react@19.0.0-rc-f994737d14-20240522))(react@19.0.0-rc-f994737d14-20240522))
      react:
        specifier: '>=19.0.0-rc'
        version: 19.0.0-rc-f994737d14-20240522
      react-dom:
        specifier: '>=19.0.0-rc'
        version: 19.0.0-rc-f994737d14-20240522(react@19.0.0-rc-f994737d14-20240522)

packages:

  '@emotion/is-prop-valid@0.8.8':
    resolution: {integrity: sha512-u5WtneEAr5IDG2Wv65yhunPSMLIpuKsbuOktRojfrEiEvRyC85LgPMZI63cr7NUqT8ZIGdSVg8ZKGxIug4lXcA==}

  '@emotion/is-prop-valid@1.2.2':
    resolution: {integrity: sha512-uNsoYd37AFmaCdXlg6EYD1KaPOaRWRByMCYzbKUX4+hhMfrxdVSelShywL4JVaAeM/eHUOSprYBQls+/neX3pw==}

  '@emotion/memoize@0.7.4':
    resolution: {integrity: sha512-Ja/Vfqe3HpuzRsG1oBtWTHk2PGZ7GR+2Vz5iYGelAw8dx32K0y7PjVuxK6z1nMpZOqAFsRUPCkK1YjJ56qJlgw==}

  '@emotion/memoize@0.8.1':
    resolution: {integrity: sha512-W2P2c/VRW1/1tLox0mVUalvnWXxavmv/Oum2aPsRcoDJuob75FC3Y8FbpfLwUegRcxINtGUMPq0tFCvYNTBXNA==}

  '@emotion/unitless@0.8.1':
    resolution: {integrity: sha512-KOEGMu6dmJZtpadb476IsZBclKvILjopjUii3V+7MnXIQCYh8W3NgNcgwo21n9LXZX6EDIKvqfjYxXebDwxKmQ==}

  '@floating-ui/core@1.6.2':
    resolution: {integrity: sha512-+2XpQV9LLZeanU4ZevzRnGFg2neDeKHgFLjP6YLW+tly0IvrhqT4u8enLGjLH3qeh85g19xY5rsAusfwTdn5lg==}

  '@floating-ui/dom@1.6.5':
    resolution: {integrity: sha512-Nsdud2X65Dz+1RHjAIP0t8z5e2ff/IRbei6BqFrl1urT8sDVzM1HMQ+R0XcU5ceRfyO3I6ayeqIfh+6Wb8LGTw==}

  '@floating-ui/react-dom@2.1.0':
    resolution: {integrity: sha512-lNzj5EQmEKn5FFKc04+zasr09h/uX8RtJRNj5gUXsSQIXHVWTVh+hVAg1vOMCexkX8EgvemMvIFpQfkosnVNyA==}
    peerDependencies:
      react: '>=16.8.0'
      react-dom: '>=16.8.0'

  '@floating-ui/utils@0.2.2':
    resolution: {integrity: sha512-J4yDIIthosAsRZ5CPYP/jQvUAQtlZTTD/4suA08/FEnlxqW3sKS9iAhgsa9VYLZ6vDHn/ixJgIqRQPotoBjxIw==}

  '@sanity/client@6.18.3':
    resolution: {integrity: sha512-kSXbl83gGvGv6xD9kD/3z/3siPL3PWBDOPfsBeysdam+/aD32GJa7WciIsIlKm2TmghVHuvKJZQvY6yk4U7ZTw==}
    engines: {node: '>=14.18'}

  '@sanity/color@3.0.6':
    resolution: {integrity: sha512-2TjYEvOftD0v7ukx3Csdh9QIu44P2z7NDJtlC3qITJRYV36J7R6Vfd3trVhFnN77/7CZrGjqngrtohv8VqO5nw==}
    engines: {node: '>=18.0.0'}

  '@sanity/eventsource@5.0.2':
    resolution: {integrity: sha512-/B9PMkUvAlUrpRq0y+NzXgRv5lYCLxZNsBJD2WXVnqZYOfByL9oQBV7KiTaARuObp5hcQYuPfOAVjgXe3hrixA==}

  '@sanity/icons@2.11.8':
    resolution: {integrity: sha512-C4ViXtk6eyiNTQ5OmxpfmcK6Jw+LLTi9zg9XBUD15DzC4xTHaGW9SVfUa43YtPGs3WC3M0t0K59r0GDjh52HIg==}
    engines: {node: '>=14.0.0'}
    peerDependencies:
      react: ^18

  '@sanity/presentation@1.15.8':
    resolution: {integrity: sha512-SY2lBMl3x48WytJ0fGVFBP48hxN2dJHdWFoqV4cud7mkYOaqKnMz5E2vgYsyKv50/dU+5AzwXg03OrjZHgryvw==}
    engines: {node: '>=16.14'}
    peerDependencies:
      '@sanity/client': ^6.18.2

  '@sanity/preview-url-secret@1.6.14':
    resolution: {integrity: sha512-BWbv9kcPRbWaUhrBrlgOfIuxnxeVGCjtfX7kTiwMP6NGGDJ8cxFCYPtzhz/7BfKAjkwY9avgz1tyEjqIxk0nEQ==}
    engines: {node: '>=18'}
    peerDependencies:
      '@sanity/client': ^6.18.3

  '@sanity/ui@2.1.12':
    resolution: {integrity: sha512-vn1fGeRDazWw8Xm3M0Gp1WNg0YKMarflt/pNgbSPkMqc5p6E1mNIK9GnEIjWU7hhtUhhQ1VOL4p7uoTYAnFN0Q==}
    engines: {node: '>=14.0.0'}
    peerDependencies:
      react: ^18
      react-dom: ^18
      react-is: ^18
      styled-components: ^5.2 || ^6

  '@sanity/uuid@3.0.2':
    resolution: {integrity: sha512-vzdhqOrX7JGbMyK40KuIwwyXHm7GMLOGuYgn3xlC09e4ZVNofUO5mgezQqnRv0JAMthIRhofqs9f6ufUjMKOvw==}

  '@types/event-source-polyfill@1.0.5':
    resolution: {integrity: sha512-iaiDuDI2aIFft7XkcwMzDWLqo7LVDixd2sR6B4wxJut9xcp/Ev9bO4EFg4rm6S9QxATLBj5OPxdeocgmhjwKaw==}

  '@types/eventsource@1.1.15':
    resolution: {integrity: sha512-XQmGcbnxUNa06HR3VBVkc9+A2Vpi9ZyLJcdS5dwaQQ/4ZMWFO+5c90FnMUpbtMZwB/FChoYHwuVg8TvkECacTA==}

  '@types/hast@2.3.10':
    resolution: {integrity: sha512-McWspRw8xx8J9HurkVBfYj0xKoE25tOFlHGdx4MJ5xORQrMGZNqJhVQWaIbm6Oyla5kYOXtDiopzKRJzEOkwJw==}

  '@types/lodash.isequal@4.5.8':
    resolution: {integrity: sha512-uput6pg4E/tj2LGxCZo9+y27JNyB2OZuuI/T5F+ylVDYuqICLG2/ktjxx0v6GvVntAf8TvEzeQLcV0ffRirXuA==}

  '@types/lodash@4.17.4':
    resolution: {integrity: sha512-wYCP26ZLxaT3R39kiN2+HcJ4kTd3U1waI/cY7ivWYqFP6pW3ZNpvi6Wd6PHZx7T/t8z0vlkXMg3QYLa7DZ/IJQ==}

  '@types/stylis@4.2.5':
    resolution: {integrity: sha512-1Xve+NMN7FWjY14vLoY5tL3BVEQ/n42YLwaqJIPYhotZ9uBHt87VceMwWQpzmdEt2TNXIorIFG+YeCUUW7RInw==}

  '@types/unist@2.0.10':
    resolution: {integrity: sha512-IfYcSBWE3hLpBg8+X2SEa8LVkJdJEkT2Ese2aaLs3ptGdVtABxndrMaxuFlQ1qdFf9Q5rDvDpxI3WwgvKFAsQA==}

  '@types/uuid@8.3.4':
    resolution: {integrity: sha512-c/I8ZRb51j+pYGAu5CrFMRxqZ2ke4y2grEBO5AUjgSkSk+qT2Ea+OdWElz/OiMf5MNpn2b17kuVBwZLQJXzihw==}

  camelize@1.0.1:
    resolution: {integrity: sha512-dU+Tx2fsypxTgtLoE36npi3UqcjSSMNYfkqgmoEhtZrraP5VWq0K7FkWVTYa8eMPtnU/G2txVsfdCJTn9uzpuQ==}

  character-entities-legacy@1.1.4:
    resolution: {integrity: sha512-3Xnr+7ZFS1uxeiUDvV02wQ+QDbc55o97tIV5zHScSPJpcLm/r0DFPcoY3tYRp+VZukxuMeKgXYmsXQHO05zQeA==}

  character-entities@1.2.4:
    resolution: {integrity: sha512-iBMyeEHxfVnIakwOuDXpVkc54HijNgCyQB2w0VfGQThle6NXn50zU6V/u+LDhxHcDUPojn6Kpga3PTAD8W1bQw==}

  character-reference-invalid@1.1.4:
    resolution: {integrity: sha512-mKKUkUbhPpQlCOfIuZkvSEgktjPFIsZKRRbC6KWVEMvlzblj3i3asQv5ODsrwt0N3pHAEvjP8KTQPHkp0+6jOg==}

  comma-separated-tokens@1.0.8:
    resolution: {integrity: sha512-GHuDRO12Sypu2cV70d1dkA2EUmXHgntrzbpvOB+Qy+49ypNfGgFQIC2fhhXbnyrJRynDCAARsT7Ou0M6hirpfw==}

  core-util-is@1.0.3:
    resolution: {integrity: sha512-ZQBvi1DcpJ4GDqanjucZ2Hj3wEO5pZDS89BWbkcrvdxksJorwUDDZamX9ldFkp9aw2lmBDLgkObEA4DWNJ9FYQ==}

  css-color-keywords@1.0.0:
    resolution: {integrity: sha512-FyyrDHZKEjXDpNJYvVsV960FiqQyXc/LlYmsxl2BcdMb2WPx0OGRVgTg55rPSyLSNMqP52R9r8geSp7apN3Ofg==}
    engines: {node: '>=4'}

  css-to-react-native@3.2.0:
    resolution: {integrity: sha512-e8RKaLXMOFii+02mOlqwjbD00KSEKqblnpO9e++1aXS1fPQOpS1YoqdVHBqPjHNoxeF2mimzVqawm2KCbEdtHQ==}

  csstype@3.1.3:
    resolution: {integrity: sha512-M1uQkMl8rQK/szD0LNhtqxIPLpimGm8sOBwU7lLnCpSbTyY3yeU1Vc7l4KT5zT4s/yOxHH5O7tIuuLOCnLADRw==}

  decompress-response@7.0.0:
    resolution: {integrity: sha512-6IvPrADQyyPGLpMnUh6kfKiqy7SrbXbjoUuZ90WMBJKErzv2pCiwlGEXjRX9/54OnTq+XFVnkOnOMzclLI5aEA==}
    engines: {node: '>=10'}

  event-source-polyfill@1.0.31:
    resolution: {integrity: sha512-4IJSItgS/41IxN5UVAVuAyczwZF7ZIEsM1XAoUzIHA6A+xzusEZUutdXz2Nr+MQPLxfTiCvqE79/C8HT8fKFvA==}

  eventsource@2.0.2:
    resolution: {integrity: sha512-IzUmBGPR3+oUG9dUeXynyNmf91/3zUSJg1lCktzKw47OXuhco54U3r9B7O4XX+Rb1Itm9OZ2b0RkTs10bICOxA==}
    engines: {node: '>=12.0.0'}

  fast-deep-equal@3.1.3:
    resolution: {integrity: sha512-f3qQ9oQy9j2AhBe/H9VC91wLmKBCCU/gDOnKNAYG5hswO7BLKj09Hc5HYNz9cGI++xlpDCIgDaitVs03ATR84Q==}

  follow-redirects@1.15.6:
    resolution: {integrity: sha512-wWN62YITEaOpSK584EZXJafH1AGpO8RVgElfkuXbTOrPX4fIfOyEpW/CsiNd8JdYrAoOvafRTOEnvsO++qCqFA==}
    engines: {node: '>=4.0'}
    peerDependencies:
      debug: '*'
    peerDependenciesMeta:
      debug:
        optional: true

  framer-motion@11.0.8:
    resolution: {integrity: sha512-1KSGNuqe1qZkS/SWQlDnqK2VCVzRVEoval379j0FiUBJAZoqgwyvqFkfvJbgW2IPFo4wX16K+M0k5jO23lCIjA==}
    peerDependencies:
      react: ^18.0.0
      react-dom: ^18.0.0
    peerDependenciesMeta:
      react:
        optional: true
      react-dom:
        optional: true

  get-it@8.5.0:
    resolution: {integrity: sha512-OHrFT+2Nxk7PbzSnRHUMFjF83zqCvfc/t5l+ysSEK1MhvN26BtRt/AcZeA7uDs8TGtVPDKdGqLeqENKsM6GTDg==}
    engines: {node: '>=14.0.0'}

  hast-util-parse-selector@2.2.5:
    resolution: {integrity: sha512-7j6mrk/qqkSehsM92wQjdIgWM2/BW61u/53G6xmC8i1OmEdKLHbk419QKQUjz6LglWsfqoiHmyMRkP1BGjecNQ==}

  hastscript@6.0.0:
    resolution: {integrity: sha512-nDM6bvd7lIqDUiYEiu5Sl/+6ReP0BMk/2f4U/Rooccxkj0P5nm+acM5PrGJ/t5I8qPGiqZSE6hVAwZEdZIvP4w==}

  inherits@2.0.4:
    resolution: {integrity: sha512-k/vGaX4/Yla3WzyMCvTQOXYeIHvqOKtnqBduzTHpzpQZzAskKMhZ2K+EnBiSM9zGSoIFeMpXKxa4dYeZIQqewQ==}

  is-alphabetical@1.0.4:
    resolution: {integrity: sha512-DwzsA04LQ10FHTZuL0/grVDk4rFoVH1pjAToYwBrHSxcrBIGQuXrQMtD5U1b0U2XVgKZCTLLP8u2Qxqhy3l2Vg==}

  is-alphanumerical@1.0.4:
    resolution: {integrity: sha512-UzoZUr+XfVz3t3v4KyGEniVL9BDRoQtY7tOyrRybkVNjDFWyo1yhXNGrrBTQxp3ib9BLAWs7k2YKBQsFRkZG9A==}

  is-decimal@1.0.4:
    resolution: {integrity: sha512-RGdriMmQQvZ2aqaQq3awNA6dCGtKpiDFcOzrTWrDAT2MiWrKQVPmxLGHl7Y2nNu6led0kEyoX0enY0qXYsv9zw==}

  is-hexadecimal@1.0.4:
    resolution: {integrity: sha512-gyPJuv83bHMpocVYoqof5VDiZveEoGoFL8m3BXNb2VW8Xs+rz9kqO8LOQ5DH6EsuvilT1ApazU0pyl+ytbPtlw==}

  is-retry-allowed@2.2.0:
    resolution: {integrity: sha512-XVm7LOeLpTW4jV19QSH38vkswxoLud8sQ57YwJVTPWdiaI9I8keEhGFpBlslyVsgdQy4Opg8QOLb8YRgsyZiQg==}
    engines: {node: '>=10'}

  isarray@1.0.0:
    resolution: {integrity: sha512-VLghIWNM6ELQzo7zwmcg0NmTVyWKYjvIeM83yjp0wRDTmUnrM678fQbcKBo6n2CJEF0szoG//ytg+TKla89ALQ==}

  lodash.isequal@4.5.0:
    resolution: {integrity: sha512-pDo3lu8Jhfjqls6GkMgpahsF9kCyayhgykjyLMNFTKWrpVdAQtYyB4muAMWozBB4ig/dtWAmsMxLEI8wuz+DYQ==}

  mendoza@3.0.7:
    resolution: {integrity: sha512-KtLgsCl5dFjRPUVSVV9KxpUr2BfZgLv8uqxg/hCsI7JIWsesHABSbl0MQwxNHAg24KtzSQ6vrPsgeNnoq4UImg==}
    engines: {node: '>=14.18'}

  mimic-response@3.1.0:
    resolution: {integrity: sha512-z0yWI+4FDrrweS8Zmt4Ej5HdJmky15+L2e6Wgn3+iK5fWzb6T3fhNFq2+MeTRb064c6Wr4N/wv0DzQTjNzHNGQ==}
    engines: {node: '>=10'}

  mnemonist@0.39.8:
    resolution: {integrity: sha512-vyWo2K3fjrUw8YeeZ1zF0fy6Mu59RHokURlld8ymdUPjMlD9EC9ov1/YPqTgqRvUN9nTr3Gqfz29LYAmu0PHPQ==}

  nanoid@3.3.7:
    resolution: {integrity: sha512-eSRppjcPIatRIMC1U6UngP8XFcz8MQWGQdt1MTBQ7NaAmvXDfvNxbvWV3x2y6CdEUciCSsDHDQZbhYaB8QEo2g==}
    engines: {node: ^10 || ^12 || ^13.7 || ^14 || >=15.0.1}
    hasBin: true

  obliterator@2.0.4:
    resolution: {integrity: sha512-lgHwxlxV1qIg1Eap7LgIeoBWIMFibOjbrYPIPJZcI1mmGAI2m3lNYpK12Y+GBdPQ0U1hRwSord7GIaawz962qQ==}

  parse-entities@2.0.0:
    resolution: {integrity: sha512-kkywGpCcRYhqQIchaWqZ875wzpS/bMKhz5HnN3p7wveJTkTtyAB/AlnS0f8DFSqYW1T82t6yEAkEcB+A1I3MbQ==}

  path-to-regexp@6.2.2:
    resolution: {integrity: sha512-GQX3SSMokngb36+whdpRXE+3f9V8UzyAorlYvOGx87ufGHehNTn5lCxrKtLyZ4Yl/wEKnNnr98ZzOwwDZV5ogw==}

  picocolors@1.0.1:
    resolution: {integrity: sha512-anP1Z8qwhkbmu7MFP5iTt+wQKXgwzf7zTyGlcdzabySa9vd0Xt392U0rVmz9poOaBj0uHJKyyo9/upk0HrEQew==}

  postcss-value-parser@4.2.0:
    resolution: {integrity: sha512-1NNCs6uurfkVbeXG4S8JFT9t19m45ICnif8zWLd5oPSZ50QnwMfK+H3jv408d4jw/7Bttv5axS5IiHoLaVNHeQ==}

  postcss@8.4.38:
    resolution: {integrity: sha512-Wglpdk03BSfXkHoQa3b/oulrotAkwrlLDRSOb9D0bN86FdRyE9lppSp33aHNPgBa0JKCoB+drFLZkQoRRYae5A==}
    engines: {node: ^10 || ^12 || >=14}

  prismjs@1.27.0:
    resolution: {integrity: sha512-t13BGPUlFDR7wRB5kQDG4jjl7XeuH6jbJGt11JHPL96qwsEHNX2+68tFXqc1/k+/jALsbSWJKUOT/hcYAZ5LkA==}
    engines: {node: '>=6'}

  process-nextick-args@2.0.1:
    resolution: {integrity: sha512-3ouUOpQhtgrbOa17J7+uxOTpITYWaGP7/AhoR3+A+/1e9skrzelGi/dXzEYyvbxubEF6Wn2ypscTKiKJFFn1ag==}

  progress-stream@2.0.0:
    resolution: {integrity: sha512-xJwOWR46jcXUq6EH9yYyqp+I52skPySOeHfkxOZ2IY1AiBi/sFJhbhAKHoV3OTw/omQ45KTio9215dRJ2Yxd3Q==}

  property-information@5.6.0:
    resolution: {integrity: sha512-YUHSPk+A30YPv+0Qf8i9Mbfe/C0hdPXk1s1jPVToV8pk8BQtpw10ct89Eo7OWkutrwqvT0eicAxlOg3dOAu8JA==}

  react-dom@19.0.0-rc-f994737d14-20240522:
    resolution: {integrity: sha512-J4CsfTSptPKkhaPbaR6n/KohQiHZTrRZ8GL4H8rbAqN/Qpy69g2MIoLBr5/PUX21ye6JxC1ZRWJFna7Xdg1pdA==}
    peerDependencies:
      react: 19.0.0-rc-f994737d14-20240522

  react-is@18.3.1:
    resolution: {integrity: sha512-/LLMVyas0ljjAtoYiPqYiL8VWXzUUdThrmU5+n20DZv+a+ClRoevUzw5JxU+Ieh5/c87ytoTBV9G1FiKfNJdmg==}

  react-refractor@2.2.0:
    resolution: {integrity: sha512-UvWkBVqH/2b9nkkkt4UNFtU3aY1orQfd4plPjx5rxbefy6vGajNHU9n+tv8CbykFyVirr3vEBfN2JTxyK0d36g==}
    peerDependencies:
      react: '>=15.0.0'

  react@19.0.0-rc-f994737d14-20240522:
    resolution: {integrity: sha512-SeU2v5Xy6FotVhKz0pMS2gvYP7HlkF0qgTskj3JzA1vlxcb3dQjxlm9t0ZlJqcgoyI3VFAw7bomuDMdgy1nBuw==}
    engines: {node: '>=0.10.0'}

  readable-stream@2.3.8:
    resolution: {integrity: sha512-8p0AUk4XODgIewSi0l8Epjs+EVnWiK7NoDIEGU0HhE7+ZyY8D1IMY7odu5lRrFXGg71L15KG8QrPmum45RTtdA==}

  refractor@3.6.0:
    resolution: {integrity: sha512-MY9W41IOWxxk31o+YvFCNyNzdkc9M20NoZK5vq6jkv4I/uh2zkWcfudj0Q1fovjUQJrNewS9NMzeTtqPf+n5EA==}

  rxjs@7.8.1:
    resolution: {integrity: sha512-AA3TVj+0A2iuIoQkWEK/tqFjBq2j+6PO6Y0zJcvzLAFhEFIO3HL0vls9hWLncZbAAbK0mar7oZ4V079I/qPMxg==}

  safe-buffer@5.1.2:
    resolution: {integrity: sha512-Gd2UZBJDkXlY7GbJxfsE8/nvKkUEU1G38c1siN6QP6a9PT9MmHB8GnpscSmMJSoF8LOIrt8ud/wPtojys4G6+g==}

  safe-buffer@5.2.1:
    resolution: {integrity: sha512-rp3So07KcdmmKbGvgaNxQSJr7bGVSVk5S9Eq1F+ppbRo70+YeaDxkw5Dd8NPN+GD6bjnYm2VuPuCXmpuYvmCXQ==}

  scheduler@0.25.0-rc-f994737d14-20240522:
    resolution: {integrity: sha512-qS+xGFF7AljP2APO2iJe8zESNsK20k25MACz+WGOXPybUsRdi1ssvaoF93im2nSX2q/XT3wKkjdz6RQfbmaxdw==}

  shallowequal@1.1.0:
    resolution: {integrity: sha512-y0m1JoUZSlPAjXVtPPW70aZWfIL/dSP7AFkRnniLCrK/8MDKog3TySTBmckD+RObVxH0v4Tox67+F14PdED2oQ==}

  source-map-js@1.2.0:
    resolution: {integrity: sha512-itJW8lvSA0TXEphiRoawsCksnlf8SyvmFzIhltqAHluXd88pkCd+cXJVHTDwdCr0IzwptSm035IHQktUu1QUMg==}
    engines: {node: '>=0.10.0'}

  space-separated-tokens@1.1.5:
    resolution: {integrity: sha512-q/JSVd1Lptzhf5bkYm4ob4iWPjx0KiRe3sRFBNrVqbJkFaBm5vbbowy1mymoPNLRa52+oadOhJ+K49wsSeSjTA==}

  speedometer@1.0.0:
    resolution: {integrity: sha512-lgxErLl/7A5+vgIIXsh9MbeukOaCb2axgQ+bKCdIE+ibNT4XNYGNCR1qFEGq6F+YDASXK3Fh/c5FgtZchFolxw==}

  string_decoder@1.1.1:
    resolution: {integrity: sha512-n/ShnvDi6FHbbVfviro+WojiFzv+s8MPMHBczVePfUpDJLwoLT0ht1l4YwBCbi8pJAveEEdnkHyPyTP/mzRfwg==}

  styled-components@6.1.11:
    resolution: {integrity: sha512-Ui0jXPzbp1phYij90h12ksljKGqF8ncGx+pjrNPsSPhbUUjWT2tD1FwGo2LF6USCnbrsIhNngDfodhxbegfEOA==}
    engines: {node: '>= 16'}
    peerDependencies:
      react: '>= 16.8.0'
      react-dom: '>= 16.8.0'

  stylis@4.3.2:
    resolution: {integrity: sha512-bhtUjWd/z6ltJiQwg0dUfxEJ+W+jdqQd8TbWLWyeIJHlnsqmGLRFFd8e5mA0AZi/zx90smXRlN66YMTcaSFifg==}

  suspend-react@0.1.3:
    resolution: {integrity: sha512-aqldKgX9aZqpoDp3e8/BZ8Dm7x1pJl+qI3ZKxDN0i/IQTWUwBx/ManmlVJ3wowqbno6c2bmiIfs+Um6LbsjJyQ==}
    peerDependencies:
      react: '>=17.0'

  through2@2.0.5:
    resolution: {integrity: sha512-/mrRod8xqpA+IHSLyGCQ2s8SPHiCDEeQJSep1jqLYeEUClOFG2Qsh+4FU6G9VeqpZnGW/Su8LQGc4YKni5rYSQ==}

  tslib@2.6.2:
    resolution: {integrity: sha512-AEYxH93jGFPn/a2iVAwW87VuUIkR1FVUKB77NwMF7nBTDkDrrT/Hpt/IrCJ0QXhW27jTBDcf5ZY7w6RiqTMw2Q==}

  tunnel-agent@0.6.0:
    resolution: {integrity: sha512-McnNiV1l8RYeY8tBgEpuodCC1mLUdbSN+CYBL7kJsJNInOP8UjDDEwdk6Mw60vdLLrr5NHKZhMAOSrR2NZuQ+w==}

  unist-util-filter@2.0.3:
    resolution: {integrity: sha512-8k6Jl/KLFqIRTHydJlHh6+uFgqYHq66pV75pZgr1JwfyFSjbWb12yfb0yitW/0TbHXjr9U4G9BQpOvMANB+ExA==}

  unist-util-is@4.1.0:
    resolution: {integrity: sha512-ZOQSsnce92GrxSqlnEEseX0gi7GH9zTJZ0p9dtu87WRb/37mMPO2Ilx1s/t9vBHrFhbgweUwb+t7cIn5dxPhZg==}

  unist-util-visit-parents@3.1.1:
    resolution: {integrity: sha512-1KROIZWo6bcMrZEwiH2UrXDyalAa0uqzWCxCJj6lPOvTve2WkfgCytoDTPaMnodXh1WrXOq0haVYHj99ynJlsg==}

  util-deprecate@1.0.2:
    resolution: {integrity: sha512-EPD5q1uXyFxJpCrLnCc1nHnq3gOa6DZBocAIiI2TaSCA7VCJ1UJDMagCzIkXNsUYfD1daK//LTEQ8xiIbrHtcw==}

  uuid@8.3.2:
    resolution: {integrity: sha512-+NYs2QeMWy+GWFOEm9xnn6HCDp0l7QBD7ml8zLUmJ+93Q5NF0NocErnwkTkXVFNiX3/fpC6afS8Dhb/gz7R7eg==}
    hasBin: true

  xtend@4.0.2:
    resolution: {integrity: sha512-LKYU1iAXJXUgAXn9URjiu+MWhyUXHsvfp7mcuYm9dSUKK0/CjtrUwFAxD82/mCWbtLsGjFIad0wIsod4zrTAEQ==}
    engines: {node: '>=0.4'}

snapshots:

  '@emotion/is-prop-valid@0.8.8':
    dependencies:
      '@emotion/memoize': 0.7.4
    optional: true

  '@emotion/is-prop-valid@1.2.2':
    dependencies:
      '@emotion/memoize': 0.8.1

  '@emotion/memoize@0.7.4':
    optional: true

  '@emotion/memoize@0.8.1': {}

  '@emotion/unitless@0.8.1': {}

  '@floating-ui/core@1.6.2':
    dependencies:
      '@floating-ui/utils': 0.2.2

  '@floating-ui/dom@1.6.5':
    dependencies:
      '@floating-ui/core': 1.6.2
      '@floating-ui/utils': 0.2.2

  '@floating-ui/react-dom@2.1.0(react-dom@19.0.0-rc-f994737d14-20240522(react@19.0.0-rc-f994737d14-20240522))(react@19.0.0-rc-f994737d14-20240522)':
    dependencies:
      '@floating-ui/dom': 1.6.5
      react: 19.0.0-rc-f994737d14-20240522
      react-dom: 19.0.0-rc-f994737d14-20240522(react@19.0.0-rc-f994737d14-20240522)

  '@floating-ui/utils@0.2.2': {}

  '@sanity/client@6.18.3':
    dependencies:
      '@sanity/eventsource': 5.0.2
      get-it: 8.5.0
      rxjs: 7.8.1
    transitivePeerDependencies:
      - debug

  '@sanity/color@3.0.6': {}

  '@sanity/eventsource@5.0.2':
    dependencies:
      '@types/event-source-polyfill': 1.0.5
      '@types/eventsource': 1.1.15
      event-source-polyfill: 1.0.31
      eventsource: 2.0.2

  '@sanity/icons@2.11.8(react@19.0.0-rc-f994737d14-20240522)':
    dependencies:
      react: 19.0.0-rc-f994737d14-20240522

  '@sanity/presentation@1.15.8(@sanity/client@6.18.3)(react-dom@19.0.0-rc-f994737d14-20240522(react@19.0.0-rc-f994737d14-20240522))(react-is@18.3.1)(react@19.0.0-rc-f994737d14-20240522)(styled-components@6.1.11(react-dom@19.0.0-rc-f994737d14-20240522(react@19.0.0-rc-f994737d14-20240522))(react@19.0.0-rc-f994737d14-20240522))':
    dependencies:
      '@sanity/client': 6.18.3
      '@sanity/icons': 2.11.8(react@19.0.0-rc-f994737d14-20240522)
      '@sanity/preview-url-secret': 1.6.14(@sanity/client@6.18.3)
      '@sanity/ui': 2.1.12(react-dom@19.0.0-rc-f994737d14-20240522(react@19.0.0-rc-f994737d14-20240522))(react-is@18.3.1)(react@19.0.0-rc-f994737d14-20240522)(styled-components@6.1.11(react-dom@19.0.0-rc-f994737d14-20240522(react@19.0.0-rc-f994737d14-20240522))(react@19.0.0-rc-f994737d14-20240522))
      '@sanity/uuid': 3.0.2
      '@types/lodash.isequal': 4.5.8
      fast-deep-equal: 3.1.3
      framer-motion: 11.0.8(react-dom@19.0.0-rc-f994737d14-20240522(react@19.0.0-rc-f994737d14-20240522))(react@19.0.0-rc-f994737d14-20240522)
      lodash.isequal: 4.5.0
      mendoza: 3.0.7
      mnemonist: 0.39.8
      path-to-regexp: 6.2.2
      rxjs: 7.8.1
      suspend-react: 0.1.3(react@19.0.0-rc-f994737d14-20240522)
    transitivePeerDependencies:
      - react
      - react-dom
      - react-is
      - styled-components

  '@sanity/preview-url-secret@1.6.14(@sanity/client@6.18.3)':
    dependencies:
      '@sanity/client': 6.18.3
      '@sanity/uuid': 3.0.2

  '@sanity/ui@2.1.12(react-dom@19.0.0-rc-f994737d14-20240522(react@19.0.0-rc-f994737d14-20240522))(react-is@18.3.1)(react@19.0.0-rc-f994737d14-20240522)(styled-components@6.1.11(react-dom@19.0.0-rc-f994737d14-20240522(react@19.0.0-rc-f994737d14-20240522))(react@19.0.0-rc-f994737d14-20240522))':
    dependencies:
      '@floating-ui/react-dom': 2.1.0(react-dom@19.0.0-rc-f994737d14-20240522(react@19.0.0-rc-f994737d14-20240522))(react@19.0.0-rc-f994737d14-20240522)
      '@sanity/color': 3.0.6
      '@sanity/icons': 2.11.8(react@19.0.0-rc-f994737d14-20240522)
      csstype: 3.1.3
      framer-motion: 11.0.8(react-dom@19.0.0-rc-f994737d14-20240522(react@19.0.0-rc-f994737d14-20240522))(react@19.0.0-rc-f994737d14-20240522)
      react: 19.0.0-rc-f994737d14-20240522
      react-dom: 19.0.0-rc-f994737d14-20240522(react@19.0.0-rc-f994737d14-20240522)
      react-is: 18.3.1
      react-refractor: 2.2.0(react@19.0.0-rc-f994737d14-20240522)
      styled-components: 6.1.11(react-dom@19.0.0-rc-f994737d14-20240522(react@19.0.0-rc-f994737d14-20240522))(react@19.0.0-rc-f994737d14-20240522)

  '@sanity/uuid@3.0.2':
    dependencies:
      '@types/uuid': 8.3.4
      uuid: 8.3.2

  '@types/event-source-polyfill@1.0.5': {}

  '@types/eventsource@1.1.15': {}

  '@types/hast@2.3.10':
    dependencies:
      '@types/unist': 2.0.10

  '@types/lodash.isequal@4.5.8':
    dependencies:
      '@types/lodash': 4.17.4

  '@types/lodash@4.17.4': {}

  '@types/stylis@4.2.5': {}

  '@types/unist@2.0.10': {}

  '@types/uuid@8.3.4': {}

  camelize@1.0.1: {}

  character-entities-legacy@1.1.4: {}

  character-entities@1.2.4: {}

  character-reference-invalid@1.1.4: {}

  comma-separated-tokens@1.0.8: {}

  core-util-is@1.0.3: {}

  css-color-keywords@1.0.0: {}

  css-to-react-native@3.2.0:
    dependencies:
      camelize: 1.0.1
      css-color-keywords: 1.0.0
      postcss-value-parser: 4.2.0

  csstype@3.1.3: {}

  decompress-response@7.0.0:
    dependencies:
      mimic-response: 3.1.0

  event-source-polyfill@1.0.31: {}

  eventsource@2.0.2: {}

  fast-deep-equal@3.1.3: {}

  follow-redirects@1.15.6: {}

  framer-motion@11.0.8(react-dom@19.0.0-rc-f994737d14-20240522(react@19.0.0-rc-f994737d14-20240522))(react@19.0.0-rc-f994737d14-20240522):
    dependencies:
      tslib: 2.6.2
    optionalDependencies:
      '@emotion/is-prop-valid': 0.8.8
      react: 19.0.0-rc-f994737d14-20240522
      react-dom: 19.0.0-rc-f994737d14-20240522(react@19.0.0-rc-f994737d14-20240522)

  get-it@8.5.0:
    dependencies:
      decompress-response: 7.0.0
      follow-redirects: 1.15.6
      is-retry-allowed: 2.2.0
      progress-stream: 2.0.0
      tunnel-agent: 0.6.0
    transitivePeerDependencies:
      - debug

  hast-util-parse-selector@2.2.5: {}

  hastscript@6.0.0:
    dependencies:
      '@types/hast': 2.3.10
      comma-separated-tokens: 1.0.8
      hast-util-parse-selector: 2.2.5
      property-information: 5.6.0
      space-separated-tokens: 1.1.5

  inherits@2.0.4: {}

  is-alphabetical@1.0.4: {}

  is-alphanumerical@1.0.4:
    dependencies:
      is-alphabetical: 1.0.4
      is-decimal: 1.0.4

  is-decimal@1.0.4: {}

  is-hexadecimal@1.0.4: {}

  is-retry-allowed@2.2.0: {}

  isarray@1.0.0: {}

  lodash.isequal@4.5.0: {}

  mendoza@3.0.7: {}

  mimic-response@3.1.0: {}

  mnemonist@0.39.8:
    dependencies:
      obliterator: 2.0.4

  nanoid@3.3.7: {}

  obliterator@2.0.4: {}

  parse-entities@2.0.0:
    dependencies:
      character-entities: 1.2.4
      character-entities-legacy: 1.1.4
      character-reference-invalid: 1.1.4
      is-alphanumerical: 1.0.4
      is-decimal: 1.0.4
      is-hexadecimal: 1.0.4

  path-to-regexp@6.2.2: {}

  picocolors@1.0.1: {}

  postcss-value-parser@4.2.0: {}

  postcss@8.4.38:
    dependencies:
      nanoid: 3.3.7
      picocolors: 1.0.1
      source-map-js: 1.2.0

  prismjs@1.27.0: {}

  process-nextick-args@2.0.1: {}

  progress-stream@2.0.0:
    dependencies:
      speedometer: 1.0.0
      through2: 2.0.5

  property-information@5.6.0:
    dependencies:
      xtend: 4.0.2

  react-dom@19.0.0-rc-f994737d14-20240522(react@19.0.0-rc-f994737d14-20240522):
    dependencies:
      react: 19.0.0-rc-f994737d14-20240522
      scheduler: 0.25.0-rc-f994737d14-20240522

  react-is@18.3.1: {}

  react-refractor@2.2.0(react@19.0.0-rc-f994737d14-20240522):
    dependencies:
      react: 19.0.0-rc-f994737d14-20240522
      refractor: 3.6.0
      unist-util-filter: 2.0.3
      unist-util-visit-parents: 3.1.1

  react@19.0.0-rc-f994737d14-20240522: {}

  readable-stream@2.3.8:
    dependencies:
      core-util-is: 1.0.3
      inherits: 2.0.4
      isarray: 1.0.0
      process-nextick-args: 2.0.1
      safe-buffer: 5.1.2
      string_decoder: 1.1.1
      util-deprecate: 1.0.2

  refractor@3.6.0:
    dependencies:
      hastscript: 6.0.0
      parse-entities: 2.0.0
      prismjs: 1.27.0

  rxjs@7.8.1:
    dependencies:
      tslib: 2.6.2

  safe-buffer@5.1.2: {}

  safe-buffer@5.2.1: {}

  scheduler@0.25.0-rc-f994737d14-20240522: {}

  shallowequal@1.1.0: {}

  source-map-js@1.2.0: {}

  space-separated-tokens@1.1.5: {}

  speedometer@1.0.0: {}

  string_decoder@1.1.1:
    dependencies:
      safe-buffer: 5.1.2

  styled-components@6.1.11(react-dom@19.0.0-rc-f994737d14-20240522(react@19.0.0-rc-f994737d14-20240522))(react@19.0.0-rc-f994737d14-20240522):
    dependencies:
      '@emotion/is-prop-valid': 1.2.2
      '@emotion/unitless': 0.8.1
      '@types/stylis': 4.2.5
      css-to-react-native: 3.2.0
      csstype: 3.1.3
      postcss: 8.4.38
      react: 19.0.0-rc-f994737d14-20240522
      react-dom: 19.0.0-rc-f994737d14-20240522(react@19.0.0-rc-f994737d14-20240522)
      shallowequal: 1.1.0
      stylis: 4.3.2
      tslib: 2.6.2

  stylis@4.3.2: {}

  suspend-react@0.1.3(react@19.0.0-rc-f994737d14-20240522):
    dependencies:
      react: 19.0.0-rc-f994737d14-20240522

  through2@2.0.5:
    dependencies:
      readable-stream: 2.3.8
      xtend: 4.0.2

  tslib@2.6.2: {}

  tunnel-agent@0.6.0:
    dependencies:
      safe-buffer: 5.2.1

  unist-util-filter@2.0.3:
    dependencies:
      unist-util-is: 4.1.0

  unist-util-is@4.1.0: {}

  unist-util-visit-parents@3.1.1:
    dependencies:
      '@types/unist': 2.0.10
      unist-util-is: 4.1.0

  util-deprecate@1.0.2: {}

  uuid@8.3.2: {}

  xtend@4.0.2: {}
