lockfileVersion: '9.0'

settings:
  autoInstallPeers: true
  excludeLinksFromLockfile: false

importers:

  .:
    dependencies:
      '@portabletext/editor':
        specifier: 1.0.19
        version: 1.0.19(@sanity/block-tools@3.56.0)(@sanity/schema@3.56.0)(@sanity/types@3.56.0)(@sanity/util@3.56.0)(react-dom@19.0.0-rc-fb9a90fa48-20240614(react@19.0.0-rc-fb9a90fa48-20240614))(react@19.0.0-rc-fb9a90fa48-20240614)(rxjs@7.8.1)(styled-components@6.1.12(react-dom@19.0.0-rc-fb9a90fa48-20240614(react@19.0.0-rc-fb9a90fa48-20240614))(react@19.0.0-rc-fb9a90fa48-20240614))
      react:
        specifier: '>=19.0.0-rc'
        version: 19.0.0-rc-fb9a90fa48-20240614
      react-dom:
        specifier: '>=19.0.0-rc'
        version: 19.0.0-rc-fb9a90fa48-20240614(react@19.0.0-rc-fb9a90fa48-20240614)

packages:

  '@emotion/is-prop-valid@1.2.2':
    resolution: {integrity: sha512-uNsoYd37AFmaCdXlg6EYD1KaPOaRWRByMCYzbKUX4+hhMfrxdVSelShywL4JVaAeM/eHUOSprYBQls+/neX3pw==}

  '@emotion/memoize@0.8.1':
    resolution: {integrity: sha512-W2P2c/VRW1/1tLox0mVUalvnWXxavmv/Oum2aPsRcoDJuob75FC3Y8FbpfLwUegRcxINtGUMPq0tFCvYNTBXNA==}

  '@emotion/unitless@0.8.1':
    resolution: {integrity: sha512-KOEGMu6dmJZtpadb476IsZBclKvILjopjUii3V+7MnXIQCYh8W3NgNcgwo21n9LXZX6EDIKvqfjYxXebDwxKmQ==}

  '@juggle/resize-observer@3.4.0':
    resolution: {integrity: sha512-dfLbk+PwWvFzSxwk3n5ySL0hfBog779o8h68wK/7/APo/7cgyWp5jcXockbxdk5kFRkbeXWm4Fbi9FrdN381sA==}

  '@portabletext/editor@1.0.19':
    resolution: {integrity: sha512-ZNOvErcy2OYchsHVpVtJdhGb12YI6m0vOSubKu8t1X6wllkJPNyduW6xxLbmJiv/Z/+Ua1gVEvczdkfsU2qvvQ==}
    engines: {node: '>=18'}
    peerDependencies:
      '@sanity/block-tools': ^3.47.1
      '@sanity/schema': ^3.47.1
      '@sanity/types': ^3.47.1
      '@sanity/util': ^3.47.1
      react: ^16.9 || ^17 || ^18
      rxjs: ^7
      styled-components: ^6.1

  '@portabletext/patches@1.1.0':
    resolution: {integrity: sha512-2qn4WaRc23m5qRwclT3sAyuHwTyjxCb4Lg0BQyhp7CABd83HtnPPYoP6hycREs6HRdWA48H3sU5gqUVPoxJxdg==}

  '@sanity/block-tools@3.56.0':
    resolution: {integrity: sha512-hmYNm+pL5TVb1l/f1n7T0GNH5MdJBS/ZeMvtVdIBoSiskkLvV6VwhEH9l/ix1ugy1jaVK4bJd5jddvIwbQaLPQ==}

  '@sanity/client@6.21.3':
    resolution: {integrity: sha512-oE2+4kKRTZhFCc4IIsojkzKF0jIhsSYSRxkPZjScZ1k/EQ3Y2tEcQYiKwvvotzaXoaWsIL3RTpulE+R4iBYiBw==}
    engines: {node: '>=14.18'}

  '@sanity/diff-match-patch@3.1.1':
    resolution: {integrity: sha512-dSZqGeYjHKGIkqAzGqLcG92LZyJGX+nYbs/FWawhBbTBDWi21kvQ0hsL3DJThuFVWtZMWTQijN3z6Cnd44Pf2g==}
    engines: {node: '>=14.18'}

  '@sanity/eventsource@5.0.2':
    resolution: {integrity: sha512-/B9PMkUvAlUrpRq0y+NzXgRv5lYCLxZNsBJD2WXVnqZYOfByL9oQBV7KiTaARuObp5hcQYuPfOAVjgXe3hrixA==}

  '@sanity/generate-help-url@3.0.0':
    resolution: {integrity: sha512-wtMYcV5GIDIhVyF/jjmdwq1GdlK07dRL40XMns73VbrFI7FteRltxv48bhYVZPcLkRXb0SHjpDS/icj9/yzbVA==}

  '@sanity/schema@3.56.0':
    resolution: {integrity: sha512-btlXp/B1xtMO6oVkzxW8IQNOO2DlRQ+7wSqukIi18xZswoySNEwdrQVcPSR8MVQAEYHEMQhqNzdi3ZK1itgMkw==}

  '@sanity/types@3.56.0':
    resolution: {integrity: sha512-gFEBnLLuyjRUA49EzV0opbXf3SY9UsklFOg75Z5Kofz4lOzaMw8RBsD1kGgLgBgH/23F+tiyWr1RYNhqLpAGKg==}

  '@sanity/util@3.56.0':
    resolution: {integrity: sha512-+g5jN9f0n19sl+zh6xNEVmJPiGsM+ivvowWyKO42RQQt7yPFfS/A8nxidE1G9+rum3qvMvYqelVVKgVBKHq5Pw==}
    engines: {node: '>=18'}

  '@types/event-source-polyfill@1.0.5':
    resolution: {integrity: sha512-iaiDuDI2aIFft7XkcwMzDWLqo7LVDixd2sR6B4wxJut9xcp/Ev9bO4EFg4rm6S9QxATLBj5OPxdeocgmhjwKaw==}

  '@types/eventsource@1.1.15':
    resolution: {integrity: sha512-XQmGcbnxUNa06HR3VBVkc9+A2Vpi9ZyLJcdS5dwaQQ/4ZMWFO+5c90FnMUpbtMZwB/FChoYHwuVg8TvkECacTA==}

  '@types/follow-redirects@1.14.4':
    resolution: {integrity: sha512-GWXfsD0Jc1RWiFmMuMFCpXMzi9L7oPDVwxUnZdg89kDNnqsRfUKXEtUYtA98A6lig1WXH/CYY/fvPW9HuN5fTA==}

  '@types/node@22.5.1':
    resolution: {integrity: sha512-KkHsxej0j9IW1KKOOAA/XBA0z08UFSrRQHErzEfA3Vgq57eXIMYboIlHJuYIfd+lwCQjtKqUu3UnmKbtUc9yRw==}

  '@types/progress-stream@2.0.5':
    resolution: {integrity: sha512-5YNriuEZkHlFHHepLIaxzq3atGeav1qCTGzB74HKWpo66qjfostF+rHc785YYYHeBytve8ZG3ejg42jEIfXNiQ==}

  '@types/prop-types@15.7.12':
    resolution: {integrity: sha512-5zvhXYtRNRluoE/jAp4GVsSduVUzNWKkOZrCDBWYtE7biZywwdC2AcEzg+cSMLFRfVgeAFqpfNabiPjxFddV1Q==}

  '@types/react@18.3.4':
    resolution: {integrity: sha512-J7W30FTdfCxDDjmfRM+/JqLHBIyl7xUIp9kwK637FGmY7+mkSFSe6L4jpZzhj5QMfLssSDP4/i75AKkrdC7/Jw==}

  '@types/stylis@4.2.5':
    resolution: {integrity: sha512-1Xve+NMN7FWjY14vLoY5tL3BVEQ/n42YLwaqJIPYhotZ9uBHt87VceMwWQpzmdEt2TNXIorIFG+YeCUUW7RInw==}

  arrify@1.0.1:
    resolution: {integrity: sha512-3CYzex9M9FGQjCGMGyi6/31c8GJbgb0qGyrx5HWxPd0aCwh4cB2YjMb2Xf9UuoogrMrlO9cTqnB5rI5GHZTcUA==}
    engines: {node: '>=0.10.0'}

  camelize@1.0.1:
    resolution: {integrity: sha512-dU+Tx2fsypxTgtLoE36npi3UqcjSSMNYfkqgmoEhtZrraP5VWq0K7FkWVTYa8eMPtnU/G2txVsfdCJTn9uzpuQ==}

  compute-scroll-into-view@3.1.0:
    resolution: {integrity: sha512-rj8l8pD4bJ1nx+dAkMhV1xB5RuZEyVysfxJqB1pRchh1KVvwOv9b7CGB8ZfjTImVv2oF+sYMUkMZq6Na5Ftmbg==}

  core-util-is@1.0.3:
    resolution: {integrity: sha512-ZQBvi1DcpJ4GDqanjucZ2Hj3wEO5pZDS89BWbkcrvdxksJorwUDDZamX9ldFkp9aw2lmBDLgkObEA4DWNJ9FYQ==}

  css-color-keywords@1.0.0:
    resolution: {integrity: sha512-FyyrDHZKEjXDpNJYvVsV960FiqQyXc/LlYmsxl2BcdMb2WPx0OGRVgTg55rPSyLSNMqP52R9r8geSp7apN3Ofg==}
    engines: {node: '>=4'}

  css-to-react-native@3.2.0:
    resolution: {integrity: sha512-e8RKaLXMOFii+02mOlqwjbD00KSEKqblnpO9e++1aXS1fPQOpS1YoqdVHBqPjHNoxeF2mimzVqawm2KCbEdtHQ==}

  csstype@3.1.3:
    resolution: {integrity: sha512-M1uQkMl8rQK/szD0LNhtqxIPLpimGm8sOBwU7lLnCpSbTyY3yeU1Vc7l4KT5zT4s/yOxHH5O7tIuuLOCnLADRw==}

  debug@4.3.6:
    resolution: {integrity: sha512-O/09Bd4Z1fBrU4VzkhFqVgpPzaGbw6Sm9FEkBT1A/YBXQFGuuSxa1dN2nxgxS34JmKXqYx8CZAwEVoJFImUXIg==}
    engines: {node: '>=6.0'}
    peerDependencies:
      supports-color: '*'
    peerDependenciesMeta:
      supports-color:
        optional: true

  decompress-response@7.0.0:
    resolution: {integrity: sha512-6IvPrADQyyPGLpMnUh6kfKiqy7SrbXbjoUuZ90WMBJKErzv2pCiwlGEXjRX9/54OnTq+XFVnkOnOMzclLI5aEA==}
    engines: {node: '>=10'}

  direction@1.0.4:
    resolution: {integrity: sha512-GYqKi1aH7PJXxdhTeZBFrg8vUBeKXi+cNprXsC1kpJcbcVnV9wBsrOu1cQEdG0WeQwlfHiy3XvnKfIrJ2R0NzQ==}
    hasBin: true

  dom-walk@0.1.2:
    resolution: {integrity: sha512-6QvTW9mrGeIegrFXdtQi9pk7O/nSK6lSdXW2eqUspN5LWD7UTji2Fqw5V2YLjBpHEoU9Xl/eUWNpDeZvoyOv2w==}

  event-source-polyfill@1.0.31:
    resolution: {integrity: sha512-4IJSItgS/41IxN5UVAVuAyczwZF7ZIEsM1XAoUzIHA6A+xzusEZUutdXz2Nr+MQPLxfTiCvqE79/C8HT8fKFvA==}

  eventsource@2.0.2:
    resolution: {integrity: sha512-IzUmBGPR3+oUG9dUeXynyNmf91/3zUSJg1lCktzKw47OXuhco54U3r9B7O4XX+Rb1Itm9OZ2b0RkTs10bICOxA==}
    engines: {node: '>=12.0.0'}

  follow-redirects@1.15.6:
    resolution: {integrity: sha512-wWN62YITEaOpSK584EZXJafH1AGpO8RVgElfkuXbTOrPX4fIfOyEpW/CsiNd8JdYrAoOvafRTOEnvsO++qCqFA==}
    engines: {node: '>=4.0'}
    peerDependencies:
      debug: '*'
    peerDependenciesMeta:
      debug:
        optional: true

  get-it@8.6.5:
    resolution: {integrity: sha512-o1hjPwrb/icm3WJbCweTSq8mKuDfJlqwbFauI+Pdgid99at/BFaBXFBJZE+uqvHyOVARE4z680S44vrDm8SsCw==}
    engines: {node: '>=14.0.0'}

  get-random-values-esm@1.0.2:
    resolution: {integrity: sha512-HMSDTgj1HPFAuZG0FqxzHbYt5JeEGDUeT9r1RLXhS6RZQS8rLRjokgjZ0Pd28CN0lhXlRwfH6eviZqZEJ2kIoA==}

  get-random-values@1.2.2:
    resolution: {integrity: sha512-lMyPjQyl0cNNdDf2oR+IQ/fM3itDvpoHy45Ymo2r0L1EjazeSl13SfbKZs7KtZ/3MDCeueiaJiuOEfKqRTsSgA==}
    engines: {node: 10 || 12 || >=14}

  global@4.4.0:
    resolution: {integrity: sha512-wv/LAoHdRE3BeTGz53FAamhGlPLhlssK45usmGFThIi4XqnBmjKQ16u+RNbP7WvigRZDxUsM0J3gcQ5yicaL0w==}

  groq-js@1.13.0:
    resolution: {integrity: sha512-TfNyvCVDOEVZFFbeO6TbwwrslHTXpDNN4WwCYAcuSuORx4dLQU5Zn+cIsEFUQvLycU4lc0BqU1FIgldbhi4acQ==}
    engines: {node: '>= 14'}

  humanize-list@1.0.1:
    resolution: {integrity: sha512-4+p3fCRF21oUqxhK0yZ6yaSP/H5/wZumc7q1fH99RkW7Q13aAxDeP78BKjoR+6y+kaHqKF/JWuQhsNuuI2NKtA==}

  immer@10.1.1:
    resolution: {integrity: sha512-s2MPrmjovJcoMaHtx6K11Ra7oD05NT97w1IC5zpMkT6Atjr7H8LjaDd81iIxUYpMKSRRNMJE703M1Fhr/TctHw==}

  inherits@2.0.4:
    resolution: {integrity: sha512-k/vGaX4/Yla3WzyMCvTQOXYeIHvqOKtnqBduzTHpzpQZzAskKMhZ2K+EnBiSM9zGSoIFeMpXKxa4dYeZIQqewQ==}

  is-hotkey-esm@1.0.0:
    resolution: {integrity: sha512-eTXNmLCPXpKEZUERK6rmFsqmL66+5iNB998JMO+/61fSxBZFuUR1qHyFyx7ocBl5Vs8qjFzRAJLACpYfhS5g5w==}

  is-hotkey@0.2.0:
    resolution: {integrity: sha512-UknnZK4RakDmTgz4PI1wIph5yxSs/mvChWs9ifnlXsKuXgWmOkY/hAE0H/k2MIqH0RlRye0i1oC07MCRSD28Mw==}

  is-plain-object@5.0.0:
    resolution: {integrity: sha512-VRSzKkbMm5jMDoKLbltAkFQ5Qr7VDiTFGXxYFXXowVj387GeGNOCsOH6Msy00SGZ3Fp84b1Naa1psqgcCIEP5Q==}
    engines: {node: '>=0.10.0'}

  is-retry-allowed@2.2.0:
    resolution: {integrity: sha512-XVm7LOeLpTW4jV19QSH38vkswxoLud8sQ57YwJVTPWdiaI9I8keEhGFpBlslyVsgdQy4Opg8QOLb8YRgsyZiQg==}
    engines: {node: '>=10'}

  isarray@1.0.0:
    resolution: {integrity: sha512-VLghIWNM6ELQzo7zwmcg0NmTVyWKYjvIeM83yjp0wRDTmUnrM678fQbcKBo6n2CJEF0szoG//ytg+TKla89ALQ==}

  leven@3.1.0:
    resolution: {integrity: sha512-qsda+H8jTaUaN/x5vzW2rzc+8Rw4TAQ/4KjB46IwK5VH+IlVeeeje/EoZRpiXvIqjFgK84QffqPztGI3VBLG1A==}
    engines: {node: '>=6'}

  lodash@4.17.21:
    resolution: {integrity: sha512-v2kDEe57lecTulaDIuNTPy3Ry4gLGJ6Z1O3vE1krgXZNrsQ+LFTGHVxVjcXPs17LhbZVGedAJv8XZ1tvj5FvSg==}

  mimic-response@3.1.0:
    resolution: {integrity: sha512-z0yWI+4FDrrweS8Zmt4Ej5HdJmky15+L2e6Wgn3+iK5fWzb6T3fhNFq2+MeTRb064c6Wr4N/wv0DzQTjNzHNGQ==}
    engines: {node: '>=10'}

  min-document@2.19.0:
    resolution: {integrity: sha512-9Wy1B3m3f66bPPmU5hdA4DR4PB2OfDU/+GS3yAB7IQozE3tqXaVv2zOjgla7MEGSRv95+ILmOuvhLkOK6wJtCQ==}

  moment@2.30.1:
    resolution: {integrity: sha512-uEmtNhbDOrWPFS+hdjFCBfy9f2YoyzRpwcl+DqpC6taX21FzsTLQVbMV/W7PzNSX6x/bhC1zA3c2UQ5NzH6how==}

  ms@2.1.2:
    resolution: {integrity: sha512-sGkPx+VjMtmA6MX27oA4FBFELFCZZ4S4XqeGOXCv68tT+jb3vk/RyaKWP0PTKyWtmLSM0b+adUTEvbs1PEaH2w==}

  nanoid@3.3.7:
    resolution: {integrity: sha512-eSRppjcPIatRIMC1U6UngP8XFcz8MQWGQdt1MTBQ7NaAmvXDfvNxbvWV3x2y6CdEUciCSsDHDQZbhYaB8QEo2g==}
    engines: {node: ^10 || ^12 || ^13.7 || ^14 || >=15.0.1}
    hasBin: true

  object-inspect@1.13.2:
    resolution: {integrity: sha512-IRZSRuzJiynemAXPYtPe5BoI/RESNYR7TYm50MC5Mqbd3Jmw5y790sErYw3V6SryFJD64b74qQQs9wn5Bg/k3g==}
    engines: {node: '>= 0.4'}

  picocolors@1.0.1:
    resolution: {integrity: sha512-anP1Z8qwhkbmu7MFP5iTt+wQKXgwzf7zTyGlcdzabySa9vd0Xt392U0rVmz9poOaBj0uHJKyyo9/upk0HrEQew==}

  postcss-value-parser@4.2.0:
    resolution: {integrity: sha512-1NNCs6uurfkVbeXG4S8JFT9t19m45ICnif8zWLd5oPSZ50QnwMfK+H3jv408d4jw/7Bttv5axS5IiHoLaVNHeQ==}

  postcss@8.4.38:
    resolution: {integrity: sha512-Wglpdk03BSfXkHoQa3b/oulrotAkwrlLDRSOb9D0bN86FdRyE9lppSp33aHNPgBa0JKCoB+drFLZkQoRRYae5A==}
    engines: {node: ^10 || ^12 || >=14}

  process-nextick-args@2.0.1:
    resolution: {integrity: sha512-3ouUOpQhtgrbOa17J7+uxOTpITYWaGP7/AhoR3+A+/1e9skrzelGi/dXzEYyvbxubEF6Wn2ypscTKiKJFFn1ag==}

  process@0.11.10:
    resolution: {integrity: sha512-cdGef/drWFoydD1JsMzuFf8100nZl+GT+yacc2bEced5f9Rjk4z+WtFUTBu9PhOi9j/jfmBPu0mMEY4wIdAF8A==}
    engines: {node: '>= 0.6.0'}

  progress-stream@2.0.0:
    resolution: {integrity: sha512-xJwOWR46jcXUq6EH9yYyqp+I52skPySOeHfkxOZ2IY1AiBi/sFJhbhAKHoV3OTw/omQ45KTio9215dRJ2Yxd3Q==}

  react-dom@19.0.0-rc-fb9a90fa48-20240614:
    resolution: {integrity: sha512-PoEsPe32F7KPLYOBvZfjylEI1B67N44PwY3lyvpmBkhlluLnLz0jH8q2Wg9YidAi6z0k3iUnNRm5x10wurzt9Q==}
    peerDependencies:
      react: 19.0.0-rc-fb9a90fa48-20240614

  react@19.0.0-rc-fb9a90fa48-20240614:
    resolution: {integrity: sha512-nvE3Gy+IOIfH/DXhkyxFVQSrITarFcQz4+shzC/McxQXEUSonpw2oDy/Wi9hdDtV3hlP12VYuDL95iiBREedNQ==}
    engines: {node: '>=0.10.0'}

  readable-stream@2.3.8:
    resolution: {integrity: sha512-8p0AUk4XODgIewSi0l8Epjs+EVnWiK7NoDIEGU0HhE7+ZyY8D1IMY7odu5lRrFXGg71L15KG8QrPmum45RTtdA==}

  rxjs@7.8.1:
    resolution: {integrity: sha512-AA3TVj+0A2iuIoQkWEK/tqFjBq2j+6PO6Y0zJcvzLAFhEFIO3HL0vls9hWLncZbAAbK0mar7oZ4V079I/qPMxg==}

  safe-buffer@5.1.2:
    resolution: {integrity: sha512-Gd2UZBJDkXlY7GbJxfsE8/nvKkUEU1G38c1siN6QP6a9PT9MmHB8GnpscSmMJSoF8LOIrt8ud/wPtojys4G6+g==}

  safe-buffer@5.2.1:
    resolution: {integrity: sha512-rp3So07KcdmmKbGvgaNxQSJr7bGVSVk5S9Eq1F+ppbRo70+YeaDxkw5Dd8NPN+GD6bjnYm2VuPuCXmpuYvmCXQ==}

  scheduler@0.25.0-rc-fb9a90fa48-20240614:
    resolution: {integrity: sha512-HHqQ/SqbeiDfXXVKgNxTpbQTD4n7IUb4hZATvHjp03jr3TF7igehCyHdOjeYTrzIseLO93cTTfSb5f4qWcirMQ==}

  scroll-into-view-if-needed@3.1.0:
    resolution: {integrity: sha512-49oNpRjWRvnU8NyGVmUaYG4jtTkNonFZI86MmGRDqBphEK2EXT9gdEUoQPZhuBM8yWHxCWbobltqYO5M4XrUvQ==}

  shallowequal@1.1.0:
    resolution: {integrity: sha512-y0m1JoUZSlPAjXVtPPW70aZWfIL/dSP7AFkRnniLCrK/8MDKog3TySTBmckD+RObVxH0v4Tox67+F14PdED2oQ==}

  slate-react@0.108.0:
    resolution: {integrity: sha512-vzQuQ1t/gR+1pJh9ABbU4rgckPK0A1AZV5iVKO3isBpJ9z5xPCXf6hqnCNIogMvLU0pZIjjyQJVSL2OtxrQ/xA==}
    peerDependencies:
      react: '>=18.2.0'
      react-dom: '>=18.2.0'
      slate: '>=0.99.0'

  slate@0.103.0:
    resolution: {integrity: sha512-eCUOVqUpADYMZ59O37QQvUdnFG+8rin0OGQAXNHvHbQeVJ67Bu0spQbcy621vtf8GQUXTEQBlk6OP9atwwob4w==}

  source-map-js@1.2.0:
    resolution: {integrity: sha512-itJW8lvSA0TXEphiRoawsCksnlf8SyvmFzIhltqAHluXd88pkCd+cXJVHTDwdCr0IzwptSm035IHQktUu1QUMg==}
    engines: {node: '>=0.10.0'}

  speedometer@1.0.0:
    resolution: {integrity: sha512-lgxErLl/7A5+vgIIXsh9MbeukOaCb2axgQ+bKCdIE+ibNT4XNYGNCR1qFEGq6F+YDASXK3Fh/c5FgtZchFolxw==}

  string_decoder@1.1.1:
    resolution: {integrity: sha512-n/ShnvDi6FHbbVfviro+WojiFzv+s8MPMHBczVePfUpDJLwoLT0ht1l4YwBCbi8pJAveEEdnkHyPyTP/mzRfwg==}

  styled-components@6.1.12:
    resolution: {integrity: sha512-n/O4PzRPhbYI0k1vKKayfti3C/IGcPf+DqcrOB7O/ab9x4u/zjqraneT5N45+sIe87cxrCApXM8Bna7NYxwoTA==}
    engines: {node: '>= 16'}
    peerDependencies:
      react: '>= 16.8.0'
      react-dom: '>= 16.8.0'

  stylis@4.3.2:
    resolution: {integrity: sha512-bhtUjWd/z6ltJiQwg0dUfxEJ+W+jdqQd8TbWLWyeIJHlnsqmGLRFFd8e5mA0AZi/zx90smXRlN66YMTcaSFifg==}

  through2@2.0.5:
    resolution: {integrity: sha512-/mrRod8xqpA+IHSLyGCQ2s8SPHiCDEeQJSep1jqLYeEUClOFG2Qsh+4FU6G9VeqpZnGW/Su8LQGc4YKni5rYSQ==}

  tiny-invariant@1.3.1:
    resolution: {integrity: sha512-AD5ih2NlSssTCwsMznbvwMZpJ1cbhkGd2uueNxzv2jDlEeZdU04JQfRnggJQ8DrcVBGjAsCKwFBbDlVNtEMlzw==}

  tiny-warning@1.0.3:
    resolution: {integrity: sha512-lBN9zLN/oAf68o3zNXYrdCt1kP8WsiGW8Oo2ka41b2IM5JL/S1CTyX1rW0mb/zSuJun0ZUrDxx4sqvYS2FWzPA==}

  tslib@2.6.2:
    resolution: {integrity: sha512-AEYxH93jGFPn/a2iVAwW87VuUIkR1FVUKB77NwMF7nBTDkDrrT/Hpt/IrCJ0QXhW27jTBDcf5ZY7w6RiqTMw2Q==}

  tslib@2.7.0:
    resolution: {integrity: sha512-gLXCKdN1/j47AiHiOkJN69hJmcbGTHI0ImLmbYLHykhgeN0jVGola9yVjFgzCUklsZQMW55o+dW7IXv3RCXDzA==}

  tunnel-agent@0.6.0:
    resolution: {integrity: sha512-McnNiV1l8RYeY8tBgEpuodCC1mLUdbSN+CYBL7kJsJNInOP8UjDDEwdk6Mw60vdLLrr5NHKZhMAOSrR2NZuQ+w==}

  undici-types@6.19.8:
    resolution: {integrity: sha512-ve2KP6f/JnbPBFyobGHuerC9g1FYGn/F8n1LWTwNxCEzd6IfqTwUQcNXgEtmmQ6DlRrC1hrSrBnCZPokRrDHjw==}

  util-deprecate@1.0.2:
    resolution: {integrity: sha512-EPD5q1uXyFxJpCrLnCc1nHnq3gOa6DZBocAIiI2TaSCA7VCJ1UJDMagCzIkXNsUYfD1daK//LTEQ8xiIbrHtcw==}

  xtend@4.0.2:
    resolution: {integrity: sha512-LKYU1iAXJXUgAXn9URjiu+MWhyUXHsvfp7mcuYm9dSUKK0/CjtrUwFAxD82/mCWbtLsGjFIad0wIsod4zrTAEQ==}
    engines: {node: '>=0.4'}

snapshots:

  '@emotion/is-prop-valid@1.2.2':
    dependencies:
      '@emotion/memoize': 0.8.1

  '@emotion/memoize@0.8.1': {}

  '@emotion/unitless@0.8.1': {}

  '@juggle/resize-observer@3.4.0': {}

  '@portabletext/editor@1.0.19(@sanity/block-tools@3.56.0)(@sanity/schema@3.56.0)(@sanity/types@3.56.0)(@sanity/util@3.56.0)(react-dom@19.0.0-rc-fb9a90fa48-20240614(react@19.0.0-rc-fb9a90fa48-20240614))(react@19.0.0-rc-fb9a90fa48-20240614)(rxjs@7.8.1)(styled-components@6.1.12(react-dom@19.0.0-rc-fb9a90fa48-20240614(react@19.0.0-rc-fb9a90fa48-20240614))(react@19.0.0-rc-fb9a90fa48-20240614))':
    dependencies:
      '@portabletext/patches': 1.1.0
      '@sanity/block-tools': 3.56.0
      '@sanity/schema': 3.56.0
      '@sanity/types': 3.56.0
      '@sanity/util': 3.56.0
      debug: 4.3.6
      is-hotkey-esm: 1.0.0
      lodash: 4.17.21
      react: 19.0.0-rc-fb9a90fa48-20240614
      rxjs: 7.8.1
      slate: 0.103.0
      slate-react: 0.108.0(react-dom@19.0.0-rc-fb9a90fa48-20240614(react@19.0.0-rc-fb9a90fa48-20240614))(react@19.0.0-rc-fb9a90fa48-20240614)(slate@0.103.0)
      styled-components: 6.1.12(react-dom@19.0.0-rc-fb9a90fa48-20240614(react@19.0.0-rc-fb9a90fa48-20240614))(react@19.0.0-rc-fb9a90fa48-20240614)
    transitivePeerDependencies:
      - react-dom
      - supports-color

  '@portabletext/patches@1.1.0':
    dependencies:
      '@sanity/diff-match-patch': 3.1.1
      lodash: 4.17.21

  '@sanity/block-tools@3.56.0':
    dependencies:
      '@sanity/types': 3.56.0
      '@types/react': 18.3.4
      get-random-values-esm: 1.0.2
      lodash: 4.17.21
    transitivePeerDependencies:
      - debug

  '@sanity/client@6.21.3':
    dependencies:
      '@sanity/eventsource': 5.0.2
      get-it: 8.6.5
      rxjs: 7.8.1
    transitivePeerDependencies:
      - debug

  '@sanity/diff-match-patch@3.1.1': {}

  '@sanity/eventsource@5.0.2':
    dependencies:
      '@types/event-source-polyfill': 1.0.5
      '@types/eventsource': 1.1.15
      event-source-polyfill: 1.0.31
      eventsource: 2.0.2

  '@sanity/generate-help-url@3.0.0': {}

  '@sanity/schema@3.56.0':
    dependencies:
      '@sanity/generate-help-url': 3.0.0
      '@sanity/types': 3.56.0
      arrify: 1.0.1
      groq-js: 1.13.0
      humanize-list: 1.0.1
      leven: 3.1.0
      lodash: 4.17.21
      object-inspect: 1.13.2
    transitivePeerDependencies:
      - debug
      - supports-color

  '@sanity/types@3.56.0':
    dependencies:
      '@sanity/client': 6.21.3
      '@types/react': 18.3.4
    transitivePeerDependencies:
      - debug

  '@sanity/util@3.56.0':
    dependencies:
      '@sanity/client': 6.21.3
      '@sanity/types': 3.56.0
      get-random-values-esm: 1.0.2
      moment: 2.30.1
      rxjs: 7.8.1
    transitivePeerDependencies:
      - debug

  '@types/event-source-polyfill@1.0.5': {}

  '@types/eventsource@1.1.15': {}

  '@types/follow-redirects@1.14.4':
    dependencies:
      '@types/node': 22.5.1

  '@types/node@22.5.1':
    dependencies:
      undici-types: 6.19.8

  '@types/progress-stream@2.0.5':
    dependencies:
      '@types/node': 22.5.1

  '@types/prop-types@15.7.12': {}

  '@types/react@18.3.4':
    dependencies:
      '@types/prop-types': 15.7.12
      csstype: 3.1.3

  '@types/stylis@4.2.5': {}

  arrify@1.0.1: {}

  camelize@1.0.1: {}

  compute-scroll-into-view@3.1.0: {}

  core-util-is@1.0.3: {}

  css-color-keywords@1.0.0: {}

  css-to-react-native@3.2.0:
    dependencies:
      camelize: 1.0.1
      css-color-keywords: 1.0.0
      postcss-value-parser: 4.2.0

  csstype@3.1.3: {}

  debug@4.3.6:
    dependencies:
      ms: 2.1.2

  decompress-response@7.0.0:
    dependencies:
      mimic-response: 3.1.0

  direction@1.0.4: {}

  dom-walk@0.1.2: {}

  event-source-polyfill@1.0.31: {}

  eventsource@2.0.2: {}

  follow-redirects@1.15.6: {}

  get-it@8.6.5:
    dependencies:
      '@types/follow-redirects': 1.14.4
      '@types/progress-stream': 2.0.5
      decompress-response: 7.0.0
      follow-redirects: 1.15.6
      is-retry-allowed: 2.2.0
      progress-stream: 2.0.0
      tunnel-agent: 0.6.0
    transitivePeerDependencies:
      - debug

  get-random-values-esm@1.0.2:
    dependencies:
      get-random-values: 1.2.2

  get-random-values@1.2.2:
    dependencies:
      global: 4.4.0

  global@4.4.0:
    dependencies:
      min-document: 2.19.0
      process: 0.11.10

  groq-js@1.13.0:
    dependencies:
      debug: 4.3.6
    transitivePeerDependencies:
      - supports-color

  humanize-list@1.0.1: {}

  immer@10.1.1: {}

  inherits@2.0.4: {}

  is-hotkey-esm@1.0.0: {}

  is-hotkey@0.2.0: {}

  is-plain-object@5.0.0: {}

  is-retry-allowed@2.2.0: {}

  isarray@1.0.0: {}

  leven@3.1.0: {}

  lodash@4.17.21: {}

  mimic-response@3.1.0: {}

  min-document@2.19.0:
    dependencies:
      dom-walk: 0.1.2

  moment@2.30.1: {}

  ms@2.1.2: {}

  nanoid@3.3.7: {}

  object-inspect@1.13.2: {}

  picocolors@1.0.1: {}

  postcss-value-parser@4.2.0: {}

  postcss@8.4.38:
    dependencies:
      nanoid: 3.3.7
      picocolors: 1.0.1
      source-map-js: 1.2.0

  process-nextick-args@2.0.1: {}

  process@0.11.10: {}

  progress-stream@2.0.0:
    dependencies:
      speedometer: 1.0.0
      through2: 2.0.5

  react-dom@19.0.0-rc-fb9a90fa48-20240614(react@19.0.0-rc-fb9a90fa48-20240614):
    dependencies:
      react: 19.0.0-rc-fb9a90fa48-20240614
      scheduler: 0.25.0-rc-fb9a90fa48-20240614

  react@19.0.0-rc-fb9a90fa48-20240614: {}

  readable-stream@2.3.8:
    dependencies:
      core-util-is: 1.0.3
      inherits: 2.0.4
      isarray: 1.0.0
      process-nextick-args: 2.0.1
      safe-buffer: 5.1.2
      string_decoder: 1.1.1
      util-deprecate: 1.0.2

  rxjs@7.8.1:
    dependencies:
      tslib: 2.7.0

  safe-buffer@5.1.2: {}

  safe-buffer@5.2.1: {}

  scheduler@0.25.0-rc-fb9a90fa48-20240614: {}

  scroll-into-view-if-needed@3.1.0:
    dependencies:
      compute-scroll-into-view: 3.1.0

  shallowequal@1.1.0: {}

  slate-react@0.108.0(react-dom@19.0.0-rc-fb9a90fa48-20240614(react@19.0.0-rc-fb9a90fa48-20240614))(react@19.0.0-rc-fb9a90fa48-20240614)(slate@0.103.0):
    dependencies:
      '@juggle/resize-observer': 3.4.0
      direction: 1.0.4
      is-hotkey: 0.2.0
      is-plain-object: 5.0.0
      lodash: 4.17.21
      react: 19.0.0-rc-fb9a90fa48-20240614
      react-dom: 19.0.0-rc-fb9a90fa48-20240614(react@19.0.0-rc-fb9a90fa48-20240614)
      scroll-into-view-if-needed: 3.1.0
      slate: 0.103.0
      tiny-invariant: 1.3.1

  slate@0.103.0:
    dependencies:
      immer: 10.1.1
      is-plain-object: 5.0.0
      tiny-warning: 1.0.3

  source-map-js@1.2.0: {}

  speedometer@1.0.0: {}

  string_decoder@1.1.1:
    dependencies:
      safe-buffer: 5.1.2

  styled-components@6.1.12(react-dom@19.0.0-rc-fb9a90fa48-20240614(react@19.0.0-rc-fb9a90fa48-20240614))(react@19.0.0-rc-fb9a90fa48-20240614):
    dependencies:
      '@emotion/is-prop-valid': 1.2.2
      '@emotion/unitless': 0.8.1
      '@types/stylis': 4.2.5
      css-to-react-native: 3.2.0
      csstype: 3.1.3
      postcss: 8.4.38
      react: 19.0.0-rc-fb9a90fa48-20240614
      react-dom: 19.0.0-rc-fb9a90fa48-20240614(react@19.0.0-rc-fb9a90fa48-20240614)
      shallowequal: 1.1.0
      stylis: 4.3.2
      tslib: 2.6.2

  stylis@4.3.2: {}

  through2@2.0.5:
    dependencies:
      readable-stream: 2.3.8
      xtend: 4.0.2

  tiny-invariant@1.3.1: {}

  tiny-warning@1.0.3: {}

  tslib@2.6.2: {}

  tslib@2.7.0: {}

  tunnel-agent@0.6.0:
    dependencies:
      safe-buffer: 5.2.1

  undici-types@6.19.8: {}

  util-deprecate@1.0.2: {}

  xtend@4.0.2: {}
