lockfileVersion: '9.0'

settings:
  autoInstallPeers: true
  excludeLinksFromLockfile: false

importers:

  .:
    dependencies:
      react:
        specifier: '>=19.0.0-rc'
        version: 19.0.0-rc-f994737d14-20240522
      react-dom:
        specifier: '>=19.0.0-rc'
        version: 19.0.0-rc-f994737d14-20240522(react@19.0.0-rc-f994737d14-20240522)
      react-flip-numbers:
        specifier: 3.0.8
        version: 3.0.8(react-dom@19.0.0-rc-f994737d14-20240522(react@19.0.0-rc-f994737d14-20240522))(react-simple-animate@3.5.2(react-dom@19.0.0-rc-f994737d14-20240522(react@19.0.0-rc-f994737d14-20240522)))(react@19.0.0-rc-f994737d14-20240522)

packages:

  react-dom@19.0.0-rc-f994737d14-20240522:
    resolution: {integrity: sha512-J4CsfTSptPKkhaPbaR6n/KohQiHZTrRZ8GL4H8rbAqN/Qpy69g2MIoLBr5/PUX21ye6JxC1ZRWJFna7Xdg1pdA==}
    peerDependencies:
      react: 19.0.0-rc-f994737d14-20240522

  react-flip-numbers@3.0.8:
    resolution: {integrity: sha512-iEh4WScZFiGYkIWw3ATA352+XVWBsiKLg97CQHGXvpBetJFYazaYWMqv/mR2fGHdoDLA/2uES74e2wdEgy69BQ==}
    peerDependencies:
      react: ^16.8.0 || ^17 || ^18
      react-dom: ^16.8.0 || ^17 || ^18
      react-simple-animate: ^3.0.1

  react-simple-animate@3.5.2:
    resolution: {integrity: sha512-xLE65euP920QMTOmv5haPlml+hmOPDkbIr5WeF7ADIXWBYt5kW/vwpNfWg8EKMab8aeDxIZ6QjffVh8v2dUyhg==}
    peerDependencies:
      react-dom: ^16.8.0 || ^17 || ^18

  react@19.0.0-rc-f994737d14-20240522:
    resolution: {integrity: sha512-SeU2v5Xy6FotVhKz0pMS2gvYP7HlkF0qgTskj3JzA1vlxcb3dQjxlm9t0ZlJqcgoyI3VFAw7bomuDMdgy1nBuw==}
    engines: {node: '>=0.10.0'}

  scheduler@0.25.0-rc-f994737d14-20240522:
    resolution: {integrity: sha512-qS+xGFF7AljP2APO2iJe8zESNsK20k25MACz+WGOXPybUsRdi1ssvaoF93im2nSX2q/XT3wKkjdz6RQfbmaxdw==}

snapshots:

  react-dom@19.0.0-rc-f994737d14-20240522(react@19.0.0-rc-f994737d14-20240522):
    dependencies:
      react: 19.0.0-rc-f994737d14-20240522
      scheduler: 0.25.0-rc-f994737d14-20240522

  react-flip-numbers@3.0.8(react-dom@19.0.0-rc-f994737d14-20240522(react@19.0.0-rc-f994737d14-20240522))(react-simple-animate@3.5.2(react-dom@19.0.0-rc-f994737d14-20240522(react@19.0.0-rc-f994737d14-20240522)))(react@19.0.0-rc-f994737d14-20240522):
    dependencies:
      react: 19.0.0-rc-f994737d14-20240522
      react-dom: 19.0.0-rc-f994737d14-20240522(react@19.0.0-rc-f994737d14-20240522)
      react-simple-animate: 3.5.2(react-dom@19.0.0-rc-f994737d14-20240522(react@19.0.0-rc-f994737d14-20240522))

  react-simple-animate@3.5.2(react-dom@19.0.0-rc-f994737d14-20240522(react@19.0.0-rc-f994737d14-20240522)):
    dependencies:
      react-dom: 19.0.0-rc-f994737d14-20240522(react@19.0.0-rc-f994737d14-20240522)

  react@19.0.0-rc-f994737d14-20240522: {}

  scheduler@0.25.0-rc-f994737d14-20240522: {}
